PODS:
  - Alamofire (4.5.1)
  - Bolts (1.8.4):
    - Bolts/AppLinks (= 1.8.4)
    - Bolts/Tasks (= 1.8.4)
  - Bolts/AppLinks (1.8.4):
    - Bolts/Tasks
  - Bolts/Tasks (1.8.4)
  - Crashlytics (3.9.3):
    - Fabric (~> 1.7.2)
  - Fabric (1.7.2)
  - FacebookCore (0.3.0):
    - Bolts (~> 1.8)
    - FBSDKCoreKit (~> 4.27)
  - FacebookLogin (0.3.0):
    - Bolts (~> 1.8)
    - FacebookCore (~> 0.3)
    - FBSDKCoreKit (~> 4.27)
    - FBSDKLoginKit (~> 4.27)
  - FBSDKCoreKit (4.29.0):
    - Bolts (~> 1.7)
  - FBSDKLoginKit (4.29.0):
    - FBSDKCoreKit
  - Gloss (1.2.4)
  - GoogleSignIn (4.1.1):
    - GoogleToolboxForMac/NSDictionary+URLArguments (~> 2.1)
    - GoogleToolboxForMac/NSString+URLArguments (~> 2.1)
    - GTMOAuth2 (~> 1.0)
    - GTMSessionFetcher/Core (~> 1.1)
  - GoogleToolboxForMac/DebugUtils (2.1.3):
    - GoogleToolboxForMac/Defines (= 2.1.3)
  - GoogleToolboxForMac/Defines (2.1.3)
  - GoogleToolboxForMac/NSDictionary+URLArguments (2.1.3):
    - GoogleToolboxForMac/DebugUtils (= 2.1.3)
    - GoogleToolboxForMac/Defines (= 2.1.3)
    - GoogleToolboxForMac/NSString+URLArguments (= 2.1.3)
  - GoogleToolboxForMac/NSString+URLArguments (2.1.3)
  - GTMOAuth2 (1.1.6):
    - GTMSessionFetcher (~> 1.1)
  - GTMSessionFetcher (1.1.12):
    - GTMSessionFetcher/Full (= 1.1.12)
  - GTMSessionFetcher/Core (1.1.12)
  - GTMSessionFetcher/Full (1.1.12):
    - GTMSessionFetcher/Core (= 1.1.12)
  - HPTextViewTapGestureRecognizer (0.1)
  - lottie-ios (2.1.5)
  - LottiesBottom (0.4.0):
    - lottie-ios (~> 2.1)
  - ODRefreshControl (1.2)
  - Reachability (3.2)
  - rosterdev (0.1.0)
  - SDCAlertView (7.1.2)
  - SMCoreLib (1.2.0):
    - HPTextViewTapGestureRecognizer (~> 0.1)
    - Reachability
    - SwiftyBeaver
  - SwiftyBeaver (1.5.0)
  - SwiftyDropbox (4.3.0):
    - Alamofire (~> 4.5.0)
  - SyncServer (8.0.0):
    - Gloss (~> 1.2)
    - SMCoreLib (~> 1.2)
    - SyncServer-Shared (~> 3.3)
    - SyncServer/Lite (= 8.0.0)
  - SyncServer-Shared (3.3.1):
    - Gloss (~> 1.2)
  - SyncServer/Dropbox (8.0.0):
    - Gloss (~> 1.2)
    - SMCoreLib (~> 1.2)
    - SwiftyDropbox (~> 4.3)
    - SyncServer-Shared (~> 3.3)
  - SyncServer/Facebook (8.0.0):
    - FacebookCore (~> 0.2)
    - FacebookLogin (~> 0.2)
    - Gloss (~> 1.2)
    - SMCoreLib (~> 1.2)
    - SyncServer-Shared (~> 3.3)
  - SyncServer/Lite (8.0.0):
    - Gloss (~> 1.2)
    - SMCoreLib (~> 1.2)
    - SyncServer-Shared (~> 3.3)

DEPENDENCIES:
  - Crashlytics
  - Fabric
  - GoogleSignIn (~> 4.1)
  - LottiesBottom (~> 0.4)
  - ODRefreshControl (from `https://github.com/crspybits/ODRefreshControl.git`)
  - rosterdev (from `https://github.com/RosterHQ/rosterdev.git`)
  - SDCAlertView (~> 7.1)
  - SyncServer (from `../SyncServer-iOSClient`)
  - SyncServer/Dropbox (from `../SyncServer-iOSClient`)
  - SyncServer/Facebook (from `../SyncServer-iOSClient`)

EXTERNAL SOURCES:
  ODRefreshControl:
    :git: https://github.com/crspybits/ODRefreshControl.git
  rosterdev:
    :git: https://github.com/RosterHQ/rosterdev.git
  SyncServer:
    :path: ../SyncServer-iOSClient

CHECKOUT OPTIONS:
  ODRefreshControl:
    :commit: ffaaf9d7d44306d36c9959a26a0132f62851bcfb
    :git: https://github.com/crspybits/ODRefreshControl.git
  rosterdev:
    :commit: b888e5c910b79215cbcab52f76065b703d31e37f
    :git: https://github.com/RosterHQ/rosterdev.git

SPEC CHECKSUMS:
  Alamofire: 2d95912bf4c34f164fdfc335872e8c312acaea4a
  Bolts: 8a7995239dbe724f9cba2248b766d48b7ebdd322
  Crashlytics: dbb07d01876c171c5ccbdf7826410380189e452c
  Fabric: 9cd6a848efcf1b8b07497e0b6a2e7d336353ba15
  FacebookCore: 3ffa190a3f1f96cec0e44d3fc221bc322c595ffa
  FacebookLogin: 0af839ea858faef99550d16596b87b4a8e8906e6
  FBSDKCoreKit: 6f139173dc63a1deaff4430a55f2fe5bb222d2af
  FBSDKLoginKit: 56a057ca6822535ea0faa25f57a7c41edb697fd4
  Gloss: 4e036074610fdb993abcb958ebcd7332588e2333
  GoogleSignIn: 3fdaa34a2ba04dbd7a25d7db39aecb0da98d5bdc
  GoogleToolboxForMac: 2501e2ad72a52eb3dfe7bd9aee7dad11b858bd20
  GTMOAuth2: c77fe325e4acd453837e72d91e3b5f13116857b2
  GTMSessionFetcher: ebaa1f79a5366922c1735f1566901f50beba23b7
  HPTextViewTapGestureRecognizer: 6a73fd09f858e49a2743c3a338dc5c0791b0fae0
  lottie-ios: 836cdbba92f62f3c6a00e37a4ce485321fe317cf
  LottiesBottom: 576ecb1cd2dfd6fc0eba2d56595d77c045e10533
  ODRefreshControl: 907e6149d72dde488d5917ccfabee5bd8d711a20
  Reachability: 33e18b67625424e47b6cde6d202dce689ad7af96
  rosterdev: f615d97636d1e1449fa31e4ea3637cfccc1c98ff
  SDCAlertView: c39fa91a3aeb5eeba58fe9cea648263b131ff2bf
  SMCoreLib: a2b5a175712594a01fab7010118dae2a06489bd0
  SwiftyBeaver: 384235c59d9c67b4a5e1810cffa713babba34efd
  SwiftyDropbox: f70ff647c8ef4195e1314c8a894652f3ba3da526
  SyncServer: ac70d48b44e613a0f2c1393fac9e52de9ee61466
  SyncServer-Shared: faa4aaba10a2fcde966e4e61321807289593ca71

PODFILE CHECKSUM: 8d4e8d77053c398ffa040419fab6968694710095

COCOAPODS: 1.3.1
