PODS:
  - AFNetworking (3.1.0):
    - AFNetworking/NSURLSession (= 3.1.0)
    - AFNetworking/Reachability (= 3.1.0)
    - AFNetworking/Security (= 3.1.0)
    - AFNetworking/Serialization (= 3.1.0)
    - AFNetworking/UIKit (= 3.1.0)
  - AFNetworking/NSURLSession (3.1.0):
    - AFNetworking/Reachability
    - AFNetworking/Security
    - AFNetworking/Serialization
  - AFNetworking/Reachability (3.1.0)
  - AFNetworking/Security (3.1.0)
  - AFNetworking/Serialization (3.1.0)
  - AFNetworking/UIKit (3.1.0):
    - AFNetworking/NSURLSession
  - Bolts (1.8.4):
    - Bolts/AppLinks (= 1.8.4)
    - Bolts/Tasks (= 1.8.4)
  - Bolts/AppLinks (1.8.4):
    - Bolts/Tasks
  - Bolts/Tasks (1.8.4)
  - Crashlytics (3.8.6):
    - Fabric (~> 1.6.3)
  - Fabric (1.6.13)
  - FacebookCore (0.2.0):
    - Bolts (~> 1.8)
    - FBSDKCoreKit (~> 4.15)
  - FacebookLogin (0.2.0):
    - Bolts (~> 1.8)
    - FacebookCore (~> 0.2)
    - FBSDKCoreKit (~> 4.15)
    - FBSDKLoginKit (~> 4.15)
  - FBSDKCoreKit (4.26.0):
    - Bolts (~> 1.7)
  - FBSDKLoginKit (4.26.0):
    - FBSDKCoreKit
  - Gloss (1.2.4)
  - GoogleSignIn (4.0.2):
    - GoogleToolboxForMac/NSDictionary+URLArguments (~> 2.1)
    - GoogleToolboxForMac/NSString+URLArguments (~> 2.1)
    - GTMOAuth2 (~> 1.0)
    - GTMSessionFetcher/Core (~> 1.1)
  - GoogleToolboxForMac/DebugUtils (2.1.1):
    - GoogleToolboxForMac/Defines (= 2.1.1)
  - GoogleToolboxForMac/Defines (2.1.1)
  - GoogleToolboxForMac/NSDictionary+URLArguments (2.1.1):
    - GoogleToolboxForMac/DebugUtils (= 2.1.1)
    - GoogleToolboxForMac/Defines (= 2.1.1)
    - GoogleToolboxForMac/NSString+URLArguments (= 2.1.1)
  - GoogleToolboxForMac/NSString+URLArguments (2.1.1)
  - GTMOAuth2 (1.1.4):
    - GTMSessionFetcher (~> 1.1)
  - GTMSessionFetcher (1.1.11):
    - GTMSessionFetcher/Full (= 1.1.11)
  - GTMSessionFetcher/Core (1.1.11)
  - GTMSessionFetcher/Full (1.1.11):
    - GTMSessionFetcher/Core (= 1.1.11)
  - HPTextViewTapGestureRecognizer (0.1)
  - ODRefreshControl (1.2)
  - Reachability (3.2)
  - SMCoreLib (0.2.0):
    - AFNetworking
    - HPTextViewTapGestureRecognizer (~> 0.1)
    - Reachability
    - SwiftyBeaver
  - SwiftyBeaver (1.4.0)
  - SyncServer (3.2.0):
    - Gloss
    - SMCoreLib (< 1.0)
    - SyncServer-Shared (~> 2.1)
    - SyncServer/Lite (= 3.2.0)
  - SyncServer-Shared (2.1.0):
    - Gloss
  - SyncServer/Facebook (3.2.0):
    - FacebookCore (= 0.2.0)
    - FacebookLogin (= 0.2.0)
    - Gloss
    - SMCoreLib (< 1.0)
    - SyncServer-Shared (~> 2.1)
  - SyncServer/Lite (3.2.0):
    - Gloss
    - SMCoreLib (< 1.0)
    - SyncServer-Shared (~> 2.1)

DEPENDENCIES:
  - Crashlytics
  - Fabric
  - GoogleSignIn (= 4.0.2)
  - ODRefreshControl (from `https://github.com/crspybits/ODRefreshControl.git`)
  - SyncServer (= 3.2.0)
  - SyncServer/Facebook (= 3.2.0)

EXTERNAL SOURCES:
  ODRefreshControl:
    :git: https://github.com/crspybits/ODRefreshControl.git

CHECKOUT OPTIONS:
  ODRefreshControl:
    :commit: ffaaf9d7d44306d36c9959a26a0132f62851bcfb
    :git: https://github.com/crspybits/ODRefreshControl.git

SPEC CHECKSUMS:
  AFNetworking: 5e0e199f73d8626b11e79750991f5d173d1f8b67
  Bolts: 8a7995239dbe724f9cba2248b766d48b7ebdd322
  Crashlytics: 95d05f4e4c19a771250c4bd9ce344d996de32bbf
  Fabric: 2fb5676bc811af011a04513451f463dac6803206
  FacebookCore: 2cb3f0fbff218e9d3119cec84bae983b232412de
  FacebookLogin: c9d606504735780a9e3002465a615512e0a691a5
  FBSDKCoreKit: c8b8582311ec11b145451d8b9717dc6cc2ae5a76
  FBSDKLoginKit: f3f03b94c21eb834af243c0a881d48641f47ca60
  Gloss: 4e036074610fdb993abcb958ebcd7332588e2333
  GoogleSignIn: d7ad83f13480e1f30453471d00d19b5293ac46af
  GoogleToolboxForMac: 8e329f1b599f2512c6b10676d45736bcc2cbbeb0
  GTMOAuth2: 7fc9c10f5c745f4d9850419ea88889fe3baa6b7d
  GTMSessionFetcher: 5ad62e8200fa00ed011fe5e08d27fef72c5b1429
  HPTextViewTapGestureRecognizer: 6a73fd09f858e49a2743c3a338dc5c0791b0fae0
  ODRefreshControl: 907e6149d72dde488d5917ccfabee5bd8d711a20
  Reachability: 33e18b67625424e47b6cde6d202dce689ad7af96
  SMCoreLib: 88f62f76f8fa1576f44c927f63f96de8a07dc79f
  SwiftyBeaver: 78d9186ce7595b4400ce01e5fd750d263e72dd7b
  SyncServer: b78b69e1d0c6cdbea93d38b2b9705330faa278a4
  SyncServer-Shared: 62daa091acb31080c8e1a744f926991f9ddf045e

PODFILE CHECKSUM: 2d7329b0b49461e23cbe387092ff4eee19158043

COCOAPODS: 1.3.1
