// !$*UTF8*$!
{
	archiveVersion = 1;
	classes = {
	};
	objectVersion = 46;
	objects = {

/* Begin PBXBuildFile section */
		2732DEE9F55439017415A76A /* Pods_SharedImages.framework in Frameworks */ = {isa = PBXBuildFile; fileRef = B908205C67FEB8F896E15398 /* Pods_SharedImages.framework */; };
		830386DE226949AF00DB598D /* ImageMediaObject+CoreDataProperties.swift in Sources */ = {isa = PBXBuildFile; fileRef = 830386D6226949AF00DB598D /* ImageMediaObject+CoreDataProperties.swift */; };
		830386E0226949AF00DB598D /* DiscussionFileObject+CoreDataProperties.swift in Sources */ = {isa = PBXBuildFile; fileRef = 830386D8226949AF00DB598D /* DiscussionFileObject+CoreDataProperties.swift */; };
		830386E1226949AF00DB598D /* FileObject.swift in Sources */ = {isa = PBXBuildFile; fileRef = 830386D9226949AF00DB598D /* FileObject.swift */; };
		830386E2226949AF00DB598D /* FileObject+CoreDataProperties.swift in Sources */ = {isa = PBXBuildFile; fileRef = 830386DA226949AF00DB598D /* FileObject+CoreDataProperties.swift */; };
		830386E3226949AF00DB598D /* FileMediaObject.swift in Sources */ = {isa = PBXBuildFile; fileRef = 830386DB226949AF00DB598D /* FileMediaObject.swift */; };
		830386E4226949AF00DB598D /* FileMediaObject+CoreDataProperties.swift in Sources */ = {isa = PBXBuildFile; fileRef = 830386DC226949AF00DB598D /* FileMediaObject+CoreDataProperties.swift */; };
		830386E722694E3A00DB598D /* URLMediaObject.swift in Sources */ = {isa = PBXBuildFile; fileRef = 830386E522694E3A00DB598D /* URLMediaObject.swift */; };
		830386E822694E3A00DB598D /* URLMediaObject+CoreDataProperties.swift in Sources */ = {isa = PBXBuildFile; fileRef = 830386E622694E3A00DB598D /* URLMediaObject+CoreDataProperties.swift */; };
		830B1DF11EFCAB8B0022FCC7 /* LRUCache.swift in Sources */ = {isa = PBXBuildFile; fileRef = 830B1DF01EFCAB8B0022FCC7 /* LRUCache.swift */; };
		8314992A22615A5500AD6244 /* AppMetaData.swift in Sources */ = {isa = PBXBuildFile; fileRef = 8314992622615A5500AD6244 /* AppMetaData.swift */; };
		8314992B22615A5500AD6244 /* FixedObjects.swift in Sources */ = {isa = PBXBuildFile; fileRef = 8314992722615A5500AD6244 /* FixedObjects.swift */; };
		8314992C22615A5500AD6244 /* FileGroupTests.swift in Sources */ = {isa = PBXBuildFile; fileRef = 8314992822615A5500AD6244 /* FileGroupTests.swift */; };
		8314992D22615A5500AD6244 /* SharedImagesTests.swift in Sources */ = {isa = PBXBuildFile; fileRef = 8314992922615A5500AD6244 /* SharedImagesTests.swift */; };
		831521712206CC9000CA773D /* Notifications.swift in Sources */ = {isa = PBXBuildFile; fileRef = 831521702206CC9000CA773D /* Notifications.swift */; };
		831A759E20279C76004F330A /* DiscussionMessage.swift in Sources */ = {isa = PBXBuildFile; fileRef = 831A759D20279C76004F330A /* DiscussionMessage.swift */; };
		831EEC4D2002D76B001821B9 /* DebugDashboardData.swift in Sources */ = {isa = PBXBuildFile; fileRef = 831EEC4B2002D76B001821B9 /* DebugDashboardData.swift */; };
		831EEC4E2002D76B001821B9 /* TestCases.swift in Sources */ = {isa = PBXBuildFile; fileRef = 831EEC4C2002D76B001821B9 /* TestCases.swift */; };
		8324EE2B1E74ABCE000656AF /* SetupSignIn.swift in Sources */ = {isa = PBXBuildFile; fileRef = 8324EE2A1E74ABCE000656AF /* SetupSignIn.swift */; };
		8324EE301E75EC62000656AF /* SignInVC.swift in Sources */ = {isa = PBXBuildFile; fileRef = 8324EE2F1E75EC62000656AF /* SignInVC.swift */; };
		8324EE331E764907000656AF /* SyncController.swift in Sources */ = {isa = PBXBuildFile; fileRef = 8324EE321E764907000656AF /* SyncController.swift */; };
		8324EE4E1E778623000656AF /* CALayer+MBAnimationPersistence.m in Sources */ = {isa = PBXBuildFile; fileRef = 8324EE471E778623000656AF /* CALayer+MBAnimationPersistence.m */; };
		8334896F22701564002DC2E9 /* PreviewManager+Extras.swift in Sources */ = {isa = PBXBuildFile; fileRef = 8334896E22701564002DC2E9 /* PreviewManager+Extras.swift */; };
		833489712272967A002DC2E9 /* APIKeys.plist in Resources */ = {isa = PBXBuildFile; fileRef = 833489702272967A002DC2E9 /* APIKeys.plist */; };
		83348973227297FA002DC2E9 /* URLIcon.swift in Sources */ = {isa = PBXBuildFile; fileRef = 83348972227297FA002DC2E9 /* URLIcon.swift */; };
		833489752272980D002DC2E9 /* URLIcon.xib in Resources */ = {isa = PBXBuildFile; fileRef = 833489742272980D002DC2E9 /* URLIcon.xib */; };
		8343F03A2166E973005F2EDC /* ODRefreshControl+Extras.swift in Sources */ = {isa = PBXBuildFile; fileRef = 8343F0392166E973005F2EDC /* ODRefreshControl+Extras.swift */; };
		834A0CEB22696B9B00B42573 /* SharedImages7-8.xcmappingmodel in Sources */ = {isa = PBXBuildFile; fileRef = 834A0CEA22696B9B00B42573 /* SharedImages7-8.xcmappingmodel */; };
		834A0CEF2269869100B42573 /* MediaSelectorVC.swift in Sources */ = {isa = PBXBuildFile; fileRef = 834A0CED2269869100B42573 /* MediaSelectorVC.swift */; };
		834A0CF02269869100B42573 /* MediaSelectorVC.xib in Resources */ = {isa = PBXBuildFile; fileRef = 834A0CEE2269869100B42573 /* MediaSelectorVC.xib */; };
		834A0CF3226A9DB700B42573 /* URLPickerVC.swift in Sources */ = {isa = PBXBuildFile; fileRef = 834A0CF1226A9DB700B42573 /* URLPickerVC.swift */; };
		834A0CF4226A9DB700B42573 /* URLPickerVC.xib in Resources */ = {isa = PBXBuildFile; fileRef = 834A0CF2226A9DB700B42573 /* URLPickerVC.xib */; };
		834A7E792037858800969B18 /* Alert.swift in Sources */ = {isa = PBXBuildFile; fileRef = 834A7E6F2037858800969B18 /* Alert.swift */; };
		834A7E7A2037858800969B18 /* XibBasics.swift in Sources */ = {isa = PBXBuildFile; fileRef = 834A7E702037858800969B18 /* XibBasics.swift */; };
		834A7E7B2037858800969B18 /* SyncSpinner.swift in Sources */ = {isa = PBXBuildFile; fileRef = 834A7E712037858800969B18 /* SyncSpinner.swift */; };
		834A7E7C2037858800969B18 /* AppBadge.swift in Sources */ = {isa = PBXBuildFile; fileRef = 834A7E722037858800969B18 /* AppBadge.swift */; };
		834A7E7D2037858800969B18 /* Progress.swift in Sources */ = {isa = PBXBuildFile; fileRef = 834A7E742037858800969B18 /* Progress.swift */; };
		834A7E7E2037858800969B18 /* ProgressView.swift in Sources */ = {isa = PBXBuildFile; fileRef = 834A7E752037858800969B18 /* ProgressView.swift */; };
		834A7E7F2037858800969B18 /* ProgressView.xib in Resources */ = {isa = PBXBuildFile; fileRef = 834A7E762037858800969B18 /* ProgressView.xib */; };
		834A7E802037858800969B18 /* Types.swift in Sources */ = {isa = PBXBuildFile; fileRef = 834A7E772037858800969B18 /* Types.swift */; };
		834E3E9320B3FF90006AC504 /* BottomRefresh.swift in Sources */ = {isa = PBXBuildFile; fileRef = 834E3E9220B3FF90006AC504 /* BottomRefresh.swift */; };
		835A8A9D223F40300000FEA0 /* Environment.swift in Sources */ = {isa = PBXBuildFile; fileRef = 835A8A9A223F40300000FEA0 /* Environment.swift */; };
		835A8A9E223F40300000FEA0 /* Migrations.swift in Sources */ = {isa = PBXBuildFile; fileRef = 835A8A9B223F40300000FEA0 /* Migrations.swift */; };
		835A8A9F223F40300000FEA0 /* AppDelegate.swift in Sources */ = {isa = PBXBuildFile; fileRef = 835A8A9C223F40300000FEA0 /* AppDelegate.swift */; };
		835A8AA1223F40460000FEA0 /* Logger.swift in Sources */ = {isa = PBXBuildFile; fileRef = 835A8AA0223F40460000FEA0 /* Logger.swift */; };
		835A8AA8224478BC0000FEA0 /* AlbumsVC.swift in Sources */ = {isa = PBXBuildFile; fileRef = 835A8AA5224478BC0000FEA0 /* AlbumsVC.swift */; };
		835A8AA9224478BC0000FEA0 /* AlbumCell.swift in Sources */ = {isa = PBXBuildFile; fileRef = 835A8AA6224478BC0000FEA0 /* AlbumCell.swift */; };
		835A8AAA224478BC0000FEA0 /* AlbumCell.xib in Resources */ = {isa = PBXBuildFile; fileRef = 835A8AA7224478BC0000FEA0 /* AlbumCell.xib */; };
		835A8AAF22448BB90000FEA0 /* SettingsVC.swift in Sources */ = {isa = PBXBuildFile; fileRef = 835A8AAE22448BB90000FEA0 /* SettingsVC.swift */; };
		835A8AB1224566590000FEA0 /* RemoveUserFromAlbumVC.swift in Sources */ = {isa = PBXBuildFile; fileRef = 835A8AB0224566590000FEA0 /* RemoveUserFromAlbumVC.swift */; };
		835A8AB42245BCBD0000FEA0 /* ImagesVC.swift in Sources */ = {isa = PBXBuildFile; fileRef = 835A8AB32245BCBD0000FEA0 /* ImagesVC.swift */; };
		835A8AB62245BD4D0000FEA0 /* ImagesTitle.xib in Resources */ = {isa = PBXBuildFile; fileRef = 835A8AB52245BD4D0000FEA0 /* ImagesTitle.xib */; };
		835A8AB82245BD6F0000FEA0 /* ImagesTitle.swift in Sources */ = {isa = PBXBuildFile; fileRef = 835A8AB72245BD6F0000FEA0 /* ImagesTitle.swift */; };
		836E0C142260185B00BA4BC6 /* Settings.bundle in Resources */ = {isa = PBXBuildFile; fileRef = 836E0C132260185B00BA4BC6 /* Settings.bundle */; };
		837F3FC61F6B763400EB7609 /* ProgressIndicator.swift in Sources */ = {isa = PBXBuildFile; fileRef = 837F3FC51F6B763400EB7609 /* ProgressIndicator.swift */; };
		8380D2682161A6DC008D6231 /* Badge+Extras.swift in Sources */ = {isa = PBXBuildFile; fileRef = 8380D2672161A6DC008D6231 /* Badge+Extras.swift */; };
		838C2DC020217F3000AB1F26 /* DiscussionVC.swift in Sources */ = {isa = PBXBuildFile; fileRef = 838C2DBF20217F3000AB1F26 /* DiscussionVC.swift */; };
		8391A62222618F7D009ED960 /* TestProgressIndicator.swift in Sources */ = {isa = PBXBuildFile; fileRef = 8391A62122618F7D009ED960 /* TestProgressIndicator.swift */; };
		83A2E6AB1F76F84500A2E303 /* C.json in Resources */ = {isa = PBXBuildFile; fileRef = 83A2E6A71F76F83300A2E303 /* C.json */; };
		83A2E6AC1F76F84500A2E303 /* D.json in Resources */ = {isa = PBXBuildFile; fileRef = 83A2E6A81F76F83300A2E303 /* D.json */; };
		83A2E6AD1F76F84500A2E303 /* N.json in Resources */ = {isa = PBXBuildFile; fileRef = 83A2E6A91F76F83300A2E303 /* N.json */; };
		83A2E6AE1F76F84500A2E303 /* R.json in Resources */ = {isa = PBXBuildFile; fileRef = 83A2E6AA1F76F83300A2E303 /* R.json */; };
		83C34071201D58C500DAD865 /* FixedObjects.swift in Sources */ = {isa = PBXBuildFile; fileRef = 83C34070201D58C500DAD865 /* FixedObjects.swift */; };
		83C34081201E42C400DAD865 /* DiscussionFileObject.swift in Sources */ = {isa = PBXBuildFile; fileRef = 83C3407E201E42C400DAD865 /* DiscussionFileObject.swift */; };
		83CE2F092254592900E6EFD7 /* ShareAlbumVC.swift in Sources */ = {isa = PBXBuildFile; fileRef = 83CE2F082254592900E6EFD7 /* ShareAlbumVC.swift */; };
		83CE2F1022550D9400E6EFD7 /* ShareAlbumNumberInviteesCell.swift in Sources */ = {isa = PBXBuildFile; fileRef = 83CE2F0E22550D9400E6EFD7 /* ShareAlbumNumberInviteesCell.swift */; };
		83CE2F1122550D9400E6EFD7 /* ShareAlbumNumberInviteesCell.xib in Resources */ = {isa = PBXBuildFile; fileRef = 83CE2F0F22550D9400E6EFD7 /* ShareAlbumNumberInviteesCell.xib */; };
		83CE2F1422556B6400E6EFD7 /* ShareAlbumPermissionCell.swift in Sources */ = {isa = PBXBuildFile; fileRef = 83CE2F1222556B6400E6EFD7 /* ShareAlbumPermissionCell.swift */; };
		83CE2F1522556B6400E6EFD7 /* ShareAlbumPermissionCell.xib in Resources */ = {isa = PBXBuildFile; fileRef = 83CE2F1322556B6400E6EFD7 /* ShareAlbumPermissionCell.xib */; };
		83CE2F1822556DAA00E6EFD7 /* ShareAlbumHelpCell.swift in Sources */ = {isa = PBXBuildFile; fileRef = 83CE2F1622556DAA00E6EFD7 /* ShareAlbumHelpCell.swift */; };
		83CE2F1922556DAA00E6EFD7 /* ShareAlbumHelpCell.xib in Resources */ = {isa = PBXBuildFile; fileRef = 83CE2F1722556DAA00E6EFD7 /* ShareAlbumHelpCell.xib */; };
		83CE2F1B2255740600E6EFD7 /* SharingInvitationHelp.html in Resources */ = {isa = PBXBuildFile; fileRef = 83CE2F1A2255740500E6EFD7 /* SharingInvitationHelp.html */; };
		83CE2F1E225686BE00E6EFD7 /* ShareAlbumAllowSocialCell.swift in Sources */ = {isa = PBXBuildFile; fileRef = 83CE2F1C225686BE00E6EFD7 /* ShareAlbumAllowSocialCell.swift */; };
		83CE2F1F225686BE00E6EFD7 /* ShareAlbumAllowSocialCell.xib in Resources */ = {isa = PBXBuildFile; fileRef = 83CE2F1D225686BE00E6EFD7 /* ShareAlbumAllowSocialCell.xib */; };
		83D0BE1D20B37D6F00555B73 /* SortyFilter.swift in Sources */ = {isa = PBXBuildFile; fileRef = 83D0BE1A20B37D6F00555B73 /* SortyFilter.swift */; };
		83D0BE1F20B37D6F00555B73 /* SortyFilter.xib in Resources */ = {isa = PBXBuildFile; fileRef = 83D0BE1C20B37D6F00555B73 /* SortyFilter.xib */; };
		83D0BE2120B3817800555B73 /* Parameters.swift in Sources */ = {isa = PBXBuildFile; fileRef = 83D0BE2020B3817800555B73 /* Parameters.swift */; };
		83D0BE2520B39C7000555B73 /* SortControl.swift in Sources */ = {isa = PBXBuildFile; fileRef = 83D0BE2220B39C6F00555B73 /* SortControl.swift */; };
		83D0BE2620B39C7000555B73 /* SegmentedControl.swift in Sources */ = {isa = PBXBuildFile; fileRef = 83D0BE2320B39C6F00555B73 /* SegmentedControl.swift */; };
		83D0BE2720B39C7000555B73 /* SortControl.xib in Resources */ = {isa = PBXBuildFile; fileRef = 83D0BE2420B39C6F00555B73 /* SortControl.xib */; };
		83D1FE341EAB074A00DD468F /* LargeImages.swift in Sources */ = {isa = PBXBuildFile; fileRef = 83D1FE331EAB074A00DD468F /* LargeImages.swift */; };
		83DA1E802256A24D0064E817 /* ShareAlbum.swift in Sources */ = {isa = PBXBuildFile; fileRef = 83DA1E7F2256A24C0064E817 /* ShareAlbum.swift */; };
		83DA1E82225974630064E817 /* AddressNavigation.swift in Sources */ = {isa = PBXBuildFile; fileRef = 83DA1E81225974630064E817 /* AddressNavigation.swift */; };
		83DA1E85225A10FE0064E817 /* AlbumSharingVC.swift in Sources */ = {isa = PBXBuildFile; fileRef = 83DA1E84225A10FE0064E817 /* AlbumSharingVC.swift */; };
		83DC0C311EE7A0CD00727EF2 /* ImageExtras.swift in Sources */ = {isa = PBXBuildFile; fileRef = 83DC0C301EE7A0CD00727EF2 /* ImageExtras.swift */; };
		83E13B2520318366005A0A18 /* GameKit.framework in Frameworks */ = {isa = PBXBuildFile; fileRef = 83E13B2420318366005A0A18 /* GameKit.framework */; };
		83E13B272031836A005A0A18 /* StoreKit.framework in Frameworks */ = {isa = PBXBuildFile; fileRef = 83E13B262031836A005A0A18 /* StoreKit.framework */; };
		83E518872160710D005C2374 /* ImagesHandler.swift in Sources */ = {isa = PBXBuildFile; fileRef = 83E518862160710D005C2374 /* ImagesHandler.swift */; };
		83EACE772087083000C40AA3 /* DiscussionKeys.swift in Sources */ = {isa = PBXBuildFile; fileRef = 83EACE762087083000C40AA3 /* DiscussionKeys.swift */; };
		83EFC096216EDE7300D7A3C4 /* SharingInviteDelegate.swift in Sources */ = {isa = PBXBuildFile; fileRef = 83EFC095216EDE7300D7A3C4 /* SharingInviteDelegate.swift */; };
		83EFC098216EDFB800D7A3C4 /* UIViewController+Extras.swift in Sources */ = {isa = PBXBuildFile; fileRef = 83EFC097216EDFB800D7A3C4 /* UIViewController+Extras.swift */; };
		83F5CB502246CCA2006DBB2F /* RemoveImages.swift in Sources */ = {isa = PBXBuildFile; fileRef = 83F5CB4F2246CCA2006DBB2F /* RemoveImages.swift */; };
		83F5CB522246D39E006DBB2F /* AcquireImages.swift in Sources */ = {isa = PBXBuildFile; fileRef = 83F5CB512246D39E006DBB2F /* AcquireImages.swift */; };
		83F5CB552246D938006DBB2F /* SideMenu.swift in Sources */ = {isa = PBXBuildFile; fileRef = 83F5CB542246D938006DBB2F /* SideMenu.swift */; };
		83F5CB572246EDA9006DBB2F /* LeftMenuVC.swift in Sources */ = {isa = PBXBuildFile; fileRef = 83F5CB562246EDA9006DBB2F /* LeftMenuVC.swift */; };
		83F5CB592247FCA6006DBB2F /* SideMenuItem.swift in Sources */ = {isa = PBXBuildFile; fileRef = 83F5CB582247FCA6006DBB2F /* SideMenuItem.swift */; };
		83F5CB5B2247FCB8006DBB2F /* SideMenuItem.xib in Resources */ = {isa = PBXBuildFile; fileRef = 83F5CB5A2247FCB8006DBB2F /* SideMenuItem.xib */; };
		83F5CB5F2247FF64006DBB2F /* Menu.swift in Sources */ = {isa = PBXBuildFile; fileRef = 83F5CB5E2247FF64006DBB2F /* Menu.swift */; };
		83F5CB612247FF71006DBB2F /* Menu.xib in Resources */ = {isa = PBXBuildFile; fileRef = 83F5CB602247FF71006DBB2F /* Menu.xib */; };
		83F882451E711FC6008F644A /* Assets.xcassets in Resources */ = {isa = PBXBuildFile; fileRef = 83F8823D1E711FC6008F644A /* Assets.xcassets */; };
		83F882461E711FC6008F644A /* LaunchScreen.storyboard in Resources */ = {isa = PBXBuildFile; fileRef = 83F8823E1E711FC6008F644A /* LaunchScreen.storyboard */; };
		83F882471E711FC6008F644A /* Main.storyboard in Resources */ = {isa = PBXBuildFile; fileRef = 83F882401E711FC6008F644A /* Main.storyboard */; };
		83F882491E711FC6008F644A /* SharedImages.xcdatamodeld in Sources */ = {isa = PBXBuildFile; fileRef = 83F882431E711FC6008F644A /* SharedImages.xcdatamodeld */; };
		83F882501E73A6F6008F644A /* ImageCollectionVC.swift in Sources */ = {isa = PBXBuildFile; fileRef = 83F8824F1E73A6F6008F644A /* ImageCollectionVC.swift */; };
		83F882531E73B172008F644A /* CoreDataExtras.swift in Sources */ = {isa = PBXBuildFile; fileRef = 83F882521E73B172008F644A /* CoreDataExtras.swift */; };
		83F882561E73B2DC008F644A /* ImageMediaObject.swift in Sources */ = {isa = PBXBuildFile; fileRef = 83F882541E73B2DC008F644A /* ImageMediaObject.swift */; };
		83F882611E749C18008F644A /* Consts.swift in Sources */ = {isa = PBXBuildFile; fileRef = 83F882601E749C18008F644A /* Consts.swift */; };
		83F882651E74A3C5008F644A /* GoogleService-Info.plist in Resources */ = {isa = PBXBuildFile; fileRef = 83F882641E74A3C5008F644A /* GoogleService-Info.plist */; };
		83F882671E74A600008F644A /* Server.plist in Resources */ = {isa = PBXBuildFile; fileRef = 83F882661E74A600008F644A /* Server.plist */; };
		AA5F5883AFFEFD22ED447A41 /* Pods_NeeblaTests.framework in Frameworks */ = {isa = PBXBuildFile; fileRef = D41485B287C3303E5E4A0862 /* Pods_NeeblaTests.framework */; };
/* End PBXBuildFile section */

/* Begin PBXContainerItemProxy section */
		83149921226159C200AD6244 /* PBXContainerItemProxy */ = {
			isa = PBXContainerItemProxy;
			containerPortal = 83F882171E711600008F644A /* Project object */;
			proxyType = 1;
			remoteGlobalIDString = 83F8821E1E711600008F644A;
			remoteInfo = SharedImages;
		};
/* End PBXContainerItemProxy section */

/* Begin PBXFileReference section */
		3038F6F57C4180ADED26DD5B /* Pods_SharedImagesTests.framework */ = {isa = PBXFileReference; explicitFileType = wrapper.framework; includeInIndex = 0; path = Pods_SharedImagesTests.framework; sourceTree = BUILT_PRODUCTS_DIR; };
		830386C42269409900DB598D /* SharedImages8.xcdatamodel */ = {isa = PBXFileReference; lastKnownFileType = wrapper.xcdatamodel; path = SharedImages8.xcdatamodel; sourceTree = "<group>"; };
		830386D6226949AF00DB598D /* ImageMediaObject+CoreDataProperties.swift */ = {isa = PBXFileReference; lastKnownFileType = sourcecode.swift; name = "ImageMediaObject+CoreDataProperties.swift"; path = "Core Data/ImageMediaObject+CoreDataProperties.swift"; sourceTree = "<group>"; };
		830386D8226949AF00DB598D /* DiscussionFileObject+CoreDataProperties.swift */ = {isa = PBXFileReference; lastKnownFileType = sourcecode.swift; name = "DiscussionFileObject+CoreDataProperties.swift"; path = "Core Data/DiscussionFileObject+CoreDataProperties.swift"; sourceTree = "<group>"; };
		830386D9226949AF00DB598D /* FileObject.swift */ = {isa = PBXFileReference; lastKnownFileType = sourcecode.swift; name = FileObject.swift; path = "Core Data/FileObject.swift"; sourceTree = "<group>"; };
		830386DA226949AF00DB598D /* FileObject+CoreDataProperties.swift */ = {isa = PBXFileReference; lastKnownFileType = sourcecode.swift; name = "FileObject+CoreDataProperties.swift"; path = "Core Data/FileObject+CoreDataProperties.swift"; sourceTree = "<group>"; };
		830386DB226949AF00DB598D /* FileMediaObject.swift */ = {isa = PBXFileReference; lastKnownFileType = sourcecode.swift; name = FileMediaObject.swift; path = "Core Data/FileMediaObject.swift"; sourceTree = "<group>"; };
		830386DC226949AF00DB598D /* FileMediaObject+CoreDataProperties.swift */ = {isa = PBXFileReference; lastKnownFileType = sourcecode.swift; name = "FileMediaObject+CoreDataProperties.swift"; path = "Core Data/FileMediaObject+CoreDataProperties.swift"; sourceTree = "<group>"; };
		830386E522694E3A00DB598D /* URLMediaObject.swift */ = {isa = PBXFileReference; lastKnownFileType = sourcecode.swift; name = URLMediaObject.swift; path = "Core Data/URLMediaObject.swift"; sourceTree = "<group>"; };
		830386E622694E3A00DB598D /* URLMediaObject+CoreDataProperties.swift */ = {isa = PBXFileReference; lastKnownFileType = sourcecode.swift; name = "URLMediaObject+CoreDataProperties.swift"; path = "Core Data/URLMediaObject+CoreDataProperties.swift"; sourceTree = "<group>"; };
		830B1DF01EFCAB8B0022FCC7 /* LRUCache.swift */ = {isa = PBXFileReference; fileEncoding = 4; lastKnownFileType = sourcecode.swift; path = LRUCache.swift; sourceTree = "<group>"; };
		8314991C226159C200AD6244 /* NeeblaTests.xctest */ = {isa = PBXFileReference; explicitFileType = wrapper.cfbundle; includeInIndex = 0; path = NeeblaTests.xctest; sourceTree = BUILT_PRODUCTS_DIR; };
		83149920226159C200AD6244 /* Info.plist */ = {isa = PBXFileReference; lastKnownFileType = text.plist.xml; path = Info.plist; sourceTree = "<group>"; };
		8314992622615A5500AD6244 /* AppMetaData.swift */ = {isa = PBXFileReference; fileEncoding = 4; lastKnownFileType = sourcecode.swift; path = AppMetaData.swift; sourceTree = "<group>"; };
		8314992722615A5500AD6244 /* FixedObjects.swift */ = {isa = PBXFileReference; fileEncoding = 4; lastKnownFileType = sourcecode.swift; path = FixedObjects.swift; sourceTree = "<group>"; };
		8314992822615A5500AD6244 /* FileGroupTests.swift */ = {isa = PBXFileReference; fileEncoding = 4; lastKnownFileType = sourcecode.swift; path = FileGroupTests.swift; sourceTree = "<group>"; };
		8314992922615A5500AD6244 /* SharedImagesTests.swift */ = {isa = PBXFileReference; fileEncoding = 4; lastKnownFileType = sourcecode.swift; path = SharedImagesTests.swift; sourceTree = "<group>"; };
		831521702206CC9000CA773D /* Notifications.swift */ = {isa = PBXFileReference; fileEncoding = 4; lastKnownFileType = sourcecode.swift; path = Notifications.swift; sourceTree = "<group>"; };
		831A759D20279C76004F330A /* DiscussionMessage.swift */ = {isa = PBXFileReference; lastKnownFileType = sourcecode.swift; path = DiscussionMessage.swift; sourceTree = "<group>"; };
		831EEC4B2002D76B001821B9 /* DebugDashboardData.swift */ = {isa = PBXFileReference; fileEncoding = 4; lastKnownFileType = sourcecode.swift; path = DebugDashboardData.swift; sourceTree = "<group>"; };
		831EEC4C2002D76B001821B9 /* TestCases.swift */ = {isa = PBXFileReference; fileEncoding = 4; lastKnownFileType = sourcecode.swift; path = TestCases.swift; sourceTree = "<group>"; };
		8324EE2A1E74ABCE000656AF /* SetupSignIn.swift */ = {isa = PBXFileReference; fileEncoding = 4; lastKnownFileType = sourcecode.swift; path = SetupSignIn.swift; sourceTree = "<group>"; };
		8324EE2F1E75EC62000656AF /* SignInVC.swift */ = {isa = PBXFileReference; fileEncoding = 4; lastKnownFileType = sourcecode.swift; path = SignInVC.swift; sourceTree = "<group>"; };
		8324EE321E764907000656AF /* SyncController.swift */ = {isa = PBXFileReference; fileEncoding = 4; lastKnownFileType = sourcecode.swift; path = SyncController.swift; sourceTree = "<group>"; };
		8324EE431E7781AD000656AF /* BridgingHeader.h */ = {isa = PBXFileReference; lastKnownFileType = sourcecode.c.h; name = BridgingHeader.h; path = Code/BridgingHeader.h; sourceTree = "<group>"; };
		8324EE461E778623000656AF /* CALayer+MBAnimationPersistence.h */ = {isa = PBXFileReference; fileEncoding = 4; lastKnownFileType = sourcecode.c.h; path = "CALayer+MBAnimationPersistence.h"; sourceTree = "<group>"; };
		8324EE471E778623000656AF /* CALayer+MBAnimationPersistence.m */ = {isa = PBXFileReference; fileEncoding = 4; lastKnownFileType = sourcecode.c.objc; path = "CALayer+MBAnimationPersistence.m"; sourceTree = "<group>"; };
		8334896E22701564002DC2E9 /* PreviewManager+Extras.swift */ = {isa = PBXFileReference; lastKnownFileType = sourcecode.swift; path = "PreviewManager+Extras.swift"; sourceTree = "<group>"; };
		833489702272967A002DC2E9 /* APIKeys.plist */ = {isa = PBXFileReference; fileEncoding = 4; lastKnownFileType = text.plist.xml; name = APIKeys.plist; path = Resources/APIKeys.plist; sourceTree = "<group>"; };
		83348972227297FA002DC2E9 /* URLIcon.swift */ = {isa = PBXFileReference; lastKnownFileType = sourcecode.swift; path = URLIcon.swift; sourceTree = "<group>"; };
		833489742272980D002DC2E9 /* URLIcon.xib */ = {isa = PBXFileReference; lastKnownFileType = file.xib; path = URLIcon.xib; sourceTree = "<group>"; };
		8343F0392166E973005F2EDC /* ODRefreshControl+Extras.swift */ = {isa = PBXFileReference; lastKnownFileType = sourcecode.swift; path = "ODRefreshControl+Extras.swift"; sourceTree = "<group>"; };
		834A0CEA22696B9B00B42573 /* SharedImages7-8.xcmappingmodel */ = {isa = PBXFileReference; lastKnownFileType = wrapper.xcmappingmodel; path = "SharedImages7-8.xcmappingmodel"; sourceTree = "<group>"; };
		834A0CED2269869100B42573 /* MediaSelectorVC.swift */ = {isa = PBXFileReference; lastKnownFileType = sourcecode.swift; path = MediaSelectorVC.swift; sourceTree = "<group>"; };
		834A0CEE2269869100B42573 /* MediaSelectorVC.xib */ = {isa = PBXFileReference; lastKnownFileType = file.xib; path = MediaSelectorVC.xib; sourceTree = "<group>"; };
		834A0CF1226A9DB700B42573 /* URLPickerVC.swift */ = {isa = PBXFileReference; lastKnownFileType = sourcecode.swift; path = URLPickerVC.swift; sourceTree = "<group>"; };
		834A0CF2226A9DB700B42573 /* URLPickerVC.xib */ = {isa = PBXFileReference; lastKnownFileType = file.xib; path = URLPickerVC.xib; sourceTree = "<group>"; };
		834A0CF5226B8D8300B42573 /* README.txt */ = {isa = PBXFileReference; lastKnownFileType = text; path = README.txt; sourceTree = "<group>"; };
		834A7E6F2037858800969B18 /* Alert.swift */ = {isa = PBXFileReference; fileEncoding = 4; lastKnownFileType = sourcecode.swift; path = Alert.swift; sourceTree = "<group>"; };
		834A7E702037858800969B18 /* XibBasics.swift */ = {isa = PBXFileReference; fileEncoding = 4; lastKnownFileType = sourcecode.swift; path = XibBasics.swift; sourceTree = "<group>"; };
		834A7E712037858800969B18 /* SyncSpinner.swift */ = {isa = PBXFileReference; fileEncoding = 4; lastKnownFileType = sourcecode.swift; path = SyncSpinner.swift; sourceTree = "<group>"; };
		834A7E722037858800969B18 /* AppBadge.swift */ = {isa = PBXFileReference; fileEncoding = 4; lastKnownFileType = sourcecode.swift; path = AppBadge.swift; sourceTree = "<group>"; };
		834A7E742037858800969B18 /* Progress.swift */ = {isa = PBXFileReference; fileEncoding = 4; lastKnownFileType = sourcecode.swift; path = Progress.swift; sourceTree = "<group>"; };
		834A7E752037858800969B18 /* ProgressView.swift */ = {isa = PBXFileReference; fileEncoding = 4; lastKnownFileType = sourcecode.swift; path = ProgressView.swift; sourceTree = "<group>"; };
		834A7E762037858800969B18 /* ProgressView.xib */ = {isa = PBXFileReference; fileEncoding = 4; lastKnownFileType = file.xib; path = ProgressView.xib; sourceTree = "<group>"; };
		834A7E772037858800969B18 /* Types.swift */ = {isa = PBXFileReference; fileEncoding = 4; lastKnownFileType = sourcecode.swift; path = Types.swift; sourceTree = "<group>"; };
		834E3E9220B3FF90006AC504 /* BottomRefresh.swift */ = {isa = PBXFileReference; lastKnownFileType = sourcecode.swift; path = BottomRefresh.swift; sourceTree = "<group>"; };
		835A8A9A223F40300000FEA0 /* Environment.swift */ = {isa = PBXFileReference; fileEncoding = 4; lastKnownFileType = sourcecode.swift; path = Environment.swift; sourceTree = "<group>"; };
		835A8A9B223F40300000FEA0 /* Migrations.swift */ = {isa = PBXFileReference; fileEncoding = 4; lastKnownFileType = sourcecode.swift; path = Migrations.swift; sourceTree = "<group>"; };
		835A8A9C223F40300000FEA0 /* AppDelegate.swift */ = {isa = PBXFileReference; fileEncoding = 4; lastKnownFileType = sourcecode.swift; path = AppDelegate.swift; sourceTree = "<group>"; };
		835A8AA0223F40460000FEA0 /* Logger.swift */ = {isa = PBXFileReference; lastKnownFileType = sourcecode.swift; path = Logger.swift; sourceTree = "<group>"; };
		835A8AA5224478BC0000FEA0 /* AlbumsVC.swift */ = {isa = PBXFileReference; fileEncoding = 4; lastKnownFileType = sourcecode.swift; path = AlbumsVC.swift; sourceTree = "<group>"; };
		835A8AA6224478BC0000FEA0 /* AlbumCell.swift */ = {isa = PBXFileReference; fileEncoding = 4; lastKnownFileType = sourcecode.swift; path = AlbumCell.swift; sourceTree = "<group>"; };
		835A8AA7224478BC0000FEA0 /* AlbumCell.xib */ = {isa = PBXFileReference; fileEncoding = 4; lastKnownFileType = file.xib; path = AlbumCell.xib; sourceTree = "<group>"; };
		835A8AAE22448BB90000FEA0 /* SettingsVC.swift */ = {isa = PBXFileReference; fileEncoding = 4; lastKnownFileType = sourcecode.swift; path = SettingsVC.swift; sourceTree = "<group>"; };
		835A8AB0224566590000FEA0 /* RemoveUserFromAlbumVC.swift */ = {isa = PBXFileReference; lastKnownFileType = sourcecode.swift; path = RemoveUserFromAlbumVC.swift; sourceTree = "<group>"; };
		835A8AB32245BCBD0000FEA0 /* ImagesVC.swift */ = {isa = PBXFileReference; fileEncoding = 4; lastKnownFileType = sourcecode.swift; path = ImagesVC.swift; sourceTree = "<group>"; };
		835A8AB52245BD4D0000FEA0 /* ImagesTitle.xib */ = {isa = PBXFileReference; lastKnownFileType = file.xib; path = ImagesTitle.xib; sourceTree = "<group>"; };
		835A8AB72245BD6F0000FEA0 /* ImagesTitle.swift */ = {isa = PBXFileReference; lastKnownFileType = sourcecode.swift; path = ImagesTitle.swift; sourceTree = "<group>"; };
		836E0C132260185B00BA4BC6 /* Settings.bundle */ = {isa = PBXFileReference; lastKnownFileType = "wrapper.plug-in"; name = Settings.bundle; path = Resources/Settings.bundle; sourceTree = "<group>"; };
		8373952A21A4AC090057E693 /* SharedImages7.xcdatamodel */ = {isa = PBXFileReference; lastKnownFileType = wrapper.xcdatamodel; path = SharedImages7.xcdatamodel; sourceTree = "<group>"; };
		837F3FC51F6B763400EB7609 /* ProgressIndicator.swift */ = {isa = PBXFileReference; lastKnownFileType = sourcecode.swift; path = ProgressIndicator.swift; sourceTree = "<group>"; };
		8380D2672161A6DC008D6231 /* Badge+Extras.swift */ = {isa = PBXFileReference; lastKnownFileType = sourcecode.swift; path = "Badge+Extras.swift"; sourceTree = "<group>"; };
		8389B1CB20A8FDF800B3D87A /* SharedImages4.xcdatamodel */ = {isa = PBXFileReference; lastKnownFileType = wrapper.xcdatamodel; path = SharedImages4.xcdatamodel; sourceTree = "<group>"; };
		838C2DBF20217F3000AB1F26 /* DiscussionVC.swift */ = {isa = PBXFileReference; lastKnownFileType = sourcecode.swift; path = DiscussionVC.swift; sourceTree = "<group>"; };
		8391A62122618F7D009ED960 /* TestProgressIndicator.swift */ = {isa = PBXFileReference; fileEncoding = 4; lastKnownFileType = sourcecode.swift; path = TestProgressIndicator.swift; sourceTree = "<group>"; };
		83A2E6A71F76F83300A2E303 /* C.json */ = {isa = PBXFileReference; lastKnownFileType = text.json; path = C.json; sourceTree = "<group>"; };
		83A2E6A81F76F83300A2E303 /* D.json */ = {isa = PBXFileReference; lastKnownFileType = text.json; path = D.json; sourceTree = "<group>"; };
		83A2E6A91F76F83300A2E303 /* N.json */ = {isa = PBXFileReference; lastKnownFileType = text.json; path = N.json; sourceTree = "<group>"; };
		83A2E6AA1F76F83300A2E303 /* R.json */ = {isa = PBXFileReference; lastKnownFileType = text.json; path = R.json; sourceTree = "<group>"; };
		83C34070201D58C500DAD865 /* FixedObjects.swift */ = {isa = PBXFileReference; lastKnownFileType = sourcecode.swift; path = FixedObjects.swift; sourceTree = "<group>"; };
		83C34074201D90E300DAD865 /* SharedImages3.xcdatamodel */ = {isa = PBXFileReference; lastKnownFileType = wrapper.xcdatamodel; path = SharedImages3.xcdatamodel; sourceTree = "<group>"; };
		83C3407E201E42C400DAD865 /* DiscussionFileObject.swift */ = {isa = PBXFileReference; lastKnownFileType = sourcecode.swift; name = DiscussionFileObject.swift; path = "Core Data/DiscussionFileObject.swift"; sourceTree = "<group>"; };
		83CE2F082254592900E6EFD7 /* ShareAlbumVC.swift */ = {isa = PBXFileReference; fileEncoding = 4; lastKnownFileType = sourcecode.swift; path = ShareAlbumVC.swift; sourceTree = "<group>"; };
		83CE2F0E22550D9400E6EFD7 /* ShareAlbumNumberInviteesCell.swift */ = {isa = PBXFileReference; lastKnownFileType = sourcecode.swift; path = ShareAlbumNumberInviteesCell.swift; sourceTree = "<group>"; };
		83CE2F0F22550D9400E6EFD7 /* ShareAlbumNumberInviteesCell.xib */ = {isa = PBXFileReference; lastKnownFileType = file.xib; path = ShareAlbumNumberInviteesCell.xib; sourceTree = "<group>"; };
		83CE2F1222556B6400E6EFD7 /* ShareAlbumPermissionCell.swift */ = {isa = PBXFileReference; lastKnownFileType = sourcecode.swift; path = ShareAlbumPermissionCell.swift; sourceTree = "<group>"; };
		83CE2F1322556B6400E6EFD7 /* ShareAlbumPermissionCell.xib */ = {isa = PBXFileReference; lastKnownFileType = file.xib; path = ShareAlbumPermissionCell.xib; sourceTree = "<group>"; };
		83CE2F1622556DAA00E6EFD7 /* ShareAlbumHelpCell.swift */ = {isa = PBXFileReference; lastKnownFileType = sourcecode.swift; path = ShareAlbumHelpCell.swift; sourceTree = "<group>"; };
		83CE2F1722556DAA00E6EFD7 /* ShareAlbumHelpCell.xib */ = {isa = PBXFileReference; lastKnownFileType = file.xib; path = ShareAlbumHelpCell.xib; sourceTree = "<group>"; };
		83CE2F1A2255740500E6EFD7 /* SharingInvitationHelp.html */ = {isa = PBXFileReference; fileEncoding = 4; lastKnownFileType = text.html; name = SharingInvitationHelp.html; path = Resources/SharingInvitationHelp.html; sourceTree = "<group>"; };
		83CE2F1C225686BE00E6EFD7 /* ShareAlbumAllowSocialCell.swift */ = {isa = PBXFileReference; lastKnownFileType = sourcecode.swift; path = ShareAlbumAllowSocialCell.swift; sourceTree = "<group>"; };
		83CE2F1D225686BE00E6EFD7 /* ShareAlbumAllowSocialCell.xib */ = {isa = PBXFileReference; lastKnownFileType = file.xib; path = ShareAlbumAllowSocialCell.xib; sourceTree = "<group>"; };
		83D0BE1A20B37D6F00555B73 /* SortyFilter.swift */ = {isa = PBXFileReference; fileEncoding = 4; lastKnownFileType = sourcecode.swift; name = SortyFilter.swift; path = "Sorting and Filtering/SortyFilter.swift"; sourceTree = "<group>"; };
		83D0BE1C20B37D6F00555B73 /* SortyFilter.xib */ = {isa = PBXFileReference; fileEncoding = 4; lastKnownFileType = file.xib; name = SortyFilter.xib; path = "Sorting and Filtering/SortyFilter.xib"; sourceTree = "<group>"; };
		83D0BE2020B3817800555B73 /* Parameters.swift */ = {isa = PBXFileReference; lastKnownFileType = sourcecode.swift; name = Parameters.swift; path = "Sorting and Filtering/Parameters.swift"; sourceTree = "<group>"; };
		83D0BE2220B39C6F00555B73 /* SortControl.swift */ = {isa = PBXFileReference; fileEncoding = 4; lastKnownFileType = sourcecode.swift; name = SortControl.swift; path = "Sorting and Filtering/SortControl.swift"; sourceTree = "<group>"; };
		83D0BE2320B39C6F00555B73 /* SegmentedControl.swift */ = {isa = PBXFileReference; fileEncoding = 4; lastKnownFileType = sourcecode.swift; name = SegmentedControl.swift; path = "Sorting and Filtering/SegmentedControl.swift"; sourceTree = "<group>"; };
		83D0BE2420B39C6F00555B73 /* SortControl.xib */ = {isa = PBXFileReference; fileEncoding = 4; lastKnownFileType = file.xib; name = SortControl.xib; path = "Sorting and Filtering/SortControl.xib"; sourceTree = "<group>"; };
		83D1FE331EAB074A00DD468F /* LargeImages.swift */ = {isa = PBXFileReference; fileEncoding = 4; lastKnownFileType = sourcecode.swift; path = LargeImages.swift; sourceTree = "<group>"; };
		83D7333B210D37D80077CB94 /* SharedImages5.xcdatamodel */ = {isa = PBXFileReference; lastKnownFileType = wrapper.xcdatamodel; path = SharedImages5.xcdatamodel; sourceTree = "<group>"; };
		83DA1E7F2256A24C0064E817 /* ShareAlbum.swift */ = {isa = PBXFileReference; fileEncoding = 4; lastKnownFileType = sourcecode.swift; path = ShareAlbum.swift; sourceTree = "<group>"; };
		83DA1E81225974630064E817 /* AddressNavigation.swift */ = {isa = PBXFileReference; lastKnownFileType = sourcecode.swift; path = AddressNavigation.swift; sourceTree = "<group>"; };
		83DA1E84225A10FE0064E817 /* AlbumSharingVC.swift */ = {isa = PBXFileReference; lastKnownFileType = sourcecode.swift; path = AlbumSharingVC.swift; sourceTree = "<group>"; };
		83DC0C2B1EE795FA00727EF2 /* SharedImages2.xcdatamodel */ = {isa = PBXFileReference; lastKnownFileType = wrapper.xcdatamodel; path = SharedImages2.xcdatamodel; sourceTree = "<group>"; };
		83DC0C301EE7A0CD00727EF2 /* ImageExtras.swift */ = {isa = PBXFileReference; fileEncoding = 4; lastKnownFileType = sourcecode.swift; path = ImageExtras.swift; sourceTree = "<group>"; };
		83DD1B8B215C88D10054932C /* SharedImages6.xcdatamodel */ = {isa = PBXFileReference; lastKnownFileType = wrapper.xcdatamodel; path = SharedImages6.xcdatamodel; sourceTree = "<group>"; };
		83E13B2420318366005A0A18 /* GameKit.framework */ = {isa = PBXFileReference; lastKnownFileType = wrapper.framework; name = GameKit.framework; path = System/Library/Frameworks/GameKit.framework; sourceTree = SDKROOT; };
		83E13B262031836A005A0A18 /* StoreKit.framework */ = {isa = PBXFileReference; lastKnownFileType = wrapper.framework; name = StoreKit.framework; path = System/Library/Frameworks/StoreKit.framework; sourceTree = SDKROOT; };
		83E4F9A31EFA194A006BE0F0 /* SharedImages.entitlements */ = {isa = PBXFileReference; lastKnownFileType = text.plist.entitlements; path = SharedImages.entitlements; sourceTree = "<group>"; };
		83E518862160710D005C2374 /* ImagesHandler.swift */ = {isa = PBXFileReference; lastKnownFileType = sourcecode.swift; path = ImagesHandler.swift; sourceTree = "<group>"; };
		83EACE762087083000C40AA3 /* DiscussionKeys.swift */ = {isa = PBXFileReference; fileEncoding = 4; lastKnownFileType = sourcecode.swift; path = DiscussionKeys.swift; sourceTree = "<group>"; };
		83EFC095216EDE7300D7A3C4 /* SharingInviteDelegate.swift */ = {isa = PBXFileReference; lastKnownFileType = sourcecode.swift; path = SharingInviteDelegate.swift; sourceTree = "<group>"; };
		83EFC097216EDFB800D7A3C4 /* UIViewController+Extras.swift */ = {isa = PBXFileReference; fileEncoding = 4; lastKnownFileType = sourcecode.swift; path = "UIViewController+Extras.swift"; sourceTree = "<group>"; };
		83F5CB4F2246CCA2006DBB2F /* RemoveImages.swift */ = {isa = PBXFileReference; fileEncoding = 4; lastKnownFileType = sourcecode.swift; path = RemoveImages.swift; sourceTree = "<group>"; };
		83F5CB512246D39E006DBB2F /* AcquireImages.swift */ = {isa = PBXFileReference; fileEncoding = 4; lastKnownFileType = sourcecode.swift; name = AcquireImages.swift; path = "Code/Single Album/AcquireImages.swift"; sourceTree = SOURCE_ROOT; };
		83F5CB542246D938006DBB2F /* SideMenu.swift */ = {isa = PBXFileReference; lastKnownFileType = sourcecode.swift; path = SideMenu.swift; sourceTree = "<group>"; };
		83F5CB562246EDA9006DBB2F /* LeftMenuVC.swift */ = {isa = PBXFileReference; lastKnownFileType = sourcecode.swift; path = LeftMenuVC.swift; sourceTree = "<group>"; };
		83F5CB582247FCA6006DBB2F /* SideMenuItem.swift */ = {isa = PBXFileReference; lastKnownFileType = sourcecode.swift; path = SideMenuItem.swift; sourceTree = "<group>"; };
		83F5CB5A2247FCB8006DBB2F /* SideMenuItem.xib */ = {isa = PBXFileReference; lastKnownFileType = file.xib; path = SideMenuItem.xib; sourceTree = "<group>"; };
		83F5CB5E2247FF64006DBB2F /* Menu.swift */ = {isa = PBXFileReference; lastKnownFileType = sourcecode.swift; path = Menu.swift; sourceTree = "<group>"; };
		83F5CB602247FF71006DBB2F /* Menu.xib */ = {isa = PBXFileReference; lastKnownFileType = file.xib; path = Menu.xib; sourceTree = "<group>"; };
		83F8821F1E711600008F644A /* Neebla.app */ = {isa = PBXFileReference; explicitFileType = wrapper.application; includeInIndex = 0; path = Neebla.app; sourceTree = BUILT_PRODUCTS_DIR; };
		83F8823D1E711FC6008F644A /* Assets.xcassets */ = {isa = PBXFileReference; lastKnownFileType = folder.assetcatalog; name = Assets.xcassets; path = Resources/Assets.xcassets; sourceTree = "<group>"; };
		83F8823F1E711FC6008F644A /* Base */ = {isa = PBXFileReference; lastKnownFileType = file.storyboard; name = Base; path = Resources/Base.lproj/LaunchScreen.storyboard; sourceTree = "<group>"; };
		83F882411E711FC6008F644A /* Base */ = {isa = PBXFileReference; lastKnownFileType = file.storyboard; name = Base; path = Resources/Base.lproj/Main.storyboard; sourceTree = "<group>"; };
		83F882421E711FC6008F644A /* Info.plist */ = {isa = PBXFileReference; fileEncoding = 4; lastKnownFileType = text.plist.xml; name = Info.plist; path = Resources/Info.plist; sourceTree = "<group>"; };
		83F882441E711FC6008F644A /* SharedImages.xcdatamodel */ = {isa = PBXFileReference; lastKnownFileType = wrapper.xcdatamodel; path = SharedImages.xcdatamodel; sourceTree = "<group>"; };
		83F8824F1E73A6F6008F644A /* ImageCollectionVC.swift */ = {isa = PBXFileReference; fileEncoding = 4; lastKnownFileType = sourcecode.swift; path = ImageCollectionVC.swift; sourceTree = "<group>"; };
		83F882521E73B172008F644A /* CoreDataExtras.swift */ = {isa = PBXFileReference; fileEncoding = 4; lastKnownFileType = sourcecode.swift; name = CoreDataExtras.swift; path = "Core Data/CoreDataExtras.swift"; sourceTree = "<group>"; };
		83F882541E73B2DC008F644A /* ImageMediaObject.swift */ = {isa = PBXFileReference; fileEncoding = 4; lastKnownFileType = sourcecode.swift; name = ImageMediaObject.swift; path = "Core Data/ImageMediaObject.swift"; sourceTree = "<group>"; };
		83F882601E749C18008F644A /* Consts.swift */ = {isa = PBXFileReference; fileEncoding = 4; lastKnownFileType = sourcecode.swift; path = Consts.swift; sourceTree = "<group>"; };
		83F882641E74A3C5008F644A /* GoogleService-Info.plist */ = {isa = PBXFileReference; fileEncoding = 4; lastKnownFileType = text.plist.xml; name = "GoogleService-Info.plist"; path = "Resources/GoogleService-Info.plist"; sourceTree = "<group>"; };
		83F882661E74A600008F644A /* Server.plist */ = {isa = PBXFileReference; fileEncoding = 4; lastKnownFileType = text.plist.xml; name = Server.plist; path = Resources/Server.plist; sourceTree = "<group>"; };
		854FB9347E2A443E983D7504 /* Pods-NeeblaTests.release.xcconfig */ = {isa = PBXFileReference; includeInIndex = 1; lastKnownFileType = text.xcconfig; name = "Pods-NeeblaTests.release.xcconfig"; path = "Pods/Target Support Files/Pods-NeeblaTests/Pods-NeeblaTests.release.xcconfig"; sourceTree = "<group>"; };
		A1A9F2364274678096FAE708 /* Pods-SharedImages.release.xcconfig */ = {isa = PBXFileReference; includeInIndex = 1; lastKnownFileType = text.xcconfig; name = "Pods-SharedImages.release.xcconfig"; path = "Pods/Target Support Files/Pods-SharedImages/Pods-SharedImages.release.xcconfig"; sourceTree = "<group>"; };
		AB86EA543F8CCCC9287144E0 /* Pods-SharedImagesTests.release.xcconfig */ = {isa = PBXFileReference; includeInIndex = 1; lastKnownFileType = text.xcconfig; name = "Pods-SharedImagesTests.release.xcconfig"; path = "Pods/Target Support Files/Pods-SharedImagesTests/Pods-SharedImagesTests.release.xcconfig"; sourceTree = "<group>"; };
		B3A75F4AAE01ABAA5CEA09A0 /* Pods-SharedImagesTests.debug.xcconfig */ = {isa = PBXFileReference; includeInIndex = 1; lastKnownFileType = text.xcconfig; name = "Pods-SharedImagesTests.debug.xcconfig"; path = "Pods/Target Support Files/Pods-SharedImagesTests/Pods-SharedImagesTests.debug.xcconfig"; sourceTree = "<group>"; };
		B908205C67FEB8F896E15398 /* Pods_SharedImages.framework */ = {isa = PBXFileReference; explicitFileType = wrapper.framework; includeInIndex = 0; path = Pods_SharedImages.framework; sourceTree = BUILT_PRODUCTS_DIR; };
		C6274CDA252B1BF2F84D7D7D /* Pods-SharedImages.debug.xcconfig */ = {isa = PBXFileReference; includeInIndex = 1; lastKnownFileType = text.xcconfig; name = "Pods-SharedImages.debug.xcconfig"; path = "Pods/Target Support Files/Pods-SharedImages/Pods-SharedImages.debug.xcconfig"; sourceTree = "<group>"; };
		D41485B287C3303E5E4A0862 /* Pods_NeeblaTests.framework */ = {isa = PBXFileReference; explicitFileType = wrapper.framework; includeInIndex = 0; path = Pods_NeeblaTests.framework; sourceTree = BUILT_PRODUCTS_DIR; };
		F5A3947436165D7329EA56BC /* Pods-NeeblaTests.debug.xcconfig */ = {isa = PBXFileReference; includeInIndex = 1; lastKnownFileType = text.xcconfig; name = "Pods-NeeblaTests.debug.xcconfig"; path = "Pods/Target Support Files/Pods-NeeblaTests/Pods-NeeblaTests.debug.xcconfig"; sourceTree = "<group>"; };
/* End PBXFileReference section */

/* Begin PBXFrameworksBuildPhase section */
		83149919226159C200AD6244 /* Frameworks */ = {
			isa = PBXFrameworksBuildPhase;
			buildActionMask = 2147483647;
			files = (
				AA5F5883AFFEFD22ED447A41 /* Pods_NeeblaTests.framework in Frameworks */,
			);
			runOnlyForDeploymentPostprocessing = 0;
		};
		83F8821C1E711600008F644A /* Frameworks */ = {
			isa = PBXFrameworksBuildPhase;
			buildActionMask = 2147483647;
			files = (
				83E13B272031836A005A0A18 /* StoreKit.framework in Frameworks */,
				2732DEE9F55439017415A76A /* Pods_SharedImages.framework in Frameworks */,
				83E13B2520318366005A0A18 /* GameKit.framework in Frameworks */,
			);
			runOnlyForDeploymentPostprocessing = 0;
		};
/* End PBXFrameworksBuildPhase section */

/* Begin PBXGroup section */
		3533DE1430916FFEEF396932 /* Frameworks */ = {
			isa = PBXGroup;
			children = (
				83E13B262031836A005A0A18 /* StoreKit.framework */,
				83E13B2420318366005A0A18 /* GameKit.framework */,
				B908205C67FEB8F896E15398 /* Pods_SharedImages.framework */,
				3038F6F57C4180ADED26DD5B /* Pods_SharedImagesTests.framework */,
				D41485B287C3303E5E4A0862 /* Pods_NeeblaTests.framework */,
			);
			name = Frameworks;
			sourceTree = "<group>";
		};
		5A2E26FA8EB6BCDEC7439E57 /* Pods */ = {
			isa = PBXGroup;
			children = (
				C6274CDA252B1BF2F84D7D7D /* Pods-SharedImages.debug.xcconfig */,
				A1A9F2364274678096FAE708 /* Pods-SharedImages.release.xcconfig */,
				B3A75F4AAE01ABAA5CEA09A0 /* Pods-SharedImagesTests.debug.xcconfig */,
				AB86EA543F8CCCC9287144E0 /* Pods-SharedImagesTests.release.xcconfig */,
				F5A3947436165D7329EA56BC /* Pods-NeeblaTests.debug.xcconfig */,
				854FB9347E2A443E983D7504 /* Pods-NeeblaTests.release.xcconfig */,
			);
			name = Pods;
			sourceTree = "<group>";
		};
		8314991D226159C200AD6244 /* NeeblaTests */ = {
			isa = PBXGroup;
			children = (
				8314992622615A5500AD6244 /* AppMetaData.swift */,
				8314992822615A5500AD6244 /* FileGroupTests.swift */,
				8314992722615A5500AD6244 /* FixedObjects.swift */,
				8314992922615A5500AD6244 /* SharedImagesTests.swift */,
				8391A62122618F7D009ED960 /* TestProgressIndicator.swift */,
				83149920226159C200AD6244 /* Info.plist */,
			);
			path = NeeblaTests;
			sourceTree = "<group>";
		};
		831EEC4A2002D76B001821B9 /* Developer */ = {
			isa = PBXGroup;
			children = (
				831EEC4B2002D76B001821B9 /* DebugDashboardData.swift */,
				831EEC4C2002D76B001821B9 /* TestCases.swift */,
			);
			path = Developer;
			sourceTree = "<group>";
		};
		8324EE2C1E74ABD4000656AF /* SignIn */ = {
			isa = PBXGroup;
			children = (
				8324EE2F1E75EC62000656AF /* SignInVC.swift */,
			);
			name = SignIn;
			sourceTree = "<group>";
		};
		8324EE311E763DBE000656AF /* Images */ = {
			isa = PBXGroup;
			children = (
				83D0BE1920B37D0D00555B73 /* Sorting and Filtering */,
				83DC0C301EE7A0CD00727EF2 /* ImageExtras.swift */,
				835A8AA4224478BC0000FEA0 /* Albums */,
				83CE2F07225458DF00E6EFD7 /* Share Albums */,
				835A8AB22245BCBD0000FEA0 /* Single Album */,
				83D1FE331EAB074A00DD468F /* LargeImages.swift */,
				83F8824F1E73A6F6008F644A /* ImageCollectionVC.swift */,
				83E518862160710D005C2374 /* ImagesHandler.swift */,
				8324EE321E764907000656AF /* SyncController.swift */,
				830B1DF01EFCAB8B0022FCC7 /* LRUCache.swift */,
				837F3FC51F6B763400EB7609 /* ProgressIndicator.swift */,
				834E3E9220B3FF90006AC504 /* BottomRefresh.swift */,
				8380D2672161A6DC008D6231 /* Badge+Extras.swift */,
				8343F0392166E973005F2EDC /* ODRefreshControl+Extras.swift */,
				83EFC095216EDE7300D7A3C4 /* SharingInviteDelegate.swift */,
				83EFC097216EDFB800D7A3C4 /* UIViewController+Extras.swift */,
			);
			name = Images;
			sourceTree = "<group>";
		};
		8324EE441E778623000656AF /* SDKs */ = {
			isa = PBXGroup;
			children = (
				8324EE451E778623000656AF /* CALayer+MBAnimationPersistence */,
			);
			path = SDKs;
			sourceTree = SOURCE_ROOT;
		};
		8324EE451E778623000656AF /* CALayer+MBAnimationPersistence */ = {
			isa = PBXGroup;
			children = (
				8324EE461E778623000656AF /* CALayer+MBAnimationPersistence.h */,
				8324EE471E778623000656AF /* CALayer+MBAnimationPersistence.m */,
			);
			path = "CALayer+MBAnimationPersistence";
			sourceTree = "<group>";
		};
		834A0CE5226963FA00B42573 /* Core Data Models */ = {
			isa = PBXGroup;
			children = (
				834A0CF5226B8D8300B42573 /* README.txt */,
				83F882431E711FC6008F644A /* SharedImages.xcdatamodeld */,
				834A0CEA22696B9B00B42573 /* SharedImages7-8.xcmappingmodel */,
			);
			path = "Core Data Models";
			sourceTree = "<group>";
		};
		834A0CEC2269865F00B42573 /* Media */ = {
			isa = PBXGroup;
			children = (
				834A0CED2269869100B42573 /* MediaSelectorVC.swift */,
				8334896E22701564002DC2E9 /* PreviewManager+Extras.swift */,
				834A0CEE2269869100B42573 /* MediaSelectorVC.xib */,
				834A0CF1226A9DB700B42573 /* URLPickerVC.swift */,
				834A0CF2226A9DB700B42573 /* URLPickerVC.xib */,
				83348972227297FA002DC2E9 /* URLIcon.swift */,
				833489742272980D002DC2E9 /* URLIcon.xib */,
			);
			path = Media;
			sourceTree = "<group>";
		};
		834A7E6D2037858800969B18 /* Misc UI */ = {
			isa = PBXGroup;
			children = (
				834A7E6F2037858800969B18 /* Alert.swift */,
				834A7E702037858800969B18 /* XibBasics.swift */,
				831521702206CC9000CA773D /* Notifications.swift */,
				834A7E712037858800969B18 /* SyncSpinner.swift */,
				834A7E722037858800969B18 /* AppBadge.swift */,
				834A7E732037858800969B18 /* Progress Indicator */,
				834A7E772037858800969B18 /* Types.swift */,
			);
			path = "Misc UI";
			sourceTree = "<group>";
		};
		834A7E732037858800969B18 /* Progress Indicator */ = {
			isa = PBXGroup;
			children = (
				834A7E742037858800969B18 /* Progress.swift */,
				834A7E752037858800969B18 /* ProgressView.swift */,
				834A7E762037858800969B18 /* ProgressView.xib */,
			);
			path = "Progress Indicator";
			sourceTree = "<group>";
		};
		835A8A99223F3FEC0000FEA0 /* App Launch */ = {
			isa = PBXGroup;
			children = (
				835A8A9C223F40300000FEA0 /* AppDelegate.swift */,
				835A8A9A223F40300000FEA0 /* Environment.swift */,
				835A8A9B223F40300000FEA0 /* Migrations.swift */,
				835A8AA0223F40460000FEA0 /* Logger.swift */,
			);
			path = "App Launch";
			sourceTree = "<group>";
		};
		835A8AA4224478BC0000FEA0 /* Albums */ = {
			isa = PBXGroup;
			children = (
				835A8AA5224478BC0000FEA0 /* AlbumsVC.swift */,
				835A8AA6224478BC0000FEA0 /* AlbumCell.swift */,
				835A8AA7224478BC0000FEA0 /* AlbumCell.xib */,
			);
			path = Albums;
			sourceTree = "<group>";
		};
		835A8AAD22448BB90000FEA0 /* Settings */ = {
			isa = PBXGroup;
			children = (
				835A8AAE22448BB90000FEA0 /* SettingsVC.swift */,
				835A8AB0224566590000FEA0 /* RemoveUserFromAlbumVC.swift */,
			);
			path = Settings;
			sourceTree = "<group>";
		};
		835A8AB22245BCBD0000FEA0 /* Single Album */ = {
			isa = PBXGroup;
			children = (
				835A8AB32245BCBD0000FEA0 /* ImagesVC.swift */,
				835A8AB52245BD4D0000FEA0 /* ImagesTitle.xib */,
				835A8AB72245BD6F0000FEA0 /* ImagesTitle.swift */,
				83F5CB4F2246CCA2006DBB2F /* RemoveImages.swift */,
				83F5CB512246D39E006DBB2F /* AcquireImages.swift */,
			);
			path = "Single Album";
			sourceTree = "<group>";
		};
		83A2E6A61F76F83300A2E303 /* LottieAnimations */ = {
			isa = PBXGroup;
			children = (
				83A2E6A71F76F83300A2E303 /* C.json */,
				83A2E6A81F76F83300A2E303 /* D.json */,
				83A2E6A91F76F83300A2E303 /* N.json */,
				83A2E6AA1F76F83300A2E303 /* R.json */,
			);
			name = LottieAnimations;
			path = Resources/LottieAnimations;
			sourceTree = "<group>";
		};
		83C3406F201D57D400DAD865 /* DIscussion Threads */ = {
			isa = PBXGroup;
			children = (
				83EACE762087083000C40AA3 /* DiscussionKeys.swift */,
				83C34070201D58C500DAD865 /* FixedObjects.swift */,
				838C2DBF20217F3000AB1F26 /* DiscussionVC.swift */,
				831A759D20279C76004F330A /* DiscussionMessage.swift */,
				83DA1E81225974630064E817 /* AddressNavigation.swift */,
			);
			path = "DIscussion Threads";
			sourceTree = "<group>";
		};
		83CE2F07225458DF00E6EFD7 /* Share Albums */ = {
			isa = PBXGroup;
			children = (
				83DA1E7F2256A24C0064E817 /* ShareAlbum.swift */,
				83CE2F082254592900E6EFD7 /* ShareAlbumVC.swift */,
				83CE2F0E22550D9400E6EFD7 /* ShareAlbumNumberInviteesCell.swift */,
				83CE2F0F22550D9400E6EFD7 /* ShareAlbumNumberInviteesCell.xib */,
				83CE2F1222556B6400E6EFD7 /* ShareAlbumPermissionCell.swift */,
				83CE2F1322556B6400E6EFD7 /* ShareAlbumPermissionCell.xib */,
				83CE2F1C225686BE00E6EFD7 /* ShareAlbumAllowSocialCell.swift */,
				83CE2F1D225686BE00E6EFD7 /* ShareAlbumAllowSocialCell.xib */,
				83CE2F1622556DAA00E6EFD7 /* ShareAlbumHelpCell.swift */,
				83CE2F1722556DAA00E6EFD7 /* ShareAlbumHelpCell.xib */,
			);
			path = "Share Albums";
			sourceTree = "<group>";
		};
		83D0BE1920B37D0D00555B73 /* Sorting and Filtering */ = {
			isa = PBXGroup;
			children = (
				83D0BE1A20B37D6F00555B73 /* SortyFilter.swift */,
				83D0BE2020B3817800555B73 /* Parameters.swift */,
				83D0BE1C20B37D6F00555B73 /* SortyFilter.xib */,
				83D0BE2320B39C6F00555B73 /* SegmentedControl.swift */,
				83D0BE2220B39C6F00555B73 /* SortControl.swift */,
				83D0BE2420B39C6F00555B73 /* SortControl.xib */,
			);
			name = "Sorting and Filtering";
			sourceTree = "<group>";
		};
		83DA1E83225A10BB0064E817 /* Album Sharing */ = {
			isa = PBXGroup;
			children = (
				83DA1E84225A10FE0064E817 /* AlbumSharingVC.swift */,
			);
			path = "Album Sharing";
			sourceTree = "<group>";
		};
		83F5CB532246D919006DBB2F /* SideMenu */ = {
			isa = PBXGroup;
			children = (
				83F5CB542246D938006DBB2F /* SideMenu.swift */,
				83F5CB562246EDA9006DBB2F /* LeftMenuVC.swift */,
				83F5CB582247FCA6006DBB2F /* SideMenuItem.swift */,
				83F5CB5A2247FCB8006DBB2F /* SideMenuItem.xib */,
				83F5CB5E2247FF64006DBB2F /* Menu.swift */,
				83F5CB602247FF71006DBB2F /* Menu.xib */,
			);
			path = SideMenu;
			sourceTree = "<group>";
		};
		83F882161E711600008F644A = {
			isa = PBXGroup;
			children = (
				83E4F9A31EFA194A006BE0F0 /* SharedImages.entitlements */,
				8324EE431E7781AD000656AF /* BridgingHeader.h */,
				83F8824A1E712004008F644A /* Code */,
				83F8823C1E711F80008F644A /* Resources */,
				8314991D226159C200AD6244 /* NeeblaTests */,
				83F882201E711600008F644A /* Products */,
				5A2E26FA8EB6BCDEC7439E57 /* Pods */,
				3533DE1430916FFEEF396932 /* Frameworks */,
			);
			sourceTree = "<group>";
		};
		83F882201E711600008F644A /* Products */ = {
			isa = PBXGroup;
			children = (
				83F8821F1E711600008F644A /* Neebla.app */,
				8314991C226159C200AD6244 /* NeeblaTests.xctest */,
			);
			name = Products;
			sourceTree = "<group>";
		};
		83F8823C1E711F80008F644A /* Resources */ = {
			isa = PBXGroup;
			children = (
				836E0C132260185B00BA4BC6 /* Settings.bundle */,
				83CE2F1A2255740500E6EFD7 /* SharingInvitationHelp.html */,
				83A2E6A61F76F83300A2E303 /* LottieAnimations */,
				83F8823D1E711FC6008F644A /* Assets.xcassets */,
				83F8823E1E711FC6008F644A /* LaunchScreen.storyboard */,
				83F882401E711FC6008F644A /* Main.storyboard */,
				83F882421E711FC6008F644A /* Info.plist */,
				83F882641E74A3C5008F644A /* GoogleService-Info.plist */,
				83F882661E74A600008F644A /* Server.plist */,
				833489702272967A002DC2E9 /* APIKeys.plist */,
				834A0CE5226963FA00B42573 /* Core Data Models */,
			);
			name = Resources;
			sourceTree = "<group>";
		};
		83F8824A1E712004008F644A /* Code */ = {
			isa = PBXGroup;
			children = (
				835A8A99223F3FEC0000FEA0 /* App Launch */,
				8324EE2A1E74ABCE000656AF /* SetupSignIn.swift */,
				83F882601E749C18008F644A /* Consts.swift */,
				834A0CEC2269865F00B42573 /* Media */,
				83F5CB532246D919006DBB2F /* SideMenu */,
				834A7E6D2037858800969B18 /* Misc UI */,
				8324EE2C1E74ABD4000656AF /* SignIn */,
				8324EE311E763DBE000656AF /* Images */,
				83C3406F201D57D400DAD865 /* DIscussion Threads */,
				83DA1E83225A10BB0064E817 /* Album Sharing */,
				835A8AAD22448BB90000FEA0 /* Settings */,
				83F882511E73B156008F644A /* Core Data */,
				831EEC4A2002D76B001821B9 /* Developer */,
				8324EE441E778623000656AF /* SDKs */,
			);
			path = Code;
			sourceTree = "<group>";
		};
		83F882511E73B156008F644A /* Core Data */ = {
			isa = PBXGroup;
			children = (
				830386E622694E3A00DB598D /* URLMediaObject+CoreDataProperties.swift */,
				830386D6226949AF00DB598D /* ImageMediaObject+CoreDataProperties.swift */,
				830386D8226949AF00DB598D /* DiscussionFileObject+CoreDataProperties.swift */,
				830386DC226949AF00DB598D /* FileMediaObject+CoreDataProperties.swift */,
				830386DA226949AF00DB598D /* FileObject+CoreDataProperties.swift */,
				830386D9226949AF00DB598D /* FileObject.swift */,
				830386DB226949AF00DB598D /* FileMediaObject.swift */,
				83C3407E201E42C400DAD865 /* DiscussionFileObject.swift */,
				83F882541E73B2DC008F644A /* ImageMediaObject.swift */,
				830386E522694E3A00DB598D /* URLMediaObject.swift */,
				83F882521E73B172008F644A /* CoreDataExtras.swift */,
			);
			name = "Core Data";
			sourceTree = "<group>";
		};
/* End PBXGroup section */

/* Begin PBXNativeTarget section */
		8314991B226159C200AD6244 /* NeeblaTests */ = {
			isa = PBXNativeTarget;
			buildConfigurationList = 83149923226159C200AD6244 /* Build configuration list for PBXNativeTarget "NeeblaTests" */;
			buildPhases = (
				2FB44972BCE344EB24EA9912 /* [CP] Check Pods Manifest.lock */,
				83149918226159C200AD6244 /* Sources */,
				83149919226159C200AD6244 /* Frameworks */,
				8314991A226159C200AD6244 /* Resources */,
			);
			buildRules = (
			);
			dependencies = (
				83149922226159C200AD6244 /* PBXTargetDependency */,
			);
			name = NeeblaTests;
			productName = NeeblaTests;
			productReference = 8314991C226159C200AD6244 /* NeeblaTests.xctest */;
			productType = "com.apple.product-type.bundle.unit-test";
		};
		83F8821E1E711600008F644A /* SharedImages */ = {
			isa = PBXNativeTarget;
			buildConfigurationList = 83F882341E711600008F644A /* Build configuration list for PBXNativeTarget "SharedImages" */;
			buildPhases = (
				85165C831E6E583405C214AA /* [CP] Check Pods Manifest.lock */,
				83F8821B1E711600008F644A /* Sources */,
				83F8821C1E711600008F644A /* Frameworks */,
				83F8821D1E711600008F644A /* Resources */,
				C1556D21C4BD5BF879CF9960 /* [CP] Embed Pods Frameworks */,
				83611DEC1F3802C700464E49 /* ShellScript */,
				22C7F4E644D323C383DB3EF8 /* [CP] Copy Pods Resources */,
				836E0C1522601A8C00BA4BC6 /* ShellScript */,
			);
			buildRules = (
			);
			dependencies = (
			);
			name = SharedImages;
			productName = SharedImages;
			productReference = 83F8821F1E711600008F644A /* Neebla.app */;
			productType = "com.apple.product-type.application";
		};
/* End PBXNativeTarget section */

/* Begin PBXProject section */
		83F882171E711600008F644A /* Project object */ = {
			isa = PBXProject;
			attributes = {
				DefaultBuildSystemTypeForWorkspace = Original;
				LastSwiftUpdateCheck = 1020;
				LastUpgradeCheck = 1020;
				ORGANIZATIONNAME = "Spastic Muffin, LLC";
				TargetAttributes = {
					8314991B226159C200AD6244 = {
						CreatedOnToolsVersion = 10.2;
						DevelopmentTeam = BH68R29JBE;
						ProvisioningStyle = Automatic;
						TestTargetID = 83F8821E1E711600008F644A;
					};
					83F8821E1E711600008F644A = {
						CreatedOnToolsVersion = 8.2;
						DevelopmentTeam = BH68R29JBE;
						LastSwiftMigration = 0900;
						ProvisioningStyle = Automatic;
						SystemCapabilities = {
							com.apple.GameCenter = {
								enabled = 1;
							};
							com.apple.InAppPurchase = {
								enabled = 1;
							};
							com.apple.Push = {
								enabled = 1;
							};
						};
					};
				};
			};
			buildConfigurationList = 83F8821A1E711600008F644A /* Build configuration list for PBXProject "SharedImages" */;
			compatibilityVersion = "Xcode 3.2";
			developmentRegion = en;
			hasScannedForEncodings = 0;
			knownRegions = (
				en,
				Base,
			);
			mainGroup = 83F882161E711600008F644A;
			productRefGroup = 83F882201E711600008F644A /* Products */;
			projectDirPath = "";
			projectRoot = "";
			targets = (
				83F8821E1E711600008F644A /* SharedImages */,
				8314991B226159C200AD6244 /* NeeblaTests */,
			);
		};
/* End PBXProject section */

/* Begin PBXResourcesBuildPhase section */
		8314991A226159C200AD6244 /* Resources */ = {
			isa = PBXResourcesBuildPhase;
			buildActionMask = 2147483647;
			files = (
			);
			runOnlyForDeploymentPostprocessing = 0;
		};
		83F8821D1E711600008F644A /* Resources */ = {
			isa = PBXResourcesBuildPhase;
			buildActionMask = 2147483647;
			files = (
				835A8AB62245BD4D0000FEA0 /* ImagesTitle.xib in Resources */,
				83A2E6AC1F76F84500A2E303 /* D.json in Resources */,
				83D0BE2720B39C7000555B73 /* SortControl.xib in Resources */,
				83CE2F1522556B6400E6EFD7 /* ShareAlbumPermissionCell.xib in Resources */,
				83F882471E711FC6008F644A /* Main.storyboard in Resources */,
				83A2E6AB1F76F84500A2E303 /* C.json in Resources */,
				83F882671E74A600008F644A /* Server.plist in Resources */,
				83CE2F1B2255740600E6EFD7 /* SharingInvitationHelp.html in Resources */,
				83A2E6AE1F76F84500A2E303 /* R.json in Resources */,
				83A2E6AD1F76F84500A2E303 /* N.json in Resources */,
				834A0CF4226A9DB700B42573 /* URLPickerVC.xib in Resources */,
				83CE2F1122550D9400E6EFD7 /* ShareAlbumNumberInviteesCell.xib in Resources */,
				83F882651E74A3C5008F644A /* GoogleService-Info.plist in Resources */,
				83D0BE1F20B37D6F00555B73 /* SortyFilter.xib in Resources */,
				834A0CF02269869100B42573 /* MediaSelectorVC.xib in Resources */,
				83CE2F1F225686BE00E6EFD7 /* ShareAlbumAllowSocialCell.xib in Resources */,
				833489752272980D002DC2E9 /* URLIcon.xib in Resources */,
				834A7E7F2037858800969B18 /* ProgressView.xib in Resources */,
				83F882451E711FC6008F644A /* Assets.xcassets in Resources */,
				83CE2F1922556DAA00E6EFD7 /* ShareAlbumHelpCell.xib in Resources */,
				83F882461E711FC6008F644A /* LaunchScreen.storyboard in Resources */,
				835A8AAA224478BC0000FEA0 /* AlbumCell.xib in Resources */,
				833489712272967A002DC2E9 /* APIKeys.plist in Resources */,
				83F5CB612247FF71006DBB2F /* Menu.xib in Resources */,
				836E0C142260185B00BA4BC6 /* Settings.bundle in Resources */,
				83F5CB5B2247FCB8006DBB2F /* SideMenuItem.xib in Resources */,
			);
			runOnlyForDeploymentPostprocessing = 0;
		};
/* End PBXResourcesBuildPhase section */

/* Begin PBXShellScriptBuildPhase section */
		22C7F4E644D323C383DB3EF8 /* [CP] Copy Pods Resources */ = {
			isa = PBXShellScriptBuildPhase;
			buildActionMask = 2147483647;
			files = (
			);
			inputPaths = (
				"${PODS_ROOT}/Target Support Files/Pods-SharedImages/Pods-SharedImages-resources.sh",
				"${PODS_ROOT}/SMGoogleSignIn/Framework/GoogleSignIn.framework/GoogleSignIn.bundle",
			);
			name = "[CP] Copy Pods Resources";
			outputPaths = (
				"${TARGET_BUILD_DIR}/${UNLOCALIZED_RESOURCES_FOLDER_PATH}/GoogleSignIn.bundle",
			);
			runOnlyForDeploymentPostprocessing = 0;
			shellPath = /bin/sh;
			shellScript = "\"${PODS_ROOT}/Target Support Files/Pods-SharedImages/Pods-SharedImages-resources.sh\"\n";
			showEnvVarsInLog = 0;
		};
		2FB44972BCE344EB24EA9912 /* [CP] Check Pods Manifest.lock */ = {
			isa = PBXShellScriptBuildPhase;
			buildActionMask = 2147483647;
			files = (
			);
			inputFileListPaths = (
			);
			inputPaths = (
				"${PODS_PODFILE_DIR_PATH}/Podfile.lock",
				"${PODS_ROOT}/Manifest.lock",
			);
			name = "[CP] Check Pods Manifest.lock";
			outputFileListPaths = (
			);
			outputPaths = (
				"$(DERIVED_FILE_DIR)/Pods-NeeblaTests-checkManifestLockResult.txt",
			);
			runOnlyForDeploymentPostprocessing = 0;
			shellPath = /bin/sh;
			shellScript = "diff \"${PODS_PODFILE_DIR_PATH}/Podfile.lock\" \"${PODS_ROOT}/Manifest.lock\" > /dev/null\nif [ $? != 0 ] ; then\n    # print error to STDERR\n    echo \"error: The sandbox is not in sync with the Podfile.lock. Run 'pod install' or update your CocoaPods installation.\" >&2\n    exit 1\nfi\n# This output is used by Xcode 'outputs' to avoid re-running this script phase.\necho \"SUCCESS\" > \"${SCRIPT_OUTPUT_FILE_0}\"\n";
			showEnvVarsInLog = 0;
		};
		83611DEC1F3802C700464E49 /* ShellScript */ = {
			isa = PBXShellScriptBuildPhase;
			buildActionMask = 2147483647;
			files = (
			);
			inputPaths = (
			);
			outputPaths = (
			);
			runOnlyForDeploymentPostprocessing = 0;
			shellPath = /bin/sh;
			shellScript = "\"${PODS_ROOT}/Fabric/run\" 237a6efa41c3712c4dc41003288df88ae5178ace be4decc6d7607c046cfeb875f6566953c885689481a0b1517f8ebe420708cc08\n";
		};
		836E0C1522601A8C00BA4BC6 /* ShellScript */ = {
			isa = PBXShellScriptBuildPhase;
			buildActionMask = 2147483647;
			files = (
			);
			inputFileListPaths = (
			);
			inputPaths = (
			);
			outputFileListPaths = (
			);
			outputPaths = (
			);
			runOnlyForDeploymentPostprocessing = 0;
			shellPath = /bin/sh;
			shellScript = "\"$SRCROOT/Tools/LicenseGenerator-iOS/credits.py\" -s \"$SRCROOT\" -o \"$SRCROOT/Resources/Settings.bundle/Acknowledgements.plist\" -e \"$SRCROOT/Tools/LicenseGenerator-iOS/Example,$SRCROOT/Tools/LicenseGenerator-iOS/Tests\"\n\n";
		};
		85165C831E6E583405C214AA /* [CP] Check Pods Manifest.lock */ = {
			isa = PBXShellScriptBuildPhase;
			buildActionMask = 2147483647;
			files = (
			);
			inputPaths = (
				"${PODS_PODFILE_DIR_PATH}/Podfile.lock",
				"${PODS_ROOT}/Manifest.lock",
			);
			name = "[CP] Check Pods Manifest.lock";
			outputPaths = (
				"$(DERIVED_FILE_DIR)/Pods-SharedImages-checkManifestLockResult.txt",
			);
			runOnlyForDeploymentPostprocessing = 0;
			shellPath = /bin/sh;
			shellScript = "diff \"${PODS_PODFILE_DIR_PATH}/Podfile.lock\" \"${PODS_ROOT}/Manifest.lock\" > /dev/null\nif [ $? != 0 ] ; then\n    # print error to STDERR\n    echo \"error: The sandbox is not in sync with the Podfile.lock. Run 'pod install' or update your CocoaPods installation.\" >&2\n    exit 1\nfi\n# This output is used by Xcode 'outputs' to avoid re-running this script phase.\necho \"SUCCESS\" > \"${SCRIPT_OUTPUT_FILE_0}\"\n";
			showEnvVarsInLog = 0;
		};
		C1556D21C4BD5BF879CF9960 /* [CP] Embed Pods Frameworks */ = {
			isa = PBXShellScriptBuildPhase;
			buildActionMask = 2147483647;
			files = (
			);
			inputPaths = (
				"${PODS_ROOT}/Target Support Files/Pods-SharedImages/Pods-SharedImages-frameworks.sh",
				"${BUILT_PRODUCTS_DIR}/Alamofire/Alamofire.framework",
				"${BUILT_PRODUCTS_DIR}/BadgeSwift/BadgeSwift.framework",
				"${BUILT_PRODUCTS_DIR}/Bolts/Bolts.framework",
				"${BUILT_PRODUCTS_DIR}/DropDown/DropDown.framework",
				"${BUILT_PRODUCTS_DIR}/FBSDKCoreKit/FBSDKCoreKit.framework",
				"${BUILT_PRODUCTS_DIR}/FBSDKLoginKit/FBSDKLoginKit.framework",
				"${BUILT_PRODUCTS_DIR}/FacebookCore/FacebookCore.framework",
				"${BUILT_PRODUCTS_DIR}/FacebookLogin/FacebookLogin.framework",
				"${BUILT_PRODUCTS_DIR}/FileMD5Hash/FileMD5Hash.framework",
				"${BUILT_PRODUCTS_DIR}/HPTextViewTapGestureRecognizer/HPTextViewTapGestureRecognizer.framework",
				"${BUILT_PRODUCTS_DIR}/Karte/Karte.framework",
				"${BUILT_PRODUCTS_DIR}/KeychainAccess/KeychainAccess.framework",
				"${BUILT_PRODUCTS_DIR}/LGSideMenuController/LGSideMenuController.framework",
				"${BUILT_PRODUCTS_DIR}/LMGeocoderUniversal/LMGeocoderUniversal.framework",
				"${BUILT_PRODUCTS_DIR}/LottiesBottom/LottiesBottom.framework",
				"${BUILT_PRODUCTS_DIR}/MessageInputBar/MessageInputBar.framework",
				"${BUILT_PRODUCTS_DIR}/MessageKit/MessageKit.framework",
				"${BUILT_PRODUCTS_DIR}/NVActivityIndicatorView/NVActivityIndicatorView.framework",
				"${BUILT_PRODUCTS_DIR}/NohanaImagePicker/NohanaImagePicker.framework",
				"${BUILT_PRODUCTS_DIR}/ODRefreshControl/ODRefreshControl.framework",
				"${BUILT_PRODUCTS_DIR}/ObjcExceptionBridging/ObjcExceptionBridging.framework",
				"${BUILT_PRODUCTS_DIR}/PersistentValue/PersistentValue.framework",
				"${BUILT_PRODUCTS_DIR}/Presentr/Presentr.framework",
				"${BUILT_PRODUCTS_DIR}/Reachability/Reachability.framework",
				"${BUILT_PRODUCTS_DIR}/SDCAlertView/SDCAlertView.framework",
				"${BUILT_PRODUCTS_DIR}/SMCoreLib/SMCoreLib.framework",
				"${PODS_ROOT}/SMGoogleSignIn/Framework/GoogleSignIn.framework",
				"${BUILT_PRODUCTS_DIR}/SMLinkPreview/SMLinkPreview.framework",
				"${BUILT_PRODUCTS_DIR}/SwiftyBeaver/SwiftyBeaver.framework",
				"${BUILT_PRODUCTS_DIR}/SwiftyDropbox/SwiftyDropbox.framework",
				"${BUILT_PRODUCTS_DIR}/SwiftyUserDefaults/SwiftyUserDefaults.framework",
				"${BUILT_PRODUCTS_DIR}/SyncServer/SyncServer.framework",
				"${BUILT_PRODUCTS_DIR}/SyncServer-Shared/SyncServer_Shared.framework",
				"${BUILT_PRODUCTS_DIR}/XCGLogger/XCGLogger.framework",
				"${BUILT_PRODUCTS_DIR}/lottie-ios/Lottie.framework",
				"${BUILT_PRODUCTS_DIR}/rosterdev/rosterdev.framework",
			);
			name = "[CP] Embed Pods Frameworks";
			outputPaths = (
				"${TARGET_BUILD_DIR}/${FRAMEWORKS_FOLDER_PATH}/Alamofire.framework",
				"${TARGET_BUILD_DIR}/${FRAMEWORKS_FOLDER_PATH}/BadgeSwift.framework",
				"${TARGET_BUILD_DIR}/${FRAMEWORKS_FOLDER_PATH}/Bolts.framework",
				"${TARGET_BUILD_DIR}/${FRAMEWORKS_FOLDER_PATH}/DropDown.framework",
				"${TARGET_BUILD_DIR}/${FRAMEWORKS_FOLDER_PATH}/FBSDKCoreKit.framework",
				"${TARGET_BUILD_DIR}/${FRAMEWORKS_FOLDER_PATH}/FBSDKLoginKit.framework",
				"${TARGET_BUILD_DIR}/${FRAMEWORKS_FOLDER_PATH}/FacebookCore.framework",
				"${TARGET_BUILD_DIR}/${FRAMEWORKS_FOLDER_PATH}/FacebookLogin.framework",
				"${TARGET_BUILD_DIR}/${FRAMEWORKS_FOLDER_PATH}/FileMD5Hash.framework",
				"${TARGET_BUILD_DIR}/${FRAMEWORKS_FOLDER_PATH}/HPTextViewTapGestureRecognizer.framework",
				"${TARGET_BUILD_DIR}/${FRAMEWORKS_FOLDER_PATH}/Karte.framework",
				"${TARGET_BUILD_DIR}/${FRAMEWORKS_FOLDER_PATH}/KeychainAccess.framework",
				"${TARGET_BUILD_DIR}/${FRAMEWORKS_FOLDER_PATH}/LGSideMenuController.framework",
				"${TARGET_BUILD_DIR}/${FRAMEWORKS_FOLDER_PATH}/LMGeocoderUniversal.framework",
				"${TARGET_BUILD_DIR}/${FRAMEWORKS_FOLDER_PATH}/LottiesBottom.framework",
				"${TARGET_BUILD_DIR}/${FRAMEWORKS_FOLDER_PATH}/MessageInputBar.framework",
				"${TARGET_BUILD_DIR}/${FRAMEWORKS_FOLDER_PATH}/MessageKit.framework",
				"${TARGET_BUILD_DIR}/${FRAMEWORKS_FOLDER_PATH}/NVActivityIndicatorView.framework",
				"${TARGET_BUILD_DIR}/${FRAMEWORKS_FOLDER_PATH}/NohanaImagePicker.framework",
				"${TARGET_BUILD_DIR}/${FRAMEWORKS_FOLDER_PATH}/ODRefreshControl.framework",
				"${TARGET_BUILD_DIR}/${FRAMEWORKS_FOLDER_PATH}/ObjcExceptionBridging.framework",
				"${TARGET_BUILD_DIR}/${FRAMEWORKS_FOLDER_PATH}/PersistentValue.framework",
				"${TARGET_BUILD_DIR}/${FRAMEWORKS_FOLDER_PATH}/Presentr.framework",
				"${TARGET_BUILD_DIR}/${FRAMEWORKS_FOLDER_PATH}/Reachability.framework",
				"${TARGET_BUILD_DIR}/${FRAMEWORKS_FOLDER_PATH}/SDCAlertView.framework",
				"${TARGET_BUILD_DIR}/${FRAMEWORKS_FOLDER_PATH}/SMCoreLib.framework",
				"${TARGET_BUILD_DIR}/${FRAMEWORKS_FOLDER_PATH}/GoogleSignIn.framework",
				"${TARGET_BUILD_DIR}/${FRAMEWORKS_FOLDER_PATH}/SMLinkPreview.framework",
				"${TARGET_BUILD_DIR}/${FRAMEWORKS_FOLDER_PATH}/SwiftyBeaver.framework",
				"${TARGET_BUILD_DIR}/${FRAMEWORKS_FOLDER_PATH}/SwiftyDropbox.framework",
				"${TARGET_BUILD_DIR}/${FRAMEWORKS_FOLDER_PATH}/SwiftyUserDefaults.framework",
				"${TARGET_BUILD_DIR}/${FRAMEWORKS_FOLDER_PATH}/SyncServer.framework",
				"${TARGET_BUILD_DIR}/${FRAMEWORKS_FOLDER_PATH}/SyncServer_Shared.framework",
				"${TARGET_BUILD_DIR}/${FRAMEWORKS_FOLDER_PATH}/XCGLogger.framework",
				"${TARGET_BUILD_DIR}/${FRAMEWORKS_FOLDER_PATH}/Lottie.framework",
				"${TARGET_BUILD_DIR}/${FRAMEWORKS_FOLDER_PATH}/rosterdev.framework",
			);
			runOnlyForDeploymentPostprocessing = 0;
			shellPath = /bin/sh;
			shellScript = "\"${PODS_ROOT}/Target Support Files/Pods-SharedImages/Pods-SharedImages-frameworks.sh\"\n";
			showEnvVarsInLog = 0;
		};
/* End PBXShellScriptBuildPhase section */

/* Begin PBXSourcesBuildPhase section */
		83149918226159C200AD6244 /* Sources */ = {
			isa = PBXSourcesBuildPhase;
			buildActionMask = 2147483647;
			files = (
				8314992A22615A5500AD6244 /* AppMetaData.swift in Sources */,
				8314992B22615A5500AD6244 /* FixedObjects.swift in Sources */,
				8314992D22615A5500AD6244 /* SharedImagesTests.swift in Sources */,
				8391A62222618F7D009ED960 /* TestProgressIndicator.swift in Sources */,
				8314992C22615A5500AD6244 /* FileGroupTests.swift in Sources */,
			);
			runOnlyForDeploymentPostprocessing = 0;
		};
		83F8821B1E711600008F644A /* Sources */ = {
			isa = PBXSourcesBuildPhase;
			buildActionMask = 2147483647;
			files = (
				8324EE331E764907000656AF /* SyncController.swift in Sources */,
				83C34081201E42C400DAD865 /* DiscussionFileObject.swift in Sources */,
				834A0CF3226A9DB700B42573 /* URLPickerVC.swift in Sources */,
				834A7E802037858800969B18 /* Types.swift in Sources */,
				83F5CB552246D938006DBB2F /* SideMenu.swift in Sources */,
				837F3FC61F6B763400EB7609 /* ProgressIndicator.swift in Sources */,
				83DA1E85225A10FE0064E817 /* AlbumSharingVC.swift in Sources */,
				83DC0C311EE7A0CD00727EF2 /* ImageExtras.swift in Sources */,
				830386E822694E3A00DB598D /* URLMediaObject+CoreDataProperties.swift in Sources */,
				83E518872160710D005C2374 /* ImagesHandler.swift in Sources */,
				83EACE772087083000C40AA3 /* DiscussionKeys.swift in Sources */,
				834A7E7D2037858800969B18 /* Progress.swift in Sources */,
				83DA1E82225974630064E817 /* AddressNavigation.swift in Sources */,
				83F882611E749C18008F644A /* Consts.swift in Sources */,
				83EFC096216EDE7300D7A3C4 /* SharingInviteDelegate.swift in Sources */,
				83C34071201D58C500DAD865 /* FixedObjects.swift in Sources */,
				83D0BE2620B39C7000555B73 /* SegmentedControl.swift in Sources */,
				830386E722694E3A00DB598D /* URLMediaObject.swift in Sources */,
				830386E3226949AF00DB598D /* FileMediaObject.swift in Sources */,
				834A0CEB22696B9B00B42573 /* SharedImages7-8.xcmappingmodel in Sources */,
				83F5CB572246EDA9006DBB2F /* LeftMenuVC.swift in Sources */,
				835A8A9F223F40300000FEA0 /* AppDelegate.swift in Sources */,
				83F882531E73B172008F644A /* CoreDataExtras.swift in Sources */,
				83D0BE2520B39C7000555B73 /* SortControl.swift in Sources */,
				8324EE301E75EC62000656AF /* SignInVC.swift in Sources */,
				835A8A9E223F40300000FEA0 /* Migrations.swift in Sources */,
				83F882561E73B2DC008F644A /* ImageMediaObject.swift in Sources */,
				83D0BE2120B3817800555B73 /* Parameters.swift in Sources */,
				831EEC4D2002D76B001821B9 /* DebugDashboardData.swift in Sources */,
				830386E4226949AF00DB598D /* FileMediaObject+CoreDataProperties.swift in Sources */,
				831EEC4E2002D76B001821B9 /* TestCases.swift in Sources */,
				835A8AB82245BD6F0000FEA0 /* ImagesTitle.swift in Sources */,
				8343F03A2166E973005F2EDC /* ODRefreshControl+Extras.swift in Sources */,
				83F882491E711FC6008F644A /* SharedImages.xcdatamodeld in Sources */,
				834E3E9320B3FF90006AC504 /* BottomRefresh.swift in Sources */,
				83CE2F092254592900E6EFD7 /* ShareAlbumVC.swift in Sources */,
				83CE2F1822556DAA00E6EFD7 /* ShareAlbumHelpCell.swift in Sources */,
				83F882501E73A6F6008F644A /* ImageCollectionVC.swift in Sources */,
				83EFC098216EDFB800D7A3C4 /* UIViewController+Extras.swift in Sources */,
				830B1DF11EFCAB8B0022FCC7 /* LRUCache.swift in Sources */,
				83D1FE341EAB074A00DD468F /* LargeImages.swift in Sources */,
				835A8A9D223F40300000FEA0 /* Environment.swift in Sources */,
				8380D2682161A6DC008D6231 /* Badge+Extras.swift in Sources */,
				835A8AAF22448BB90000FEA0 /* SettingsVC.swift in Sources */,
				835A8AA9224478BC0000FEA0 /* AlbumCell.swift in Sources */,
				83348973227297FA002DC2E9 /* URLIcon.swift in Sources */,
				835A8AA1223F40460000FEA0 /* Logger.swift in Sources */,
				83CE2F1022550D9400E6EFD7 /* ShareAlbumNumberInviteesCell.swift in Sources */,
				835A8AB1224566590000FEA0 /* RemoveUserFromAlbumVC.swift in Sources */,
				831521712206CC9000CA773D /* Notifications.swift in Sources */,
				835A8AA8224478BC0000FEA0 /* AlbumsVC.swift in Sources */,
				83F5CB5F2247FF64006DBB2F /* Menu.swift in Sources */,
				834A0CEF2269869100B42573 /* MediaSelectorVC.swift in Sources */,
				8324EE2B1E74ABCE000656AF /* SetupSignIn.swift in Sources */,
				830386E2226949AF00DB598D /* FileObject+CoreDataProperties.swift in Sources */,
				834A7E7E2037858800969B18 /* ProgressView.swift in Sources */,
				83F5CB522246D39E006DBB2F /* AcquireImages.swift in Sources */,
				83CE2F1422556B6400E6EFD7 /* ShareAlbumPermissionCell.swift in Sources */,
				835A8AB42245BCBD0000FEA0 /* ImagesVC.swift in Sources */,
				83CE2F1E225686BE00E6EFD7 /* ShareAlbumAllowSocialCell.swift in Sources */,
				83F5CB502246CCA2006DBB2F /* RemoveImages.swift in Sources */,
				83F5CB592247FCA6006DBB2F /* SideMenuItem.swift in Sources */,
				8334896F22701564002DC2E9 /* PreviewManager+Extras.swift in Sources */,
				834A7E792037858800969B18 /* Alert.swift in Sources */,
				830386DE226949AF00DB598D /* ImageMediaObject+CoreDataProperties.swift in Sources */,
				830386E0226949AF00DB598D /* DiscussionFileObject+CoreDataProperties.swift in Sources */,
				834A7E7A2037858800969B18 /* XibBasics.swift in Sources */,
				838C2DC020217F3000AB1F26 /* DiscussionVC.swift in Sources */,
				834A7E7B2037858800969B18 /* SyncSpinner.swift in Sources */,
				834A7E7C2037858800969B18 /* AppBadge.swift in Sources */,
				830386E1226949AF00DB598D /* FileObject.swift in Sources */,
				831A759E20279C76004F330A /* DiscussionMessage.swift in Sources */,
				8324EE4E1E778623000656AF /* CALayer+MBAnimationPersistence.m in Sources */,
				83D0BE1D20B37D6F00555B73 /* SortyFilter.swift in Sources */,
				83DA1E802256A24D0064E817 /* ShareAlbum.swift in Sources */,
			);
			runOnlyForDeploymentPostprocessing = 0;
		};
/* End PBXSourcesBuildPhase section */

/* Begin PBXTargetDependency section */
		83149922226159C200AD6244 /* PBXTargetDependency */ = {
			isa = PBXTargetDependency;
			target = 83F8821E1E711600008F644A /* SharedImages */;
			targetProxy = 83149921226159C200AD6244 /* PBXContainerItemProxy */;
		};
/* End PBXTargetDependency section */

/* Begin PBXVariantGroup section */
		83F8823E1E711FC6008F644A /* LaunchScreen.storyboard */ = {
			isa = PBXVariantGroup;
			children = (
				83F8823F1E711FC6008F644A /* Base */,
			);
			name = LaunchScreen.storyboard;
			sourceTree = "<group>";
		};
		83F882401E711FC6008F644A /* Main.storyboard */ = {
			isa = PBXVariantGroup;
			children = (
				83F882411E711FC6008F644A /* Base */,
			);
			name = Main.storyboard;
			sourceTree = "<group>";
		};
/* End PBXVariantGroup section */

/* Begin XCBuildConfiguration section */
		83149924226159C200AD6244 /* Debug */ = {
			isa = XCBuildConfiguration;
			baseConfigurationReference = F5A3947436165D7329EA56BC /* Pods-NeeblaTests.debug.xcconfig */;
			buildSettings = {
				BUNDLE_LOADER = "$(TEST_HOST)";
				CLANG_ANALYZER_NUMBER_OBJECT_CONVERSION = YES_AGGRESSIVE;
				CLANG_CXX_LANGUAGE_STANDARD = "gnu++14";
				CLANG_ENABLE_OBJC_WEAK = YES;
				CLANG_WARN_UNGUARDED_AVAILABILITY = YES_AGGRESSIVE;
				CODE_SIGN_IDENTITY = "iPhone Developer";
				CODE_SIGN_STYLE = Automatic;
				DEVELOPMENT_TEAM = BH68R29JBE;
				GCC_C_LANGUAGE_STANDARD = gnu11;
				INFOPLIST_FILE = NeeblaTests/Info.plist;
				IPHONEOS_DEPLOYMENT_TARGET = 12.2;
				LD_RUNPATH_SEARCH_PATHS = "$(inherited) @executable_path/Frameworks @loader_path/Frameworks";
				MTL_ENABLE_DEBUG_INFO = INCLUDE_SOURCE;
				MTL_FAST_MATH = YES;
				PRODUCT_BUNDLE_IDENTIFIER = com.SpasticMuffin.NeeblaTests;
				PRODUCT_NAME = "$(TARGET_NAME)";
				SWIFT_VERSION = 5.0;
				TARGETED_DEVICE_FAMILY = "1,2";
				TEST_HOST = "$(BUILT_PRODUCTS_DIR)/Neebla.app/Neebla";
			};
			name = Debug;
		};
		83149925226159C200AD6244 /* Release */ = {
			isa = XCBuildConfiguration;
			baseConfigurationReference = 854FB9347E2A443E983D7504 /* Pods-NeeblaTests.release.xcconfig */;
			buildSettings = {
				BUNDLE_LOADER = "$(TEST_HOST)";
				CLANG_ANALYZER_NUMBER_OBJECT_CONVERSION = YES_AGGRESSIVE;
				CLANG_CXX_LANGUAGE_STANDARD = "gnu++14";
				CLANG_ENABLE_OBJC_WEAK = YES;
				CLANG_WARN_UNGUARDED_AVAILABILITY = YES_AGGRESSIVE;
				CODE_SIGN_IDENTITY = "iPhone Developer";
				CODE_SIGN_STYLE = Automatic;
				DEVELOPMENT_TEAM = BH68R29JBE;
				GCC_C_LANGUAGE_STANDARD = gnu11;
				INFOPLIST_FILE = NeeblaTests/Info.plist;
				IPHONEOS_DEPLOYMENT_TARGET = 12.2;
				LD_RUNPATH_SEARCH_PATHS = "$(inherited) @executable_path/Frameworks @loader_path/Frameworks";
				MTL_FAST_MATH = YES;
				PRODUCT_BUNDLE_IDENTIFIER = com.SpasticMuffin.NeeblaTests;
				PRODUCT_NAME = "$(TARGET_NAME)";
				SWIFT_VERSION = 5.0;
				TARGETED_DEVICE_FAMILY = "1,2";
				TEST_HOST = "$(BUILT_PRODUCTS_DIR)/Neebla.app/Neebla";
			};
			name = Release;
		};
		83F882321E711600008F644A /* Debug */ = {
			isa = XCBuildConfiguration;
			buildSettings = {
				ALWAYS_SEARCH_USER_PATHS = NO;
				CLANG_ANALYZER_LOCALIZABILITY_NONLOCALIZED = YES;
				CLANG_ANALYZER_NONNULL = YES;
				CLANG_CXX_LANGUAGE_STANDARD = "gnu++0x";
				CLANG_CXX_LIBRARY = "libc++";
				CLANG_ENABLE_MODULES = YES;
				CLANG_ENABLE_OBJC_ARC = YES;
				CLANG_WARN_BLOCK_CAPTURE_AUTORELEASING = YES;
				CLANG_WARN_BOOL_CONVERSION = YES;
				CLANG_WARN_COMMA = YES;
				CLANG_WARN_CONSTANT_CONVERSION = YES;
				CLANG_WARN_DEPRECATED_OBJC_IMPLEMENTATIONS = YES;
				CLANG_WARN_DIRECT_OBJC_ISA_USAGE = YES_ERROR;
				CLANG_WARN_DOCUMENTATION_COMMENTS = YES;
				CLANG_WARN_EMPTY_BODY = YES;
				CLANG_WARN_ENUM_CONVERSION = YES;
				CLANG_WARN_INFINITE_RECURSION = YES;
				CLANG_WARN_INT_CONVERSION = YES;
				CLANG_WARN_NON_LITERAL_NULL_CONVERSION = YES;
				CLANG_WARN_OBJC_IMPLICIT_RETAIN_SELF = YES;
				CLANG_WARN_OBJC_LITERAL_CONVERSION = YES;
				CLANG_WARN_OBJC_ROOT_CLASS = YES_ERROR;
				CLANG_WARN_RANGE_LOOP_ANALYSIS = YES;
				CLANG_WARN_STRICT_PROTOTYPES = YES;
				CLANG_WARN_SUSPICIOUS_MOVE = YES;
				CLANG_WARN_UNREACHABLE_CODE = YES;
				CLANG_WARN__DUPLICATE_METHOD_MATCH = YES;
				"CODE_SIGN_IDENTITY[sdk=iphoneos*]" = "iPhone Developer";
				COPY_PHASE_STRIP = NO;
				DEBUG_INFORMATION_FORMAT = dwarf;
				ENABLE_STRICT_OBJC_MSGSEND = YES;
				ENABLE_TESTABILITY = YES;
				GCC_C_LANGUAGE_STANDARD = gnu99;
				GCC_DYNAMIC_NO_PIC = NO;
				GCC_NO_COMMON_BLOCKS = YES;
				GCC_OPTIMIZATION_LEVEL = 0;
				GCC_PREPROCESSOR_DEFINITIONS = (
					"DEBUG=1",
					"$(inherited)",
				);
				GCC_WARN_64_TO_32_BIT_CONVERSION = YES;
				GCC_WARN_ABOUT_RETURN_TYPE = YES_ERROR;
				GCC_WARN_UNDECLARED_SELECTOR = YES;
				GCC_WARN_UNINITIALIZED_AUTOS = YES_AGGRESSIVE;
				GCC_WARN_UNUSED_FUNCTION = YES;
				GCC_WARN_UNUSED_VARIABLE = YES;
				IPHONEOS_DEPLOYMENT_TARGET = 10.2;
				MTL_ENABLE_DEBUG_INFO = YES;
				ONLY_ACTIVE_ARCH = YES;
				SDKROOT = iphoneos;
				SWIFT_ACTIVE_COMPILATION_CONDITIONS = DEBUG;
				SWIFT_OPTIMIZATION_LEVEL = "-Onone";
				SWIFT_VERSION = 4.2;
				TARGETED_DEVICE_FAMILY = "1,2";
			};
			name = Debug;
		};
		83F882331E711600008F644A /* Release */ = {
			isa = XCBuildConfiguration;
			buildSettings = {
				ALWAYS_SEARCH_USER_PATHS = NO;
				CLANG_ANALYZER_LOCALIZABILITY_NONLOCALIZED = YES;
				CLANG_ANALYZER_NONNULL = YES;
				CLANG_CXX_LANGUAGE_STANDARD = "gnu++0x";
				CLANG_CXX_LIBRARY = "libc++";
				CLANG_ENABLE_MODULES = YES;
				CLANG_ENABLE_OBJC_ARC = YES;
				CLANG_WARN_BLOCK_CAPTURE_AUTORELEASING = YES;
				CLANG_WARN_BOOL_CONVERSION = YES;
				CLANG_WARN_COMMA = YES;
				CLANG_WARN_CONSTANT_CONVERSION = YES;
				CLANG_WARN_DEPRECATED_OBJC_IMPLEMENTATIONS = YES;
				CLANG_WARN_DIRECT_OBJC_ISA_USAGE = YES_ERROR;
				CLANG_WARN_DOCUMENTATION_COMMENTS = YES;
				CLANG_WARN_EMPTY_BODY = YES;
				CLANG_WARN_ENUM_CONVERSION = YES;
				CLANG_WARN_INFINITE_RECURSION = YES;
				CLANG_WARN_INT_CONVERSION = YES;
				CLANG_WARN_NON_LITERAL_NULL_CONVERSION = YES;
				CLANG_WARN_OBJC_IMPLICIT_RETAIN_SELF = YES;
				CLANG_WARN_OBJC_LITERAL_CONVERSION = YES;
				CLANG_WARN_OBJC_ROOT_CLASS = YES_ERROR;
				CLANG_WARN_RANGE_LOOP_ANALYSIS = YES;
				CLANG_WARN_STRICT_PROTOTYPES = YES;
				CLANG_WARN_SUSPICIOUS_MOVE = YES;
				CLANG_WARN_UNREACHABLE_CODE = YES;
				CLANG_WARN__DUPLICATE_METHOD_MATCH = YES;
				"CODE_SIGN_IDENTITY[sdk=iphoneos*]" = "iPhone Developer";
				COPY_PHASE_STRIP = NO;
				DEBUG_INFORMATION_FORMAT = "dwarf-with-dsym";
				ENABLE_NS_ASSERTIONS = NO;
				ENABLE_STRICT_OBJC_MSGSEND = YES;
				GCC_C_LANGUAGE_STANDARD = gnu99;
				GCC_NO_COMMON_BLOCKS = YES;
				GCC_WARN_64_TO_32_BIT_CONVERSION = YES;
				GCC_WARN_ABOUT_RETURN_TYPE = YES_ERROR;
				GCC_WARN_UNDECLARED_SELECTOR = YES;
				GCC_WARN_UNINITIALIZED_AUTOS = YES_AGGRESSIVE;
				GCC_WARN_UNUSED_FUNCTION = YES;
				GCC_WARN_UNUSED_VARIABLE = YES;
				IPHONEOS_DEPLOYMENT_TARGET = 10.2;
				MTL_ENABLE_DEBUG_INFO = NO;
				SDKROOT = iphoneos;
				SWIFT_OPTIMIZATION_LEVEL = "-Owholemodule";
				SWIFT_VERSION = 4.2;
				TARGETED_DEVICE_FAMILY = "1,2";
				VALIDATE_PRODUCT = YES;
			};
			name = Release;
		};
		83F882351E711600008F644A /* Debug */ = {
			isa = XCBuildConfiguration;
			baseConfigurationReference = C6274CDA252B1BF2F84D7D7D /* Pods-SharedImages.debug.xcconfig */;
			buildSettings = {
				ASSETCATALOG_COMPILER_APPICON_NAME = AppIcon;
				CODE_SIGN_ENTITLEMENTS = SharedImages.entitlements;
				CODE_SIGN_IDENTITY = "iPhone Developer";
				"CODE_SIGN_IDENTITY[sdk=iphoneos*]" = "iPhone Developer";
				CODE_SIGN_STYLE = Automatic;
				DEVELOPMENT_TEAM = "";
				INFOPLIST_FILE = "$(SRCROOT)/Resources/Info.plist";
				IPHONEOS_DEPLOYMENT_TARGET = 11.0;
				LD_RUNPATH_SEARCH_PATHS = "$(inherited) @executable_path/Frameworks";
				OTHER_SWIFT_FLAGS = "$(inherited) \"-D\" \"COCOAPODS\"";
				PRODUCT_BUNDLE_IDENTIFIER = biz.SpasticMuffin.SharedImages;
				PRODUCT_NAME = Neebla;
				PROVISIONING_PROFILE = "";
				PROVISIONING_PROFILE_SPECIFIER = "";
				SWIFT_OBJC_BRIDGING_HEADER = Code/BridgingHeader.h;
				SWIFT_SWIFT3_OBJC_INFERENCE = Default;
				SWIFT_VERSION = 4.2;
			};
			name = Debug;
		};
		83F882361E711600008F644A /* Release */ = {
			isa = XCBuildConfiguration;
			baseConfigurationReference = A1A9F2364274678096FAE708 /* Pods-SharedImages.release.xcconfig */;
			buildSettings = {
				ASSETCATALOG_COMPILER_APPICON_NAME = AppIcon;
				CODE_SIGN_ENTITLEMENTS = SharedImages.entitlements;
				CODE_SIGN_IDENTITY = "iPhone Developer";
				"CODE_SIGN_IDENTITY[sdk=iphoneos*]" = "iPhone Developer";
				CODE_SIGN_STYLE = Automatic;
				DEVELOPMENT_TEAM = "";
				INFOPLIST_FILE = "$(SRCROOT)/Resources/Info.plist";
				IPHONEOS_DEPLOYMENT_TARGET = 11.0;
				LD_RUNPATH_SEARCH_PATHS = "$(inherited) @executable_path/Frameworks";
				OTHER_SWIFT_FLAGS = "$(inherited) \"-D\" \"COCOAPODS\"";
				PRODUCT_BUNDLE_IDENTIFIER = biz.SpasticMuffin.SharedImages;
				PRODUCT_NAME = Neebla;
				PROVISIONING_PROFILE = "";
				PROVISIONING_PROFILE_SPECIFIER = "";
				SWIFT_OBJC_BRIDGING_HEADER = Code/BridgingHeader.h;
				SWIFT_SWIFT3_OBJC_INFERENCE = Default;
				SWIFT_VERSION = 4.2;
			};
			name = Release;
		};
/* End XCBuildConfiguration section */

/* Begin XCConfigurationList section */
		83149923226159C200AD6244 /* Build configuration list for PBXNativeTarget "NeeblaTests" */ = {
			isa = XCConfigurationList;
			buildConfigurations = (
				83149924226159C200AD6244 /* Debug */,
				83149925226159C200AD6244 /* Release */,
			);
			defaultConfigurationIsVisible = 0;
			defaultConfigurationName = Release;
		};
		83F8821A1E711600008F644A /* Build configuration list for PBXProject "SharedImages" */ = {
			isa = XCConfigurationList;
			buildConfigurations = (
				83F882321E711600008F644A /* Debug */,
				83F882331E711600008F644A /* Release */,
			);
			defaultConfigurationIsVisible = 0;
			defaultConfigurationName = Release;
		};
		83F882341E711600008F644A /* Build configuration list for PBXNativeTarget "SharedImages" */ = {
			isa = XCConfigurationList;
			buildConfigurations = (
				83F882351E711600008F644A /* Debug */,
				83F882361E711600008F644A /* Release */,
			);
			defaultConfigurationIsVisible = 0;
			defaultConfigurationName = Release;
		};
/* End XCConfigurationList section */

/* Begin XCVersionGroup section */
		83F882431E711FC6008F644A /* SharedImages.xcdatamodeld */ = {
			isa = XCVersionGroup;
			children = (
				830386C42269409900DB598D /* SharedImages8.xcdatamodel */,
				8373952A21A4AC090057E693 /* SharedImages7.xcdatamodel */,
				83DD1B8B215C88D10054932C /* SharedImages6.xcdatamodel */,
				83D7333B210D37D80077CB94 /* SharedImages5.xcdatamodel */,
				8389B1CB20A8FDF800B3D87A /* SharedImages4.xcdatamodel */,
				83C34074201D90E300DAD865 /* SharedImages3.xcdatamodel */,
				83DC0C2B1EE795FA00727EF2 /* SharedImages2.xcdatamodel */,
				83F882441E711FC6008F644A /* SharedImages.xcdatamodel */,
			);
			currentVersion = 830386C42269409900DB598D /* SharedImages8.xcdatamodel */;
			path = SharedImages.xcdatamodeld;
			sourceTree = "<group>";
			versionGroupType = wrapper.xcdatamodel;
		};
/* End XCVersionGroup section */
	};
	rootObject = 83F882171E711600008F644A /* Project object */;
}
