// !$*UTF8*$!
{
	archiveVersion = 1;
	classes = {
	};
	objectVersion = 46;
	objects = {

/* Begin PBXBuildFile section */
		2732DEE9F55439017415A76A /* Pods_SharedImages.framework in Frameworks */ = {isa = PBXBuildFile; fileRef = B908205C67FEB8F896E15398 /* Pods_SharedImages.framework */; };
		2987D796FBECCBAD42606057 /* Pods_SharedImagesTests.framework in Frameworks */ = {isa = PBXBuildFile; fileRef = 3038F6F57C4180ADED26DD5B /* Pods_SharedImagesTests.framework */; };
		830B1DF11EFCAB8B0022FCC7 /* LRUCache.swift in Sources */ = {isa = PBXBuildFile; fileRef = 830B1DF01EFCAB8B0022FCC7 /* LRUCache.swift */; };
		830B1DF91EFCC03E0022FCC7 /* SharedImagesTests.swift in Sources */ = {isa = PBXBuildFile; fileRef = 830B1DF81EFCC03E0022FCC7 /* SharedImagesTests.swift */; };
		831521712206CC9000CA773D /* Notifications.swift in Sources */ = {isa = PBXBuildFile; fileRef = 831521702206CC9000CA773D /* Notifications.swift */; };
		831A759E20279C76004F330A /* DiscussionMessage.swift in Sources */ = {isa = PBXBuildFile; fileRef = 831A759D20279C76004F330A /* DiscussionMessage.swift */; };
		831EEC4D2002D76B001821B9 /* DebugDashboardData.swift in Sources */ = {isa = PBXBuildFile; fileRef = 831EEC4B2002D76B001821B9 /* DebugDashboardData.swift */; };
		831EEC4E2002D76B001821B9 /* TestCases.swift in Sources */ = {isa = PBXBuildFile; fileRef = 831EEC4C2002D76B001821B9 /* TestCases.swift */; };
		8324EE2B1E74ABCE000656AF /* SetupSignIn.swift in Sources */ = {isa = PBXBuildFile; fileRef = 8324EE2A1E74ABCE000656AF /* SetupSignIn.swift */; };
		8324EE301E75EC62000656AF /* SignInVC.swift in Sources */ = {isa = PBXBuildFile; fileRef = 8324EE2F1E75EC62000656AF /* SignInVC.swift */; };
		8324EE331E764907000656AF /* SyncController.swift in Sources */ = {isa = PBXBuildFile; fileRef = 8324EE321E764907000656AF /* SyncController.swift */; };
		8324EE4E1E778623000656AF /* CALayer+MBAnimationPersistence.m in Sources */ = {isa = PBXBuildFile; fileRef = 8324EE471E778623000656AF /* CALayer+MBAnimationPersistence.m */; };
		8343F03A2166E973005F2EDC /* ODRefreshControl+Extras.swift in Sources */ = {isa = PBXBuildFile; fileRef = 8343F0392166E973005F2EDC /* ODRefreshControl+Extras.swift */; };
		834A7E782037858800969B18 /* TabControllerDelegate.swift in Sources */ = {isa = PBXBuildFile; fileRef = 834A7E6E2037858800969B18 /* TabControllerDelegate.swift */; };
		834A7E792037858800969B18 /* Alert.swift in Sources */ = {isa = PBXBuildFile; fileRef = 834A7E6F2037858800969B18 /* Alert.swift */; };
		834A7E7A2037858800969B18 /* XibBasics.swift in Sources */ = {isa = PBXBuildFile; fileRef = 834A7E702037858800969B18 /* XibBasics.swift */; };
		834A7E7B2037858800969B18 /* SyncSpinner.swift in Sources */ = {isa = PBXBuildFile; fileRef = 834A7E712037858800969B18 /* SyncSpinner.swift */; };
		834A7E7C2037858800969B18 /* AppBadge.swift in Sources */ = {isa = PBXBuildFile; fileRef = 834A7E722037858800969B18 /* AppBadge.swift */; };
		834A7E7D2037858800969B18 /* Progress.swift in Sources */ = {isa = PBXBuildFile; fileRef = 834A7E742037858800969B18 /* Progress.swift */; };
		834A7E7E2037858800969B18 /* ProgressView.swift in Sources */ = {isa = PBXBuildFile; fileRef = 834A7E752037858800969B18 /* ProgressView.swift */; };
		834A7E7F2037858800969B18 /* ProgressView.xib in Resources */ = {isa = PBXBuildFile; fileRef = 834A7E762037858800969B18 /* ProgressView.xib */; };
		834A7E802037858800969B18 /* Types.swift in Sources */ = {isa = PBXBuildFile; fileRef = 834A7E772037858800969B18 /* Types.swift */; };
		834E3E9320B3FF90006AC504 /* BottomRefresh.swift in Sources */ = {isa = PBXBuildFile; fileRef = 834E3E9220B3FF90006AC504 /* BottomRefresh.swift */; };
		835A3E471FB954AF009DB032 /* Environment.swift in Sources */ = {isa = PBXBuildFile; fileRef = 835A3E461FB954AF009DB032 /* Environment.swift */; };
		837F3FC41F6B752D00EB7609 /* TestProgressIndicator.swift in Sources */ = {isa = PBXBuildFile; fileRef = 837F3FC31F6B752D00EB7609 /* TestProgressIndicator.swift */; };
		837F3FC61F6B763400EB7609 /* ProgressIndicator.swift in Sources */ = {isa = PBXBuildFile; fileRef = 837F3FC51F6B763400EB7609 /* ProgressIndicator.swift */; };
		8380D2682161A6DC008D6231 /* Badge+Extras.swift in Sources */ = {isa = PBXBuildFile; fileRef = 8380D2672161A6DC008D6231 /* Badge+Extras.swift */; };
		8389B1D120A9171300B3D87A /* FileGroupTests.swift in Sources */ = {isa = PBXBuildFile; fileRef = 8389B1D020A9171300B3D87A /* FileGroupTests.swift */; };
		838C2DC020217F3000AB1F26 /* DiscussionVC.swift in Sources */ = {isa = PBXBuildFile; fileRef = 838C2DBF20217F3000AB1F26 /* DiscussionVC.swift */; };
		83A2E6AB1F76F84500A2E303 /* C.json in Resources */ = {isa = PBXBuildFile; fileRef = 83A2E6A71F76F83300A2E303 /* C.json */; };
		83A2E6AC1F76F84500A2E303 /* D.json in Resources */ = {isa = PBXBuildFile; fileRef = 83A2E6A81F76F83300A2E303 /* D.json */; };
		83A2E6AD1F76F84500A2E303 /* N.json in Resources */ = {isa = PBXBuildFile; fileRef = 83A2E6A91F76F83300A2E303 /* N.json */; };
		83A2E6AE1F76F84500A2E303 /* R.json in Resources */ = {isa = PBXBuildFile; fileRef = 83A2E6AA1F76F83300A2E303 /* R.json */; };
		83C34071201D58C500DAD865 /* FixedObjects.swift in Sources */ = {isa = PBXBuildFile; fileRef = 83C34070201D58C500DAD865 /* FixedObjects.swift */; };
		83C34073201D5B5600DAD865 /* FixedObjects.swift in Sources */ = {isa = PBXBuildFile; fileRef = 83C34072201D5B5600DAD865 /* FixedObjects.swift */; };
		83C34078201D939100DAD865 /* AppMetaData.swift in Sources */ = {isa = PBXBuildFile; fileRef = 83C34077201D939100DAD865 /* AppMetaData.swift */; };
		83C34081201E42C400DAD865 /* Discussion.swift in Sources */ = {isa = PBXBuildFile; fileRef = 83C3407E201E42C400DAD865 /* Discussion.swift */; };
		83C34082201E42C400DAD865 /* Discussion+CoreDataProperties.swift in Sources */ = {isa = PBXBuildFile; fileRef = 83C3407F201E42C400DAD865 /* Discussion+CoreDataProperties.swift */; };
		83D0BE1820B0C56200555B73 /* Migrations.swift in Sources */ = {isa = PBXBuildFile; fileRef = 83D0BE1720B0C56200555B73 /* Migrations.swift */; };
		83D0BE1D20B37D6F00555B73 /* SortyFilter.swift in Sources */ = {isa = PBXBuildFile; fileRef = 83D0BE1A20B37D6F00555B73 /* SortyFilter.swift */; };
		83D0BE1F20B37D6F00555B73 /* SortyFilter.xib in Resources */ = {isa = PBXBuildFile; fileRef = 83D0BE1C20B37D6F00555B73 /* SortyFilter.xib */; };
		83D0BE2120B3817800555B73 /* Parameters.swift in Sources */ = {isa = PBXBuildFile; fileRef = 83D0BE2020B3817800555B73 /* Parameters.swift */; };
		83D0BE2520B39C7000555B73 /* SortControl.swift in Sources */ = {isa = PBXBuildFile; fileRef = 83D0BE2220B39C6F00555B73 /* SortControl.swift */; };
		83D0BE2620B39C7000555B73 /* SegmentedControl.swift in Sources */ = {isa = PBXBuildFile; fileRef = 83D0BE2320B39C6F00555B73 /* SegmentedControl.swift */; };
		83D0BE2720B39C7000555B73 /* SortControl.xib in Resources */ = {isa = PBXBuildFile; fileRef = 83D0BE2420B39C6F00555B73 /* SortControl.xib */; };
		83D0BE2920B3B81C00555B73 /* UnreadCountBadge.swift in Sources */ = {isa = PBXBuildFile; fileRef = 83D0BE2820B3B81C00555B73 /* UnreadCountBadge.swift */; };
		83D1FE341EAB074A00DD468F /* LargeImages.swift in Sources */ = {isa = PBXBuildFile; fileRef = 83D1FE331EAB074A00DD468F /* LargeImages.swift */; };
		83D49C981F49468200409B0F /* SettingsVC.swift in Sources */ = {isa = PBXBuildFile; fileRef = 83D49C971F49468200409B0F /* SettingsVC.swift */; };
		83DC0C311EE7A0CD00727EF2 /* ImageExtras.swift in Sources */ = {isa = PBXBuildFile; fileRef = 83DC0C301EE7A0CD00727EF2 /* ImageExtras.swift */; };
		83E13B2520318366005A0A18 /* GameKit.framework in Frameworks */ = {isa = PBXBuildFile; fileRef = 83E13B2420318366005A0A18 /* GameKit.framework */; };
		83E13B272031836A005A0A18 /* StoreKit.framework in Frameworks */ = {isa = PBXBuildFile; fileRef = 83E13B262031836A005A0A18 /* StoreKit.framework */; };
		83E51880215FEDF4005C2374 /* AlbumsVC.swift in Sources */ = {isa = PBXBuildFile; fileRef = 83E5187F215FEDF4005C2374 /* AlbumsVC.swift */; };
		83E51882215FFD7F005C2374 /* AlbumCell.swift in Sources */ = {isa = PBXBuildFile; fileRef = 83E51881215FFD7E005C2374 /* AlbumCell.swift */; };
		83E51884215FFD92005C2374 /* AlbumCell.xib in Resources */ = {isa = PBXBuildFile; fileRef = 83E51883215FFD92005C2374 /* AlbumCell.xib */; };
		83E518872160710D005C2374 /* ImagesHandler.swift in Sources */ = {isa = PBXBuildFile; fileRef = 83E518862160710D005C2374 /* ImagesHandler.swift */; };
		83EACE772087083000C40AA3 /* DiscussionKeys.swift in Sources */ = {isa = PBXBuildFile; fileRef = 83EACE762087083000C40AA3 /* DiscussionKeys.swift */; };
		83EFC096216EDE7300D7A3C4 /* SharingInviteDelegate.swift in Sources */ = {isa = PBXBuildFile; fileRef = 83EFC095216EDE7300D7A3C4 /* SharingInviteDelegate.swift */; };
		83EFC098216EDFB800D7A3C4 /* UIViewController+Extras.swift in Sources */ = {isa = PBXBuildFile; fileRef = 83EFC097216EDFB800D7A3C4 /* UIViewController+Extras.swift */; };
		83F882451E711FC6008F644A /* Assets.xcassets in Resources */ = {isa = PBXBuildFile; fileRef = 83F8823D1E711FC6008F644A /* Assets.xcassets */; };
		83F882461E711FC6008F644A /* LaunchScreen.storyboard in Resources */ = {isa = PBXBuildFile; fileRef = 83F8823E1E711FC6008F644A /* LaunchScreen.storyboard */; };
		83F882471E711FC6008F644A /* Main.storyboard in Resources */ = {isa = PBXBuildFile; fileRef = 83F882401E711FC6008F644A /* Main.storyboard */; };
		83F882491E711FC6008F644A /* SharedImages.xcdatamodeld in Sources */ = {isa = PBXBuildFile; fileRef = 83F882431E711FC6008F644A /* SharedImages.xcdatamodeld */; };
		83F8824D1E712004008F644A /* AppDelegate.swift in Sources */ = {isa = PBXBuildFile; fileRef = 83F8824B1E712004008F644A /* AppDelegate.swift */; };
		83F8824E1E712004008F644A /* ImagesVC.swift in Sources */ = {isa = PBXBuildFile; fileRef = 83F8824C1E712004008F644A /* ImagesVC.swift */; };
		83F882501E73A6F6008F644A /* ImageCollectionVC.swift in Sources */ = {isa = PBXBuildFile; fileRef = 83F8824F1E73A6F6008F644A /* ImageCollectionVC.swift */; };
		83F882531E73B172008F644A /* CoreDataExtras.swift in Sources */ = {isa = PBXBuildFile; fileRef = 83F882521E73B172008F644A /* CoreDataExtras.swift */; };
		83F882561E73B2DC008F644A /* Image.swift in Sources */ = {isa = PBXBuildFile; fileRef = 83F882541E73B2DC008F644A /* Image.swift */; };
		83F882571E73B2DC008F644A /* Image+CoreDataProperties.swift in Sources */ = {isa = PBXBuildFile; fileRef = 83F882551E73B2DC008F644A /* Image+CoreDataProperties.swift */; };
		83F882611E749C18008F644A /* Consts.swift in Sources */ = {isa = PBXBuildFile; fileRef = 83F882601E749C18008F644A /* Consts.swift */; };
		83F882651E74A3C5008F644A /* GoogleService-Info.plist in Resources */ = {isa = PBXBuildFile; fileRef = 83F882641E74A3C5008F644A /* GoogleService-Info.plist */; };
		83F882671E74A600008F644A /* Server.plist in Resources */ = {isa = PBXBuildFile; fileRef = 83F882661E74A600008F644A /* Server.plist */; };
		83FAF3A21F4554B90009111B /* TrashActivity.swift in Sources */ = {isa = PBXBuildFile; fileRef = 83FAF3A11F4554B90009111B /* TrashActivity.swift */; };
/* End PBXBuildFile section */

/* Begin PBXContainerItemProxy section */
		830B1DFB1EFCC03E0022FCC7 /* PBXContainerItemProxy */ = {
			isa = PBXContainerItemProxy;
			containerPortal = 83F882171E711600008F644A /* Project object */;
			proxyType = 1;
			remoteGlobalIDString = 83F8821E1E711600008F644A;
			remoteInfo = SharedImages;
		};
/* End PBXContainerItemProxy section */

/* Begin PBXFileReference section */
		3038F6F57C4180ADED26DD5B /* Pods_SharedImagesTests.framework */ = {isa = PBXFileReference; explicitFileType = wrapper.framework; includeInIndex = 0; path = Pods_SharedImagesTests.framework; sourceTree = BUILT_PRODUCTS_DIR; };
		830B1DF01EFCAB8B0022FCC7 /* LRUCache.swift */ = {isa = PBXFileReference; fileEncoding = 4; lastKnownFileType = sourcecode.swift; path = LRUCache.swift; sourceTree = "<group>"; };
		830B1DF61EFCC03E0022FCC7 /* SharedImagesTests.xctest */ = {isa = PBXFileReference; explicitFileType = wrapper.cfbundle; includeInIndex = 0; path = SharedImagesTests.xctest; sourceTree = BUILT_PRODUCTS_DIR; };
		830B1DF81EFCC03E0022FCC7 /* SharedImagesTests.swift */ = {isa = PBXFileReference; lastKnownFileType = sourcecode.swift; path = SharedImagesTests.swift; sourceTree = "<group>"; };
		830B1DFA1EFCC03E0022FCC7 /* Info.plist */ = {isa = PBXFileReference; lastKnownFileType = text.plist.xml; path = Info.plist; sourceTree = "<group>"; };
		831521702206CC9000CA773D /* Notifications.swift */ = {isa = PBXFileReference; fileEncoding = 4; lastKnownFileType = sourcecode.swift; path = Notifications.swift; sourceTree = "<group>"; };
		831A759D20279C76004F330A /* DiscussionMessage.swift */ = {isa = PBXFileReference; lastKnownFileType = sourcecode.swift; path = DiscussionMessage.swift; sourceTree = "<group>"; };
		831EEC4B2002D76B001821B9 /* DebugDashboardData.swift */ = {isa = PBXFileReference; fileEncoding = 4; lastKnownFileType = sourcecode.swift; path = DebugDashboardData.swift; sourceTree = "<group>"; };
		831EEC4C2002D76B001821B9 /* TestCases.swift */ = {isa = PBXFileReference; fileEncoding = 4; lastKnownFileType = sourcecode.swift; path = TestCases.swift; sourceTree = "<group>"; };
		8324EE2A1E74ABCE000656AF /* SetupSignIn.swift */ = {isa = PBXFileReference; fileEncoding = 4; lastKnownFileType = sourcecode.swift; path = SetupSignIn.swift; sourceTree = "<group>"; };
		8324EE2F1E75EC62000656AF /* SignInVC.swift */ = {isa = PBXFileReference; fileEncoding = 4; lastKnownFileType = sourcecode.swift; path = SignInVC.swift; sourceTree = "<group>"; };
		8324EE321E764907000656AF /* SyncController.swift */ = {isa = PBXFileReference; fileEncoding = 4; lastKnownFileType = sourcecode.swift; path = SyncController.swift; sourceTree = "<group>"; };
		8324EE431E7781AD000656AF /* BridgingHeader.h */ = {isa = PBXFileReference; lastKnownFileType = sourcecode.c.h; name = BridgingHeader.h; path = Code/BridgingHeader.h; sourceTree = "<group>"; };
		8324EE461E778623000656AF /* CALayer+MBAnimationPersistence.h */ = {isa = PBXFileReference; fileEncoding = 4; lastKnownFileType = sourcecode.c.h; path = "CALayer+MBAnimationPersistence.h"; sourceTree = "<group>"; };
		8324EE471E778623000656AF /* CALayer+MBAnimationPersistence.m */ = {isa = PBXFileReference; fileEncoding = 4; lastKnownFileType = sourcecode.c.objc; path = "CALayer+MBAnimationPersistence.m"; sourceTree = "<group>"; };
		8343F0392166E973005F2EDC /* ODRefreshControl+Extras.swift */ = {isa = PBXFileReference; lastKnownFileType = sourcecode.swift; path = "ODRefreshControl+Extras.swift"; sourceTree = "<group>"; };
		834A7E6E2037858800969B18 /* TabControllerDelegate.swift */ = {isa = PBXFileReference; fileEncoding = 4; lastKnownFileType = sourcecode.swift; path = TabControllerDelegate.swift; sourceTree = "<group>"; };
		834A7E6F2037858800969B18 /* Alert.swift */ = {isa = PBXFileReference; fileEncoding = 4; lastKnownFileType = sourcecode.swift; path = Alert.swift; sourceTree = "<group>"; };
		834A7E702037858800969B18 /* XibBasics.swift */ = {isa = PBXFileReference; fileEncoding = 4; lastKnownFileType = sourcecode.swift; path = XibBasics.swift; sourceTree = "<group>"; };
		834A7E712037858800969B18 /* SyncSpinner.swift */ = {isa = PBXFileReference; fileEncoding = 4; lastKnownFileType = sourcecode.swift; path = SyncSpinner.swift; sourceTree = "<group>"; };
		834A7E722037858800969B18 /* AppBadge.swift */ = {isa = PBXFileReference; fileEncoding = 4; lastKnownFileType = sourcecode.swift; path = AppBadge.swift; sourceTree = "<group>"; };
		834A7E742037858800969B18 /* Progress.swift */ = {isa = PBXFileReference; fileEncoding = 4; lastKnownFileType = sourcecode.swift; path = Progress.swift; sourceTree = "<group>"; };
		834A7E752037858800969B18 /* ProgressView.swift */ = {isa = PBXFileReference; fileEncoding = 4; lastKnownFileType = sourcecode.swift; path = ProgressView.swift; sourceTree = "<group>"; };
		834A7E762037858800969B18 /* ProgressView.xib */ = {isa = PBXFileReference; fileEncoding = 4; lastKnownFileType = file.xib; path = ProgressView.xib; sourceTree = "<group>"; };
		834A7E772037858800969B18 /* Types.swift */ = {isa = PBXFileReference; fileEncoding = 4; lastKnownFileType = sourcecode.swift; path = Types.swift; sourceTree = "<group>"; };
		834E3E9220B3FF90006AC504 /* BottomRefresh.swift */ = {isa = PBXFileReference; lastKnownFileType = sourcecode.swift; path = BottomRefresh.swift; sourceTree = "<group>"; };
		835A3E461FB954AF009DB032 /* Environment.swift */ = {isa = PBXFileReference; fileEncoding = 4; lastKnownFileType = sourcecode.swift; path = Environment.swift; sourceTree = "<group>"; };
		8373952A21A4AC090057E693 /* SharedImages7.xcdatamodel */ = {isa = PBXFileReference; lastKnownFileType = wrapper.xcdatamodel; path = SharedImages7.xcdatamodel; sourceTree = "<group>"; };
		837F3FC31F6B752D00EB7609 /* TestProgressIndicator.swift */ = {isa = PBXFileReference; lastKnownFileType = sourcecode.swift; name = TestProgressIndicator.swift; path = Code/TestProgressIndicator.swift; sourceTree = SOURCE_ROOT; };
		837F3FC51F6B763400EB7609 /* ProgressIndicator.swift */ = {isa = PBXFileReference; lastKnownFileType = sourcecode.swift; path = ProgressIndicator.swift; sourceTree = "<group>"; };
		8380D2672161A6DC008D6231 /* Badge+Extras.swift */ = {isa = PBXFileReference; lastKnownFileType = sourcecode.swift; path = "Badge+Extras.swift"; sourceTree = "<group>"; };
		8389B1CB20A8FDF800B3D87A /* SharedImages4.xcdatamodel */ = {isa = PBXFileReference; lastKnownFileType = wrapper.xcdatamodel; path = SharedImages4.xcdatamodel; sourceTree = "<group>"; };
		8389B1D020A9171300B3D87A /* FileGroupTests.swift */ = {isa = PBXFileReference; lastKnownFileType = sourcecode.swift; path = FileGroupTests.swift; sourceTree = "<group>"; };
		838C2DBF20217F3000AB1F26 /* DiscussionVC.swift */ = {isa = PBXFileReference; lastKnownFileType = sourcecode.swift; path = DiscussionVC.swift; sourceTree = "<group>"; };
		83A2E6A71F76F83300A2E303 /* C.json */ = {isa = PBXFileReference; lastKnownFileType = text.json; path = C.json; sourceTree = "<group>"; };
		83A2E6A81F76F83300A2E303 /* D.json */ = {isa = PBXFileReference; lastKnownFileType = text.json; path = D.json; sourceTree = "<group>"; };
		83A2E6A91F76F83300A2E303 /* N.json */ = {isa = PBXFileReference; lastKnownFileType = text.json; path = N.json; sourceTree = "<group>"; };
		83A2E6AA1F76F83300A2E303 /* R.json */ = {isa = PBXFileReference; lastKnownFileType = text.json; path = R.json; sourceTree = "<group>"; };
		83C34070201D58C500DAD865 /* FixedObjects.swift */ = {isa = PBXFileReference; lastKnownFileType = sourcecode.swift; path = FixedObjects.swift; sourceTree = "<group>"; };
		83C34072201D5B5600DAD865 /* FixedObjects.swift */ = {isa = PBXFileReference; lastKnownFileType = sourcecode.swift; path = FixedObjects.swift; sourceTree = "<group>"; };
		83C34074201D90E300DAD865 /* SharedImages3.xcdatamodel */ = {isa = PBXFileReference; lastKnownFileType = wrapper.xcdatamodel; path = SharedImages3.xcdatamodel; sourceTree = "<group>"; };
		83C34077201D939100DAD865 /* AppMetaData.swift */ = {isa = PBXFileReference; lastKnownFileType = sourcecode.swift; path = AppMetaData.swift; sourceTree = "<group>"; };
		83C3407E201E42C400DAD865 /* Discussion.swift */ = {isa = PBXFileReference; lastKnownFileType = sourcecode.swift; name = Discussion.swift; path = "Core Data/Discussion.swift"; sourceTree = "<group>"; };
		83C3407F201E42C400DAD865 /* Discussion+CoreDataProperties.swift */ = {isa = PBXFileReference; lastKnownFileType = sourcecode.swift; name = "Discussion+CoreDataProperties.swift"; path = "Core Data/Discussion+CoreDataProperties.swift"; sourceTree = "<group>"; };
		83D0BE1720B0C56200555B73 /* Migrations.swift */ = {isa = PBXFileReference; lastKnownFileType = sourcecode.swift; path = Migrations.swift; sourceTree = "<group>"; };
		83D0BE1A20B37D6F00555B73 /* SortyFilter.swift */ = {isa = PBXFileReference; fileEncoding = 4; lastKnownFileType = sourcecode.swift; name = SortyFilter.swift; path = "Sorting and Filtering/SortyFilter.swift"; sourceTree = "<group>"; };
		83D0BE1C20B37D6F00555B73 /* SortyFilter.xib */ = {isa = PBXFileReference; fileEncoding = 4; lastKnownFileType = file.xib; name = SortyFilter.xib; path = "Sorting and Filtering/SortyFilter.xib"; sourceTree = "<group>"; };
		83D0BE2020B3817800555B73 /* Parameters.swift */ = {isa = PBXFileReference; lastKnownFileType = sourcecode.swift; name = Parameters.swift; path = "Sorting and Filtering/Parameters.swift"; sourceTree = "<group>"; };
		83D0BE2220B39C6F00555B73 /* SortControl.swift */ = {isa = PBXFileReference; fileEncoding = 4; lastKnownFileType = sourcecode.swift; name = SortControl.swift; path = "Sorting and Filtering/SortControl.swift"; sourceTree = "<group>"; };
		83D0BE2320B39C6F00555B73 /* SegmentedControl.swift */ = {isa = PBXFileReference; fileEncoding = 4; lastKnownFileType = sourcecode.swift; name = SegmentedControl.swift; path = "Sorting and Filtering/SegmentedControl.swift"; sourceTree = "<group>"; };
		83D0BE2420B39C6F00555B73 /* SortControl.xib */ = {isa = PBXFileReference; fileEncoding = 4; lastKnownFileType = file.xib; name = SortControl.xib; path = "Sorting and Filtering/SortControl.xib"; sourceTree = "<group>"; };
		83D0BE2820B3B81C00555B73 /* UnreadCountBadge.swift */ = {isa = PBXFileReference; lastKnownFileType = sourcecode.swift; path = UnreadCountBadge.swift; sourceTree = "<group>"; };
		83D1FE331EAB074A00DD468F /* LargeImages.swift */ = {isa = PBXFileReference; fileEncoding = 4; lastKnownFileType = sourcecode.swift; path = LargeImages.swift; sourceTree = "<group>"; };
		83D49C971F49468200409B0F /* SettingsVC.swift */ = {isa = PBXFileReference; fileEncoding = 4; lastKnownFileType = sourcecode.swift; path = SettingsVC.swift; sourceTree = "<group>"; };
		83D7333B210D37D80077CB94 /* SharedImages5.xcdatamodel */ = {isa = PBXFileReference; lastKnownFileType = wrapper.xcdatamodel; path = SharedImages5.xcdatamodel; sourceTree = "<group>"; };
		83DC0C2B1EE795FA00727EF2 /* SharedImages2.xcdatamodel */ = {isa = PBXFileReference; lastKnownFileType = wrapper.xcdatamodel; path = SharedImages2.xcdatamodel; sourceTree = "<group>"; };
		83DC0C301EE7A0CD00727EF2 /* ImageExtras.swift */ = {isa = PBXFileReference; fileEncoding = 4; lastKnownFileType = sourcecode.swift; path = ImageExtras.swift; sourceTree = "<group>"; };
		83DD1B8B215C88D10054932C /* SharedImages6.xcdatamodel */ = {isa = PBXFileReference; lastKnownFileType = wrapper.xcdatamodel; path = SharedImages6.xcdatamodel; sourceTree = "<group>"; };
		83E13B2420318366005A0A18 /* GameKit.framework */ = {isa = PBXFileReference; lastKnownFileType = wrapper.framework; name = GameKit.framework; path = System/Library/Frameworks/GameKit.framework; sourceTree = SDKROOT; };
		83E13B262031836A005A0A18 /* StoreKit.framework */ = {isa = PBXFileReference; lastKnownFileType = wrapper.framework; name = StoreKit.framework; path = System/Library/Frameworks/StoreKit.framework; sourceTree = SDKROOT; };
		83E4F9A31EFA194A006BE0F0 /* SharedImages.entitlements */ = {isa = PBXFileReference; lastKnownFileType = text.plist.entitlements; path = SharedImages.entitlements; sourceTree = "<group>"; };
		83E5187F215FEDF4005C2374 /* AlbumsVC.swift */ = {isa = PBXFileReference; lastKnownFileType = sourcecode.swift; path = AlbumsVC.swift; sourceTree = "<group>"; };
		83E51881215FFD7E005C2374 /* AlbumCell.swift */ = {isa = PBXFileReference; lastKnownFileType = sourcecode.swift; path = AlbumCell.swift; sourceTree = "<group>"; };
		83E51883215FFD92005C2374 /* AlbumCell.xib */ = {isa = PBXFileReference; lastKnownFileType = file.xib; path = AlbumCell.xib; sourceTree = "<group>"; };
		83E518862160710D005C2374 /* ImagesHandler.swift */ = {isa = PBXFileReference; lastKnownFileType = sourcecode.swift; path = ImagesHandler.swift; sourceTree = "<group>"; };
		83EACE762087083000C40AA3 /* DiscussionKeys.swift */ = {isa = PBXFileReference; fileEncoding = 4; lastKnownFileType = sourcecode.swift; path = DiscussionKeys.swift; sourceTree = "<group>"; };
		83EFC095216EDE7300D7A3C4 /* SharingInviteDelegate.swift */ = {isa = PBXFileReference; lastKnownFileType = sourcecode.swift; path = SharingInviteDelegate.swift; sourceTree = "<group>"; };
		83EFC097216EDFB800D7A3C4 /* UIViewController+Extras.swift */ = {isa = PBXFileReference; fileEncoding = 4; lastKnownFileType = sourcecode.swift; path = "UIViewController+Extras.swift"; sourceTree = "<group>"; };
		83F8821F1E711600008F644A /* SharedImages.app */ = {isa = PBXFileReference; explicitFileType = wrapper.application; includeInIndex = 0; path = SharedImages.app; sourceTree = BUILT_PRODUCTS_DIR; };
		83F8823D1E711FC6008F644A /* Assets.xcassets */ = {isa = PBXFileReference; lastKnownFileType = folder.assetcatalog; name = Assets.xcassets; path = Resources/Assets.xcassets; sourceTree = "<group>"; };
		83F8823F1E711FC6008F644A /* Base */ = {isa = PBXFileReference; lastKnownFileType = file.storyboard; name = Base; path = Resources/Base.lproj/LaunchScreen.storyboard; sourceTree = "<group>"; };
		83F882411E711FC6008F644A /* Base */ = {isa = PBXFileReference; lastKnownFileType = file.storyboard; name = Base; path = Resources/Base.lproj/Main.storyboard; sourceTree = "<group>"; };
		83F882421E711FC6008F644A /* Info.plist */ = {isa = PBXFileReference; fileEncoding = 4; lastKnownFileType = text.plist.xml; name = Info.plist; path = Resources/Info.plist; sourceTree = "<group>"; };
		83F882441E711FC6008F644A /* SharedImages.xcdatamodel */ = {isa = PBXFileReference; lastKnownFileType = wrapper.xcdatamodel; path = SharedImages.xcdatamodel; sourceTree = "<group>"; };
		83F8824B1E712004008F644A /* AppDelegate.swift */ = {isa = PBXFileReference; fileEncoding = 4; lastKnownFileType = sourcecode.swift; path = AppDelegate.swift; sourceTree = "<group>"; };
		83F8824C1E712004008F644A /* ImagesVC.swift */ = {isa = PBXFileReference; fileEncoding = 4; lastKnownFileType = sourcecode.swift; path = ImagesVC.swift; sourceTree = "<group>"; };
		83F8824F1E73A6F6008F644A /* ImageCollectionVC.swift */ = {isa = PBXFileReference; fileEncoding = 4; lastKnownFileType = sourcecode.swift; path = ImageCollectionVC.swift; sourceTree = "<group>"; };
		83F882521E73B172008F644A /* CoreDataExtras.swift */ = {isa = PBXFileReference; fileEncoding = 4; lastKnownFileType = sourcecode.swift; name = CoreDataExtras.swift; path = "Core Data/CoreDataExtras.swift"; sourceTree = "<group>"; };
		83F882541E73B2DC008F644A /* Image.swift */ = {isa = PBXFileReference; fileEncoding = 4; lastKnownFileType = sourcecode.swift; name = Image.swift; path = "Core Data/Image.swift"; sourceTree = "<group>"; };
		83F882551E73B2DC008F644A /* Image+CoreDataProperties.swift */ = {isa = PBXFileReference; fileEncoding = 4; lastKnownFileType = sourcecode.swift; name = "Image+CoreDataProperties.swift"; path = "Core Data/Image+CoreDataProperties.swift"; sourceTree = "<group>"; };
		83F882601E749C18008F644A /* Consts.swift */ = {isa = PBXFileReference; fileEncoding = 4; lastKnownFileType = sourcecode.swift; path = Consts.swift; sourceTree = "<group>"; };
		83F882641E74A3C5008F644A /* GoogleService-Info.plist */ = {isa = PBXFileReference; fileEncoding = 4; lastKnownFileType = text.plist.xml; name = "GoogleService-Info.plist"; path = "Resources/GoogleService-Info.plist"; sourceTree = "<group>"; };
		83F882661E74A600008F644A /* Server.plist */ = {isa = PBXFileReference; fileEncoding = 4; lastKnownFileType = text.plist.xml; name = Server.plist; path = Resources/Server.plist; sourceTree = "<group>"; };
		83FAF3A11F4554B90009111B /* TrashActivity.swift */ = {isa = PBXFileReference; fileEncoding = 4; lastKnownFileType = sourcecode.swift; path = TrashActivity.swift; sourceTree = "<group>"; };
		A1A9F2364274678096FAE708 /* Pods-SharedImages.release.xcconfig */ = {isa = PBXFileReference; includeInIndex = 1; lastKnownFileType = text.xcconfig; name = "Pods-SharedImages.release.xcconfig"; path = "Pods/Target Support Files/Pods-SharedImages/Pods-SharedImages.release.xcconfig"; sourceTree = "<group>"; };
		AB86EA543F8CCCC9287144E0 /* Pods-SharedImagesTests.release.xcconfig */ = {isa = PBXFileReference; includeInIndex = 1; lastKnownFileType = text.xcconfig; name = "Pods-SharedImagesTests.release.xcconfig"; path = "Pods/Target Support Files/Pods-SharedImagesTests/Pods-SharedImagesTests.release.xcconfig"; sourceTree = "<group>"; };
		B3A75F4AAE01ABAA5CEA09A0 /* Pods-SharedImagesTests.debug.xcconfig */ = {isa = PBXFileReference; includeInIndex = 1; lastKnownFileType = text.xcconfig; name = "Pods-SharedImagesTests.debug.xcconfig"; path = "Pods/Target Support Files/Pods-SharedImagesTests/Pods-SharedImagesTests.debug.xcconfig"; sourceTree = "<group>"; };
		B908205C67FEB8F896E15398 /* Pods_SharedImages.framework */ = {isa = PBXFileReference; explicitFileType = wrapper.framework; includeInIndex = 0; path = Pods_SharedImages.framework; sourceTree = BUILT_PRODUCTS_DIR; };
		C6274CDA252B1BF2F84D7D7D /* Pods-SharedImages.debug.xcconfig */ = {isa = PBXFileReference; includeInIndex = 1; lastKnownFileType = text.xcconfig; name = "Pods-SharedImages.debug.xcconfig"; path = "Pods/Target Support Files/Pods-SharedImages/Pods-SharedImages.debug.xcconfig"; sourceTree = "<group>"; };
/* End PBXFileReference section */

/* Begin PBXFrameworksBuildPhase section */
		830B1DF31EFCC03E0022FCC7 /* Frameworks */ = {
			isa = PBXFrameworksBuildPhase;
			buildActionMask = 2147483647;
			files = (
				2987D796FBECCBAD42606057 /* Pods_SharedImagesTests.framework in Frameworks */,
			);
			runOnlyForDeploymentPostprocessing = 0;
		};
		83F8821C1E711600008F644A /* Frameworks */ = {
			isa = PBXFrameworksBuildPhase;
			buildActionMask = 2147483647;
			files = (
				83E13B272031836A005A0A18 /* StoreKit.framework in Frameworks */,
				2732DEE9F55439017415A76A /* Pods_SharedImages.framework in Frameworks */,
				83E13B2520318366005A0A18 /* GameKit.framework in Frameworks */,
			);
			runOnlyForDeploymentPostprocessing = 0;
		};
/* End PBXFrameworksBuildPhase section */

/* Begin PBXGroup section */
		3533DE1430916FFEEF396932 /* Frameworks */ = {
			isa = PBXGroup;
			children = (
				83E13B262031836A005A0A18 /* StoreKit.framework */,
				83E13B2420318366005A0A18 /* GameKit.framework */,
				B908205C67FEB8F896E15398 /* Pods_SharedImages.framework */,
				3038F6F57C4180ADED26DD5B /* Pods_SharedImagesTests.framework */,
			);
			name = Frameworks;
			sourceTree = "<group>";
		};
		5A2E26FA8EB6BCDEC7439E57 /* Pods */ = {
			isa = PBXGroup;
			children = (
				C6274CDA252B1BF2F84D7D7D /* Pods-SharedImages.debug.xcconfig */,
				A1A9F2364274678096FAE708 /* Pods-SharedImages.release.xcconfig */,
				B3A75F4AAE01ABAA5CEA09A0 /* Pods-SharedImagesTests.debug.xcconfig */,
				AB86EA543F8CCCC9287144E0 /* Pods-SharedImagesTests.release.xcconfig */,
			);
			name = Pods;
			sourceTree = "<group>";
		};
		830B1DF71EFCC03E0022FCC7 /* SharedImagesTests */ = {
			isa = PBXGroup;
			children = (
				8389B1D020A9171300B3D87A /* FileGroupTests.swift */,
				83C34077201D939100DAD865 /* AppMetaData.swift */,
				83C34072201D5B5600DAD865 /* FixedObjects.swift */,
				837F3FC31F6B752D00EB7609 /* TestProgressIndicator.swift */,
				830B1DF81EFCC03E0022FCC7 /* SharedImagesTests.swift */,
				830B1DFA1EFCC03E0022FCC7 /* Info.plist */,
			);
			path = SharedImagesTests;
			sourceTree = "<group>";
		};
		831EEC4A2002D76B001821B9 /* Developer */ = {
			isa = PBXGroup;
			children = (
				831EEC4B2002D76B001821B9 /* DebugDashboardData.swift */,
				831EEC4C2002D76B001821B9 /* TestCases.swift */,
			);
			path = Developer;
			sourceTree = "<group>";
		};
		8324EE2C1E74ABD4000656AF /* SignIn */ = {
			isa = PBXGroup;
			children = (
				8324EE2F1E75EC62000656AF /* SignInVC.swift */,
			);
			name = SignIn;
			sourceTree = "<group>";
		};
		8324EE311E763DBE000656AF /* Images */ = {
			isa = PBXGroup;
			children = (
				83D0BE1920B37D0D00555B73 /* Sorting and Filtering */,
				83FAF3A01F45549E0009111B /* Sharing Activity */,
				83DC0C301EE7A0CD00727EF2 /* ImageExtras.swift */,
				83E5188521600334005C2374 /* Albums */,
				83F8824C1E712004008F644A /* ImagesVC.swift */,
				83D1FE331EAB074A00DD468F /* LargeImages.swift */,
				83F8824F1E73A6F6008F644A /* ImageCollectionVC.swift */,
				83E518862160710D005C2374 /* ImagesHandler.swift */,
				8324EE321E764907000656AF /* SyncController.swift */,
				830B1DF01EFCAB8B0022FCC7 /* LRUCache.swift */,
				837F3FC51F6B763400EB7609 /* ProgressIndicator.swift */,
				83D0BE2820B3B81C00555B73 /* UnreadCountBadge.swift */,
				834E3E9220B3FF90006AC504 /* BottomRefresh.swift */,
				8380D2672161A6DC008D6231 /* Badge+Extras.swift */,
				8343F0392166E973005F2EDC /* ODRefreshControl+Extras.swift */,
				83EFC095216EDE7300D7A3C4 /* SharingInviteDelegate.swift */,
				83EFC097216EDFB800D7A3C4 /* UIViewController+Extras.swift */,
			);
			name = Images;
			sourceTree = "<group>";
		};
		8324EE441E778623000656AF /* SDKs */ = {
			isa = PBXGroup;
			children = (
				8324EE451E778623000656AF /* CALayer+MBAnimationPersistence */,
			);
			path = SDKs;
			sourceTree = SOURCE_ROOT;
		};
		8324EE451E778623000656AF /* CALayer+MBAnimationPersistence */ = {
			isa = PBXGroup;
			children = (
				8324EE461E778623000656AF /* CALayer+MBAnimationPersistence.h */,
				8324EE471E778623000656AF /* CALayer+MBAnimationPersistence.m */,
			);
			path = "CALayer+MBAnimationPersistence";
			sourceTree = "<group>";
		};
		834A7E6D2037858800969B18 /* Misc UI */ = {
			isa = PBXGroup;
			children = (
				834A7E6E2037858800969B18 /* TabControllerDelegate.swift */,
				834A7E6F2037858800969B18 /* Alert.swift */,
				834A7E702037858800969B18 /* XibBasics.swift */,
				831521702206CC9000CA773D /* Notifications.swift */,
				834A7E712037858800969B18 /* SyncSpinner.swift */,
				834A7E722037858800969B18 /* AppBadge.swift */,
				834A7E732037858800969B18 /* Progress Indicator */,
				834A7E772037858800969B18 /* Types.swift */,
			);
			path = "Misc UI";
			sourceTree = "<group>";
		};
		834A7E732037858800969B18 /* Progress Indicator */ = {
			isa = PBXGroup;
			children = (
				834A7E742037858800969B18 /* Progress.swift */,
				834A7E752037858800969B18 /* ProgressView.swift */,
				834A7E762037858800969B18 /* ProgressView.xib */,
			);
			path = "Progress Indicator";
			sourceTree = "<group>";
		};
		83A2E6A61F76F83300A2E303 /* LottieAnimations */ = {
			isa = PBXGroup;
			children = (
				83A2E6A71F76F83300A2E303 /* C.json */,
				83A2E6A81F76F83300A2E303 /* D.json */,
				83A2E6A91F76F83300A2E303 /* N.json */,
				83A2E6AA1F76F83300A2E303 /* R.json */,
			);
			name = LottieAnimations;
			path = Resources/LottieAnimations;
			sourceTree = "<group>";
		};
		83C3406F201D57D400DAD865 /* DIscussion Threads */ = {
			isa = PBXGroup;
			children = (
				83EACE762087083000C40AA3 /* DiscussionKeys.swift */,
				83C34070201D58C500DAD865 /* FixedObjects.swift */,
				838C2DBF20217F3000AB1F26 /* DiscussionVC.swift */,
				831A759D20279C76004F330A /* DiscussionMessage.swift */,
			);
			path = "DIscussion Threads";
			sourceTree = "<group>";
		};
		83D0BE1920B37D0D00555B73 /* Sorting and Filtering */ = {
			isa = PBXGroup;
			children = (
				83D0BE1A20B37D6F00555B73 /* SortyFilter.swift */,
				83D0BE2020B3817800555B73 /* Parameters.swift */,
				83D0BE1C20B37D6F00555B73 /* SortyFilter.xib */,
				83D0BE2320B39C6F00555B73 /* SegmentedControl.swift */,
				83D0BE2220B39C6F00555B73 /* SortControl.swift */,
				83D0BE2420B39C6F00555B73 /* SortControl.xib */,
			);
			name = "Sorting and Filtering";
			sourceTree = "<group>";
		};
		83D49C961F49466600409B0F /* Settings */ = {
			isa = PBXGroup;
			children = (
				83D49C971F49468200409B0F /* SettingsVC.swift */,
			);
			name = Settings;
			sourceTree = "<group>";
		};
		83E5188521600334005C2374 /* Albums */ = {
			isa = PBXGroup;
			children = (
				83E5187F215FEDF4005C2374 /* AlbumsVC.swift */,
				83E51881215FFD7E005C2374 /* AlbumCell.swift */,
				83E51883215FFD92005C2374 /* AlbumCell.xib */,
			);
			name = Albums;
			sourceTree = "<group>";
		};
		83F882161E711600008F644A = {
			isa = PBXGroup;
			children = (
				83E4F9A31EFA194A006BE0F0 /* SharedImages.entitlements */,
				8324EE431E7781AD000656AF /* BridgingHeader.h */,
				83F8824A1E712004008F644A /* Code */,
				83F8823C1E711F80008F644A /* Resources */,
				830B1DF71EFCC03E0022FCC7 /* SharedImagesTests */,
				83F882201E711600008F644A /* Products */,
				5A2E26FA8EB6BCDEC7439E57 /* Pods */,
				3533DE1430916FFEEF396932 /* Frameworks */,
			);
			sourceTree = "<group>";
		};
		83F882201E711600008F644A /* Products */ = {
			isa = PBXGroup;
			children = (
				83F8821F1E711600008F644A /* SharedImages.app */,
				830B1DF61EFCC03E0022FCC7 /* SharedImagesTests.xctest */,
			);
			name = Products;
			sourceTree = "<group>";
		};
		83F8823C1E711F80008F644A /* Resources */ = {
			isa = PBXGroup;
			children = (
				83A2E6A61F76F83300A2E303 /* LottieAnimations */,
				83F8823D1E711FC6008F644A /* Assets.xcassets */,
				83F8823E1E711FC6008F644A /* LaunchScreen.storyboard */,
				83F882401E711FC6008F644A /* Main.storyboard */,
				83F882421E711FC6008F644A /* Info.plist */,
				83F882641E74A3C5008F644A /* GoogleService-Info.plist */,
				83F882661E74A600008F644A /* Server.plist */,
				83F882431E711FC6008F644A /* SharedImages.xcdatamodeld */,
			);
			name = Resources;
			sourceTree = "<group>";
		};
		83F8824A1E712004008F644A /* Code */ = {
			isa = PBXGroup;
			children = (
				83F8824B1E712004008F644A /* AppDelegate.swift */,
				835A3E461FB954AF009DB032 /* Environment.swift */,
				8324EE2A1E74ABCE000656AF /* SetupSignIn.swift */,
				83D0BE1720B0C56200555B73 /* Migrations.swift */,
				83F882601E749C18008F644A /* Consts.swift */,
				834A7E6D2037858800969B18 /* Misc UI */,
				8324EE2C1E74ABD4000656AF /* SignIn */,
				8324EE311E763DBE000656AF /* Images */,
				83C3406F201D57D400DAD865 /* DIscussion Threads */,
				83D49C961F49466600409B0F /* Settings */,
				83F882511E73B156008F644A /* Core Data */,
				831EEC4A2002D76B001821B9 /* Developer */,
				8324EE441E778623000656AF /* SDKs */,
			);
			path = Code;
			sourceTree = "<group>";
		};
		83F882511E73B156008F644A /* Core Data */ = {
			isa = PBXGroup;
			children = (
				83C3407E201E42C400DAD865 /* Discussion.swift */,
				83C3407F201E42C400DAD865 /* Discussion+CoreDataProperties.swift */,
				83F882541E73B2DC008F644A /* Image.swift */,
				83F882551E73B2DC008F644A /* Image+CoreDataProperties.swift */,
				83F882521E73B172008F644A /* CoreDataExtras.swift */,
			);
			name = "Core Data";
			sourceTree = "<group>";
		};
		83FAF3A01F45549E0009111B /* Sharing Activity */ = {
			isa = PBXGroup;
			children = (
				83FAF3A11F4554B90009111B /* TrashActivity.swift */,
			);
			name = "Sharing Activity";
			sourceTree = "<group>";
		};
/* End PBXGroup section */

/* Begin PBXNativeTarget section */
		830B1DF51EFCC03E0022FCC7 /* SharedImagesTests */ = {
			isa = PBXNativeTarget;
			buildConfigurationList = 830B1DFD1EFCC03E0022FCC7 /* Build configuration list for PBXNativeTarget "SharedImagesTests" */;
			buildPhases = (
				18A33E4BA3CF880E3AC4364B /* [CP] Check Pods Manifest.lock */,
				830B1DF21EFCC03E0022FCC7 /* Sources */,
				830B1DF31EFCC03E0022FCC7 /* Frameworks */,
				830B1DF41EFCC03E0022FCC7 /* Resources */,
			);
			buildRules = (
			);
			dependencies = (
				830B1DFC1EFCC03E0022FCC7 /* PBXTargetDependency */,
			);
			name = SharedImagesTests;
			productName = SharedImagesTests;
			productReference = 830B1DF61EFCC03E0022FCC7 /* SharedImagesTests.xctest */;
			productType = "com.apple.product-type.bundle.unit-test";
		};
		83F8821E1E711600008F644A /* SharedImages */ = {
			isa = PBXNativeTarget;
			buildConfigurationList = 83F882341E711600008F644A /* Build configuration list for PBXNativeTarget "SharedImages" */;
			buildPhases = (
				85165C831E6E583405C214AA /* [CP] Check Pods Manifest.lock */,
				83F8821B1E711600008F644A /* Sources */,
				83F8821C1E711600008F644A /* Frameworks */,
				83F8821D1E711600008F644A /* Resources */,
				C1556D21C4BD5BF879CF9960 /* [CP] Embed Pods Frameworks */,
				83611DEC1F3802C700464E49 /* ShellScript */,
				22C7F4E644D323C383DB3EF8 /* [CP] Copy Pods Resources */,
			);
			buildRules = (
			);
			dependencies = (
			);
			name = SharedImages;
			productName = SharedImages;
			productReference = 83F8821F1E711600008F644A /* SharedImages.app */;
			productType = "com.apple.product-type.application";
		};
/* End PBXNativeTarget section */

/* Begin PBXProject section */
		83F882171E711600008F644A /* Project object */ = {
			isa = PBXProject;
			attributes = {
				LastSwiftUpdateCheck = 0830;
				LastUpgradeCheck = 1000;
				ORGANIZATIONNAME = "Spastic Muffin, LLC";
				TargetAttributes = {
					830B1DF51EFCC03E0022FCC7 = {
						CreatedOnToolsVersion = 8.3.2;
						DevelopmentTeam = BH68R29JBE;
						LastSwiftMigration = 1000;
						ProvisioningStyle = Automatic;
						TestTargetID = 83F8821E1E711600008F644A;
					};
					83F8821E1E711600008F644A = {
						CreatedOnToolsVersion = 8.2;
						DevelopmentTeam = BH68R29JBE;
						LastSwiftMigration = 0900;
						ProvisioningStyle = Automatic;
						SystemCapabilities = {
							com.apple.GameCenter = {
								enabled = 1;
							};
							com.apple.InAppPurchase = {
								enabled = 1;
							};
							com.apple.Push = {
								enabled = 1;
							};
						};
					};
				};
			};
			buildConfigurationList = 83F8821A1E711600008F644A /* Build configuration list for PBXProject "SharedImages" */;
			compatibilityVersion = "Xcode 3.2";
			developmentRegion = English;
			hasScannedForEncodings = 0;
			knownRegions = (
				en,
				Base,
			);
			mainGroup = 83F882161E711600008F644A;
			productRefGroup = 83F882201E711600008F644A /* Products */;
			projectDirPath = "";
			projectRoot = "";
			targets = (
				83F8821E1E711600008F644A /* SharedImages */,
				830B1DF51EFCC03E0022FCC7 /* SharedImagesTests */,
			);
		};
/* End PBXProject section */

/* Begin PBXResourcesBuildPhase section */
		830B1DF41EFCC03E0022FCC7 /* Resources */ = {
			isa = PBXResourcesBuildPhase;
			buildActionMask = 2147483647;
			files = (
			);
			runOnlyForDeploymentPostprocessing = 0;
		};
		83F8821D1E711600008F644A /* Resources */ = {
			isa = PBXResourcesBuildPhase;
			buildActionMask = 2147483647;
			files = (
				83A2E6AC1F76F84500A2E303 /* D.json in Resources */,
				83D0BE2720B39C7000555B73 /* SortControl.xib in Resources */,
				83F882471E711FC6008F644A /* Main.storyboard in Resources */,
				83A2E6AB1F76F84500A2E303 /* C.json in Resources */,
				83F882671E74A600008F644A /* Server.plist in Resources */,
				83A2E6AE1F76F84500A2E303 /* R.json in Resources */,
				83A2E6AD1F76F84500A2E303 /* N.json in Resources */,
				83F882651E74A3C5008F644A /* GoogleService-Info.plist in Resources */,
				83E51884215FFD92005C2374 /* AlbumCell.xib in Resources */,
				83D0BE1F20B37D6F00555B73 /* SortyFilter.xib in Resources */,
				834A7E7F2037858800969B18 /* ProgressView.xib in Resources */,
				83F882451E711FC6008F644A /* Assets.xcassets in Resources */,
				83F882461E711FC6008F644A /* LaunchScreen.storyboard in Resources */,
			);
			runOnlyForDeploymentPostprocessing = 0;
		};
/* End PBXResourcesBuildPhase section */

/* Begin PBXShellScriptBuildPhase section */
		18A33E4BA3CF880E3AC4364B /* [CP] Check Pods Manifest.lock */ = {
			isa = PBXShellScriptBuildPhase;
			buildActionMask = 2147483647;
			files = (
			);
			inputPaths = (
				"${PODS_PODFILE_DIR_PATH}/Podfile.lock",
				"${PODS_ROOT}/Manifest.lock",
			);
			name = "[CP] Check Pods Manifest.lock";
			outputPaths = (
				"$(DERIVED_FILE_DIR)/Pods-SharedImagesTests-checkManifestLockResult.txt",
			);
			runOnlyForDeploymentPostprocessing = 0;
			shellPath = /bin/sh;
			shellScript = "diff \"${PODS_PODFILE_DIR_PATH}/Podfile.lock\" \"${PODS_ROOT}/Manifest.lock\" > /dev/null\nif [ $? != 0 ] ; then\n    # print error to STDERR\n    echo \"error: The sandbox is not in sync with the Podfile.lock. Run 'pod install' or update your CocoaPods installation.\" >&2\n    exit 1\nfi\n# This output is used by Xcode 'outputs' to avoid re-running this script phase.\necho \"SUCCESS\" > \"${SCRIPT_OUTPUT_FILE_0}\"\n";
			showEnvVarsInLog = 0;
		};
		22C7F4E644D323C383DB3EF8 /* [CP] Copy Pods Resources */ = {
			isa = PBXShellScriptBuildPhase;
			buildActionMask = 2147483647;
			files = (
			);
			inputPaths = (
				"${SRCROOT}/Pods/Target Support Files/Pods-SharedImages/Pods-SharedImages-resources.sh",
				"${PODS_ROOT}/GoogleSignIn/Framework/GoogleSignIn.framework/GoogleSignIn.bundle",
			);
			name = "[CP] Copy Pods Resources";
			outputPaths = (
				"${TARGET_BUILD_DIR}/${UNLOCALIZED_RESOURCES_FOLDER_PATH}/GoogleSignIn.bundle",
			);
			runOnlyForDeploymentPostprocessing = 0;
			shellPath = /bin/sh;
			shellScript = "\"${SRCROOT}/Pods/Target Support Files/Pods-SharedImages/Pods-SharedImages-resources.sh\"\n";
			showEnvVarsInLog = 0;
		};
		83611DEC1F3802C700464E49 /* ShellScript */ = {
			isa = PBXShellScriptBuildPhase;
			buildActionMask = 2147483647;
			files = (
			);
			inputPaths = (
			);
			outputPaths = (
			);
			runOnlyForDeploymentPostprocessing = 0;
			shellPath = /bin/sh;
			shellScript = "\"${PODS_ROOT}/Fabric/run\" 237a6efa41c3712c4dc41003288df88ae5178ace be4decc6d7607c046cfeb875f6566953c885689481a0b1517f8ebe420708cc08";
		};
		85165C831E6E583405C214AA /* [CP] Check Pods Manifest.lock */ = {
			isa = PBXShellScriptBuildPhase;
			buildActionMask = 2147483647;
			files = (
			);
			inputPaths = (
				"${PODS_PODFILE_DIR_PATH}/Podfile.lock",
				"${PODS_ROOT}/Manifest.lock",
			);
			name = "[CP] Check Pods Manifest.lock";
			outputPaths = (
				"$(DERIVED_FILE_DIR)/Pods-SharedImages-checkManifestLockResult.txt",
			);
			runOnlyForDeploymentPostprocessing = 0;
			shellPath = /bin/sh;
			shellScript = "diff \"${PODS_PODFILE_DIR_PATH}/Podfile.lock\" \"${PODS_ROOT}/Manifest.lock\" > /dev/null\nif [ $? != 0 ] ; then\n    # print error to STDERR\n    echo \"error: The sandbox is not in sync with the Podfile.lock. Run 'pod install' or update your CocoaPods installation.\" >&2\n    exit 1\nfi\n# This output is used by Xcode 'outputs' to avoid re-running this script phase.\necho \"SUCCESS\" > \"${SCRIPT_OUTPUT_FILE_0}\"\n";
			showEnvVarsInLog = 0;
		};
		C1556D21C4BD5BF879CF9960 /* [CP] Embed Pods Frameworks */ = {
			isa = PBXShellScriptBuildPhase;
			buildActionMask = 2147483647;
			files = (
			);
			inputPaths = (
				"${SRCROOT}/Pods/Target Support Files/Pods-SharedImages/Pods-SharedImages-frameworks.sh",
				"${BUILT_PRODUCTS_DIR}/Alamofire/Alamofire.framework",
				"${BUILT_PRODUCTS_DIR}/BadgeSwift/BadgeSwift.framework",
				"${BUILT_PRODUCTS_DIR}/Bolts/Bolts.framework",
				"${BUILT_PRODUCTS_DIR}/DropDown/DropDown.framework",
				"${BUILT_PRODUCTS_DIR}/FBSDKCoreKit/FBSDKCoreKit.framework",
				"${BUILT_PRODUCTS_DIR}/FBSDKLoginKit/FBSDKLoginKit.framework",
				"${BUILT_PRODUCTS_DIR}/FacebookCore/FacebookCore.framework",
				"${BUILT_PRODUCTS_DIR}/FacebookLogin/FacebookLogin.framework",
				"${BUILT_PRODUCTS_DIR}/FileMD5Hash/FileMD5Hash.framework",
				"${BUILT_PRODUCTS_DIR}/Gloss/Gloss.framework",
				"${PODS_ROOT}/GoogleSignIn/Framework/GoogleSignIn.framework",
				"${BUILT_PRODUCTS_DIR}/HPTextViewTapGestureRecognizer/HPTextViewTapGestureRecognizer.framework",
				"${BUILT_PRODUCTS_DIR}/KeychainAccess/KeychainAccess.framework",
				"${BUILT_PRODUCTS_DIR}/LottiesBottom/LottiesBottom.framework",
				"${BUILT_PRODUCTS_DIR}/MessageKit/MessageKit.framework",
				"${BUILT_PRODUCTS_DIR}/ODRefreshControl/ODRefreshControl.framework",
				"${BUILT_PRODUCTS_DIR}/PersistentValue/PersistentValue.framework",
				"${BUILT_PRODUCTS_DIR}/Presentr/Presentr.framework",
				"${BUILT_PRODUCTS_DIR}/Reachability/Reachability.framework",
				"${BUILT_PRODUCTS_DIR}/SDCAlertView/SDCAlertView.framework",
				"${BUILT_PRODUCTS_DIR}/SMCoreLib/SMCoreLib.framework",
				"${BUILT_PRODUCTS_DIR}/SwiftyBeaver/SwiftyBeaver.framework",
				"${BUILT_PRODUCTS_DIR}/SwiftyDropbox/SwiftyDropbox.framework",
				"${BUILT_PRODUCTS_DIR}/SwiftyUserDefaults/SwiftyUserDefaults.framework",
				"${BUILT_PRODUCTS_DIR}/SyncServer/SyncServer.framework",
				"${BUILT_PRODUCTS_DIR}/SyncServer-Shared/SyncServer_Shared.framework",
				"${BUILT_PRODUCTS_DIR}/lottie-ios/Lottie.framework",
				"${BUILT_PRODUCTS_DIR}/rosterdev/rosterdev.framework",
			);
			name = "[CP] Embed Pods Frameworks";
			outputPaths = (
				"${TARGET_BUILD_DIR}/${FRAMEWORKS_FOLDER_PATH}/Alamofire.framework",
				"${TARGET_BUILD_DIR}/${FRAMEWORKS_FOLDER_PATH}/BadgeSwift.framework",
				"${TARGET_BUILD_DIR}/${FRAMEWORKS_FOLDER_PATH}/Bolts.framework",
				"${TARGET_BUILD_DIR}/${FRAMEWORKS_FOLDER_PATH}/DropDown.framework",
				"${TARGET_BUILD_DIR}/${FRAMEWORKS_FOLDER_PATH}/FBSDKCoreKit.framework",
				"${TARGET_BUILD_DIR}/${FRAMEWORKS_FOLDER_PATH}/FBSDKLoginKit.framework",
				"${TARGET_BUILD_DIR}/${FRAMEWORKS_FOLDER_PATH}/FacebookCore.framework",
				"${TARGET_BUILD_DIR}/${FRAMEWORKS_FOLDER_PATH}/FacebookLogin.framework",
				"${TARGET_BUILD_DIR}/${FRAMEWORKS_FOLDER_PATH}/FileMD5Hash.framework",
				"${TARGET_BUILD_DIR}/${FRAMEWORKS_FOLDER_PATH}/Gloss.framework",
				"${TARGET_BUILD_DIR}/${FRAMEWORKS_FOLDER_PATH}/GoogleSignIn.framework",
				"${TARGET_BUILD_DIR}/${FRAMEWORKS_FOLDER_PATH}/HPTextViewTapGestureRecognizer.framework",
				"${TARGET_BUILD_DIR}/${FRAMEWORKS_FOLDER_PATH}/KeychainAccess.framework",
				"${TARGET_BUILD_DIR}/${FRAMEWORKS_FOLDER_PATH}/LottiesBottom.framework",
				"${TARGET_BUILD_DIR}/${FRAMEWORKS_FOLDER_PATH}/MessageKit.framework",
				"${TARGET_BUILD_DIR}/${FRAMEWORKS_FOLDER_PATH}/ODRefreshControl.framework",
				"${TARGET_BUILD_DIR}/${FRAMEWORKS_FOLDER_PATH}/PersistentValue.framework",
				"${TARGET_BUILD_DIR}/${FRAMEWORKS_FOLDER_PATH}/Presentr.framework",
				"${TARGET_BUILD_DIR}/${FRAMEWORKS_FOLDER_PATH}/Reachability.framework",
				"${TARGET_BUILD_DIR}/${FRAMEWORKS_FOLDER_PATH}/SDCAlertView.framework",
				"${TARGET_BUILD_DIR}/${FRAMEWORKS_FOLDER_PATH}/SMCoreLib.framework",
				"${TARGET_BUILD_DIR}/${FRAMEWORKS_FOLDER_PATH}/SwiftyBeaver.framework",
				"${TARGET_BUILD_DIR}/${FRAMEWORKS_FOLDER_PATH}/SwiftyDropbox.framework",
				"${TARGET_BUILD_DIR}/${FRAMEWORKS_FOLDER_PATH}/SwiftyUserDefaults.framework",
				"${TARGET_BUILD_DIR}/${FRAMEWORKS_FOLDER_PATH}/SyncServer.framework",
				"${TARGET_BUILD_DIR}/${FRAMEWORKS_FOLDER_PATH}/SyncServer_Shared.framework",
				"${TARGET_BUILD_DIR}/${FRAMEWORKS_FOLDER_PATH}/Lottie.framework",
				"${TARGET_BUILD_DIR}/${FRAMEWORKS_FOLDER_PATH}/rosterdev.framework",
			);
			runOnlyForDeploymentPostprocessing = 0;
			shellPath = /bin/sh;
			shellScript = "\"${SRCROOT}/Pods/Target Support Files/Pods-SharedImages/Pods-SharedImages-frameworks.sh\"\n";
			showEnvVarsInLog = 0;
		};
/* End PBXShellScriptBuildPhase section */

/* Begin PBXSourcesBuildPhase section */
		830B1DF21EFCC03E0022FCC7 /* Sources */ = {
			isa = PBXSourcesBuildPhase;
			buildActionMask = 2147483647;
			files = (
				837F3FC41F6B752D00EB7609 /* TestProgressIndicator.swift in Sources */,
				83C34073201D5B5600DAD865 /* FixedObjects.swift in Sources */,
				83C34078201D939100DAD865 /* AppMetaData.swift in Sources */,
				8389B1D120A9171300B3D87A /* FileGroupTests.swift in Sources */,
				830B1DF91EFCC03E0022FCC7 /* SharedImagesTests.swift in Sources */,
			);
			runOnlyForDeploymentPostprocessing = 0;
		};
		83F8821B1E711600008F644A /* Sources */ = {
			isa = PBXSourcesBuildPhase;
			buildActionMask = 2147483647;
			files = (
				8324EE331E764907000656AF /* SyncController.swift in Sources */,
				83E51880215FEDF4005C2374 /* AlbumsVC.swift in Sources */,
				83C34081201E42C400DAD865 /* Discussion.swift in Sources */,
				834A7E802037858800969B18 /* Types.swift in Sources */,
				837F3FC61F6B763400EB7609 /* ProgressIndicator.swift in Sources */,
				83DC0C311EE7A0CD00727EF2 /* ImageExtras.swift in Sources */,
				83F8824E1E712004008F644A /* ImagesVC.swift in Sources */,
				83E518872160710D005C2374 /* ImagesHandler.swift in Sources */,
				83EACE772087083000C40AA3 /* DiscussionKeys.swift in Sources */,
				834A7E7D2037858800969B18 /* Progress.swift in Sources */,
				83F882611E749C18008F644A /* Consts.swift in Sources */,
				83F8824D1E712004008F644A /* AppDelegate.swift in Sources */,
				83EFC096216EDE7300D7A3C4 /* SharingInviteDelegate.swift in Sources */,
				83C34071201D58C500DAD865 /* FixedObjects.swift in Sources */,
				83D0BE2920B3B81C00555B73 /* UnreadCountBadge.swift in Sources */,
				83D0BE2620B39C7000555B73 /* SegmentedControl.swift in Sources */,
				83F882531E73B172008F644A /* CoreDataExtras.swift in Sources */,
				83D0BE2520B39C7000555B73 /* SortControl.swift in Sources */,
				8324EE301E75EC62000656AF /* SignInVC.swift in Sources */,
				83F882561E73B2DC008F644A /* Image.swift in Sources */,
				83D0BE2120B3817800555B73 /* Parameters.swift in Sources */,
				831EEC4D2002D76B001821B9 /* DebugDashboardData.swift in Sources */,
				831EEC4E2002D76B001821B9 /* TestCases.swift in Sources */,
				8343F03A2166E973005F2EDC /* ODRefreshControl+Extras.swift in Sources */,
				83D49C981F49468200409B0F /* SettingsVC.swift in Sources */,
				83F882491E711FC6008F644A /* SharedImages.xcdatamodeld in Sources */,
				834E3E9320B3FF90006AC504 /* BottomRefresh.swift in Sources */,
				834A7E782037858800969B18 /* TabControllerDelegate.swift in Sources */,
				83F882501E73A6F6008F644A /* ImageCollectionVC.swift in Sources */,
				83EFC098216EDFB800D7A3C4 /* UIViewController+Extras.swift in Sources */,
				83D0BE1820B0C56200555B73 /* Migrations.swift in Sources */,
				830B1DF11EFCAB8B0022FCC7 /* LRUCache.swift in Sources */,
				83D1FE341EAB074A00DD468F /* LargeImages.swift in Sources */,
				8380D2682161A6DC008D6231 /* Badge+Extras.swift in Sources */,
				831521712206CC9000CA773D /* Notifications.swift in Sources */,
				83C34082201E42C400DAD865 /* Discussion+CoreDataProperties.swift in Sources */,
				8324EE2B1E74ABCE000656AF /* SetupSignIn.swift in Sources */,
				83E51882215FFD7F005C2374 /* AlbumCell.swift in Sources */,
				834A7E7E2037858800969B18 /* ProgressView.swift in Sources */,
				83F882571E73B2DC008F644A /* Image+CoreDataProperties.swift in Sources */,
				834A7E792037858800969B18 /* Alert.swift in Sources */,
				835A3E471FB954AF009DB032 /* Environment.swift in Sources */,
				83FAF3A21F4554B90009111B /* TrashActivity.swift in Sources */,
				834A7E7A2037858800969B18 /* XibBasics.swift in Sources */,
				838C2DC020217F3000AB1F26 /* DiscussionVC.swift in Sources */,
				834A7E7B2037858800969B18 /* SyncSpinner.swift in Sources */,
				834A7E7C2037858800969B18 /* AppBadge.swift in Sources */,
				831A759E20279C76004F330A /* DiscussionMessage.swift in Sources */,
				8324EE4E1E778623000656AF /* CALayer+MBAnimationPersistence.m in Sources */,
				83D0BE1D20B37D6F00555B73 /* SortyFilter.swift in Sources */,
			);
			runOnlyForDeploymentPostprocessing = 0;
		};
/* End PBXSourcesBuildPhase section */

/* Begin PBXTargetDependency section */
		830B1DFC1EFCC03E0022FCC7 /* PBXTargetDependency */ = {
			isa = PBXTargetDependency;
			target = 83F8821E1E711600008F644A /* SharedImages */;
			targetProxy = 830B1DFB1EFCC03E0022FCC7 /* PBXContainerItemProxy */;
		};
/* End PBXTargetDependency section */

/* Begin PBXVariantGroup section */
		83F8823E1E711FC6008F644A /* LaunchScreen.storyboard */ = {
			isa = PBXVariantGroup;
			children = (
				83F8823F1E711FC6008F644A /* Base */,
			);
			name = LaunchScreen.storyboard;
			sourceTree = "<group>";
		};
		83F882401E711FC6008F644A /* Main.storyboard */ = {
			isa = PBXVariantGroup;
			children = (
				83F882411E711FC6008F644A /* Base */,
			);
			name = Main.storyboard;
			sourceTree = "<group>";
		};
/* End PBXVariantGroup section */

/* Begin XCBuildConfiguration section */
		830B1DFE1EFCC03E0022FCC7 /* Debug */ = {
			isa = XCBuildConfiguration;
			baseConfigurationReference = B3A75F4AAE01ABAA5CEA09A0 /* Pods-SharedImagesTests.debug.xcconfig */;
			buildSettings = {
				BUNDLE_LOADER = "$(TEST_HOST)";
				CLANG_ANALYZER_NUMBER_OBJECT_CONVERSION = YES_AGGRESSIVE;
				DEVELOPMENT_TEAM = BH68R29JBE;
				INFOPLIST_FILE = SharedImagesTests/Info.plist;
				IPHONEOS_DEPLOYMENT_TARGET = 10.3;
				LD_RUNPATH_SEARCH_PATHS = "$(inherited) @executable_path/Frameworks @loader_path/Frameworks";
				PRODUCT_BUNDLE_IDENTIFIER = biz.SpasticMuffin.SharedImagesTests;
				PRODUCT_NAME = "$(TARGET_NAME)";
				SWIFT_SWIFT3_OBJC_INFERENCE = On;
				SWIFT_VERSION = 4.2;
				TEST_HOST = "$(BUILT_PRODUCTS_DIR)/SharedImages.app/SharedImages";
			};
			name = Debug;
		};
		830B1DFF1EFCC03E0022FCC7 /* Release */ = {
			isa = XCBuildConfiguration;
			baseConfigurationReference = AB86EA543F8CCCC9287144E0 /* Pods-SharedImagesTests.release.xcconfig */;
			buildSettings = {
				BUNDLE_LOADER = "$(TEST_HOST)";
				CLANG_ANALYZER_NUMBER_OBJECT_CONVERSION = YES_AGGRESSIVE;
				DEVELOPMENT_TEAM = BH68R29JBE;
				INFOPLIST_FILE = SharedImagesTests/Info.plist;
				IPHONEOS_DEPLOYMENT_TARGET = 10.3;
				LD_RUNPATH_SEARCH_PATHS = "$(inherited) @executable_path/Frameworks @loader_path/Frameworks";
				PRODUCT_BUNDLE_IDENTIFIER = biz.SpasticMuffin.SharedImagesTests;
				PRODUCT_NAME = "$(TARGET_NAME)";
				SWIFT_SWIFT3_OBJC_INFERENCE = On;
				SWIFT_VERSION = 4.2;
				TEST_HOST = "$(BUILT_PRODUCTS_DIR)/SharedImages.app/SharedImages";
			};
			name = Release;
		};
		83F882321E711600008F644A /* Debug */ = {
			isa = XCBuildConfiguration;
			buildSettings = {
				ALWAYS_SEARCH_USER_PATHS = NO;
				CLANG_ANALYZER_NONNULL = YES;
				CLANG_CXX_LANGUAGE_STANDARD = "gnu++0x";
				CLANG_CXX_LIBRARY = "libc++";
				CLANG_ENABLE_MODULES = YES;
				CLANG_ENABLE_OBJC_ARC = YES;
				CLANG_WARN_BLOCK_CAPTURE_AUTORELEASING = YES;
				CLANG_WARN_BOOL_CONVERSION = YES;
				CLANG_WARN_COMMA = YES;
				CLANG_WARN_CONSTANT_CONVERSION = YES;
				CLANG_WARN_DEPRECATED_OBJC_IMPLEMENTATIONS = YES;
				CLANG_WARN_DIRECT_OBJC_ISA_USAGE = YES_ERROR;
				CLANG_WARN_DOCUMENTATION_COMMENTS = YES;
				CLANG_WARN_EMPTY_BODY = YES;
				CLANG_WARN_ENUM_CONVERSION = YES;
				CLANG_WARN_INFINITE_RECURSION = YES;
				CLANG_WARN_INT_CONVERSION = YES;
				CLANG_WARN_NON_LITERAL_NULL_CONVERSION = YES;
				CLANG_WARN_OBJC_IMPLICIT_RETAIN_SELF = YES;
				CLANG_WARN_OBJC_LITERAL_CONVERSION = YES;
				CLANG_WARN_OBJC_ROOT_CLASS = YES_ERROR;
				CLANG_WARN_RANGE_LOOP_ANALYSIS = YES;
				CLANG_WARN_STRICT_PROTOTYPES = YES;
				CLANG_WARN_SUSPICIOUS_MOVE = YES;
				CLANG_WARN_UNREACHABLE_CODE = YES;
				CLANG_WARN__DUPLICATE_METHOD_MATCH = YES;
				"CODE_SIGN_IDENTITY[sdk=iphoneos*]" = "iPhone Developer";
				COPY_PHASE_STRIP = NO;
				DEBUG_INFORMATION_FORMAT = dwarf;
				ENABLE_STRICT_OBJC_MSGSEND = YES;
				ENABLE_TESTABILITY = YES;
				GCC_C_LANGUAGE_STANDARD = gnu99;
				GCC_DYNAMIC_NO_PIC = NO;
				GCC_NO_COMMON_BLOCKS = YES;
				GCC_OPTIMIZATION_LEVEL = 0;
				GCC_PREPROCESSOR_DEFINITIONS = (
					"DEBUG=1",
					"$(inherited)",
				);
				GCC_WARN_64_TO_32_BIT_CONVERSION = YES;
				GCC_WARN_ABOUT_RETURN_TYPE = YES_ERROR;
				GCC_WARN_UNDECLARED_SELECTOR = YES;
				GCC_WARN_UNINITIALIZED_AUTOS = YES_AGGRESSIVE;
				GCC_WARN_UNUSED_FUNCTION = YES;
				GCC_WARN_UNUSED_VARIABLE = YES;
				IPHONEOS_DEPLOYMENT_TARGET = 10.2;
				MTL_ENABLE_DEBUG_INFO = YES;
				ONLY_ACTIVE_ARCH = YES;
				SDKROOT = iphoneos;
				SWIFT_ACTIVE_COMPILATION_CONDITIONS = DEBUG;
				SWIFT_OPTIMIZATION_LEVEL = "-Onone";
				SWIFT_VERSION = 4.2;
				TARGETED_DEVICE_FAMILY = "1,2";
			};
			name = Debug;
		};
		83F882331E711600008F644A /* Release */ = {
			isa = XCBuildConfiguration;
			buildSettings = {
				ALWAYS_SEARCH_USER_PATHS = NO;
				CLANG_ANALYZER_NONNULL = YES;
				CLANG_CXX_LANGUAGE_STANDARD = "gnu++0x";
				CLANG_CXX_LIBRARY = "libc++";
				CLANG_ENABLE_MODULES = YES;
				CLANG_ENABLE_OBJC_ARC = YES;
				CLANG_WARN_BLOCK_CAPTURE_AUTORELEASING = YES;
				CLANG_WARN_BOOL_CONVERSION = YES;
				CLANG_WARN_COMMA = YES;
				CLANG_WARN_CONSTANT_CONVERSION = YES;
				CLANG_WARN_DEPRECATED_OBJC_IMPLEMENTATIONS = YES;
				CLANG_WARN_DIRECT_OBJC_ISA_USAGE = YES_ERROR;
				CLANG_WARN_DOCUMENTATION_COMMENTS = YES;
				CLANG_WARN_EMPTY_BODY = YES;
				CLANG_WARN_ENUM_CONVERSION = YES;
				CLANG_WARN_INFINITE_RECURSION = YES;
				CLANG_WARN_INT_CONVERSION = YES;
				CLANG_WARN_NON_LITERAL_NULL_CONVERSION = YES;
				CLANG_WARN_OBJC_IMPLICIT_RETAIN_SELF = YES;
				CLANG_WARN_OBJC_LITERAL_CONVERSION = YES;
				CLANG_WARN_OBJC_ROOT_CLASS = YES_ERROR;
				CLANG_WARN_RANGE_LOOP_ANALYSIS = YES;
				CLANG_WARN_STRICT_PROTOTYPES = YES;
				CLANG_WARN_SUSPICIOUS_MOVE = YES;
				CLANG_WARN_UNREACHABLE_CODE = YES;
				CLANG_WARN__DUPLICATE_METHOD_MATCH = YES;
				"CODE_SIGN_IDENTITY[sdk=iphoneos*]" = "iPhone Developer";
				COPY_PHASE_STRIP = NO;
				DEBUG_INFORMATION_FORMAT = "dwarf-with-dsym";
				ENABLE_NS_ASSERTIONS = NO;
				ENABLE_STRICT_OBJC_MSGSEND = YES;
				GCC_C_LANGUAGE_STANDARD = gnu99;
				GCC_NO_COMMON_BLOCKS = YES;
				GCC_WARN_64_TO_32_BIT_CONVERSION = YES;
				GCC_WARN_ABOUT_RETURN_TYPE = YES_ERROR;
				GCC_WARN_UNDECLARED_SELECTOR = YES;
				GCC_WARN_UNINITIALIZED_AUTOS = YES_AGGRESSIVE;
				GCC_WARN_UNUSED_FUNCTION = YES;
				GCC_WARN_UNUSED_VARIABLE = YES;
				IPHONEOS_DEPLOYMENT_TARGET = 10.2;
				MTL_ENABLE_DEBUG_INFO = NO;
				SDKROOT = iphoneos;
				SWIFT_OPTIMIZATION_LEVEL = "-Owholemodule";
				SWIFT_VERSION = 4.2;
				TARGETED_DEVICE_FAMILY = "1,2";
				VALIDATE_PRODUCT = YES;
			};
			name = Release;
		};
		83F882351E711600008F644A /* Debug */ = {
			isa = XCBuildConfiguration;
			baseConfigurationReference = C6274CDA252B1BF2F84D7D7D /* Pods-SharedImages.debug.xcconfig */;
			buildSettings = {
				ASSETCATALOG_COMPILER_APPICON_NAME = AppIcon;
				CODE_SIGN_ENTITLEMENTS = SharedImages.entitlements;
				CODE_SIGN_IDENTITY = "iPhone Developer";
				"CODE_SIGN_IDENTITY[sdk=iphoneos*]" = "iPhone Developer";
				CODE_SIGN_STYLE = Automatic;
				DEVELOPMENT_TEAM = "";
				INFOPLIST_FILE = "$(SRCROOT)/Resources/Info.plist";
				IPHONEOS_DEPLOYMENT_TARGET = 10.0;
				LD_RUNPATH_SEARCH_PATHS = "$(inherited) @executable_path/Frameworks";
				OTHER_SWIFT_FLAGS = "$(inherited) \"-D\" \"COCOAPODS\"";
				PRODUCT_BUNDLE_IDENTIFIER = biz.SpasticMuffin.SharedImages;
				PRODUCT_NAME = "$(TARGET_NAME)";
				PROVISIONING_PROFILE = "";
				PROVISIONING_PROFILE_SPECIFIER = "";
				SWIFT_OBJC_BRIDGING_HEADER = Code/BridgingHeader.h;
				SWIFT_SWIFT3_OBJC_INFERENCE = Default;
				SWIFT_VERSION = 4.2;
			};
			name = Debug;
		};
		83F882361E711600008F644A /* Release */ = {
			isa = XCBuildConfiguration;
			baseConfigurationReference = A1A9F2364274678096FAE708 /* Pods-SharedImages.release.xcconfig */;
			buildSettings = {
				ASSETCATALOG_COMPILER_APPICON_NAME = AppIcon;
				CODE_SIGN_ENTITLEMENTS = SharedImages.entitlements;
				CODE_SIGN_IDENTITY = "iPhone Developer";
				"CODE_SIGN_IDENTITY[sdk=iphoneos*]" = "iPhone Developer";
				CODE_SIGN_STYLE = Automatic;
				DEVELOPMENT_TEAM = "";
				INFOPLIST_FILE = "$(SRCROOT)/Resources/Info.plist";
				IPHONEOS_DEPLOYMENT_TARGET = 10.0;
				LD_RUNPATH_SEARCH_PATHS = "$(inherited) @executable_path/Frameworks";
				OTHER_SWIFT_FLAGS = "$(inherited) \"-D\" \"COCOAPODS\"";
				PRODUCT_BUNDLE_IDENTIFIER = biz.SpasticMuffin.SharedImages;
				PRODUCT_NAME = "$(TARGET_NAME)";
				PROVISIONING_PROFILE = "";
				PROVISIONING_PROFILE_SPECIFIER = "";
				SWIFT_OBJC_BRIDGING_HEADER = Code/BridgingHeader.h;
				SWIFT_SWIFT3_OBJC_INFERENCE = Default;
				SWIFT_VERSION = 4.2;
			};
			name = Release;
		};
/* End XCBuildConfiguration section */

/* Begin XCConfigurationList section */
		830B1DFD1EFCC03E0022FCC7 /* Build configuration list for PBXNativeTarget "SharedImagesTests" */ = {
			isa = XCConfigurationList;
			buildConfigurations = (
				830B1DFE1EFCC03E0022FCC7 /* Debug */,
				830B1DFF1EFCC03E0022FCC7 /* Release */,
			);
			defaultConfigurationIsVisible = 0;
			defaultConfigurationName = Release;
		};
		83F8821A1E711600008F644A /* Build configuration list for PBXProject "SharedImages" */ = {
			isa = XCConfigurationList;
			buildConfigurations = (
				83F882321E711600008F644A /* Debug */,
				83F882331E711600008F644A /* Release */,
			);
			defaultConfigurationIsVisible = 0;
			defaultConfigurationName = Release;
		};
		83F882341E711600008F644A /* Build configuration list for PBXNativeTarget "SharedImages" */ = {
			isa = XCConfigurationList;
			buildConfigurations = (
				83F882351E711600008F644A /* Debug */,
				83F882361E711600008F644A /* Release */,
			);
			defaultConfigurationIsVisible = 0;
			defaultConfigurationName = Release;
		};
/* End XCConfigurationList section */

/* Begin XCVersionGroup section */
		83F882431E711FC6008F644A /* SharedImages.xcdatamodeld */ = {
			isa = XCVersionGroup;
			children = (
				8373952A21A4AC090057E693 /* SharedImages7.xcdatamodel */,
				83DD1B8B215C88D10054932C /* SharedImages6.xcdatamodel */,
				83D7333B210D37D80077CB94 /* SharedImages5.xcdatamodel */,
				8389B1CB20A8FDF800B3D87A /* SharedImages4.xcdatamodel */,
				83C34074201D90E300DAD865 /* SharedImages3.xcdatamodel */,
				83DC0C2B1EE795FA00727EF2 /* SharedImages2.xcdatamodel */,
				83F882441E711FC6008F644A /* SharedImages.xcdatamodel */,
			);
			currentVersion = 8373952A21A4AC090057E693 /* SharedImages7.xcdatamodel */;
			name = SharedImages.xcdatamodeld;
			path = Resources/SharedImages.xcdatamodeld;
			sourceTree = "<group>";
			versionGroupType = wrapper.xcdatamodel;
		};
/* End XCVersionGroup section */
	};
	rootObject = 83F882171E711600008F644A /* Project object */;
}
